// !$*UTF8*$!
{
	archiveVersion = 1;
	classes = {
	};
	objectVersion = 46;
	objects = {

/* Begin PBXBuildFile section */
		5A04CEC317447A0E00AA3EE6 /* fullscreen.png in Resources */ = {isa = PBXBuildFile; fileRef = 5A04CEC217447A0E00AA3EE6 /* fullscreen.png */; };
		5A0A10B016A640A300CC70CD /* UIKit.framework in Frameworks */ = {isa = PBXBuildFile; fileRef = 5A0A10AF16A640A300CC70CD /* UIKit.framework */; };
		5A0A10B216A640A300CC70CD /* Foundation.framework in Frameworks */ = {isa = PBXBuildFile; fileRef = 5A0A10B116A640A300CC70CD /* Foundation.framework */; };
		5A0A10B416A640A300CC70CD /* CoreGraphics.framework in Frameworks */ = {isa = PBXBuildFile; fileRef = 5A0A10B316A640A300CC70CD /* CoreGraphics.framework */; };
		5A0A10BA16A640A300CC70CD /* InfoPlist.strings in Resources */ = {isa = PBXBuildFile; fileRef = 5A0A10B816A640A300CC70CD /* InfoPlist.strings */; };
		5A0A10BC16A640A300CC70CD /* main.m in Sources */ = {isa = PBXBuildFile; fileRef = 5A0A10BB16A640A300CC70CD /* main.m */; };
		5A0A10C016A640A300CC70CD /* AppDelegate.m in Sources */ = {isa = PBXBuildFile; fileRef = 5A0A10BF16A640A300CC70CD /* AppDelegate.m */; };
		5A0A10C916A640A300CC70CD /* MainStoryboard.storyboard in Resources */ = {isa = PBXBuildFile; fileRef = 5A0A10C716A640A300CC70CD /* MainStoryboard.storyboard */; };
		5A0A10D416A640A300CC70CD /* SenTestingKit.framework in Frameworks */ = {isa = PBXBuildFile; fileRef = 5A0A10D316A640A300CC70CD /* SenTestingKit.framework */; };
		5A0A10D516A640A300CC70CD /* UIKit.framework in Frameworks */ = {isa = PBXBuildFile; fileRef = 5A0A10AF16A640A300CC70CD /* UIKit.framework */; };
		5A0A10D616A640A300CC70CD /* Foundation.framework in Frameworks */ = {isa = PBXBuildFile; fileRef = 5A0A10B116A640A300CC70CD /* Foundation.framework */; };
		5A0A10DE16A640A300CC70CD /* InfoPlist.strings in Resources */ = {isa = PBXBuildFile; fileRef = 5A0A10DC16A640A300CC70CD /* InfoPlist.strings */; };
		5A0A10E116A640A300CC70CD /* The_Internet_Archive_CompanionTests.m in Sources */ = {isa = PBXBuildFile; fileRef = 5A0A10E016A640A300CC70CD /* The_Internet_Archive_CompanionTests.m */; };
		5A0D9A3017802F1F006D539C /* MainNavTableViewHeaderViewCell.m in Sources */ = {isa = PBXBuildFile; fileRef = 5A0D9A2F17802F1F006D539C /* MainNavTableViewHeaderViewCell.m */; };
		5A2350091780BC7C0050C9A2 /* ia-button-plain@2x.png in Resources */ = {isa = PBXBuildFile; fileRef = 5A2350081780BC7C0050C9A2 /* ia-button-plain@2x.png */; };
		5A23500D1780BDC50050C9A2 /* ia-button-plain.png in Resources */ = {isa = PBXBuildFile; fileRef = 5A23500C1780BDC50050C9A2 /* ia-button-plain.png */; };
		5A2350101780BE9D0050C9A2 /* search-button-plain@2x.png in Resources */ = {isa = PBXBuildFile; fileRef = 5A23500E1780BE9D0050C9A2 /* search-button-plain@2x.png */; };
		5A2350131780BEE30050C9A2 /* search-button-plain.png in Resources */ = {isa = PBXBuildFile; fileRef = 5A2350121780BEE30050C9A2 /* search-button-plain.png */; };
		5A23501A1780C27D0050C9A2 /* new-list.png in Resources */ = {isa = PBXBuildFile; fileRef = 5A2350181780C27D0050C9A2 /* new-list.png */; };
		5A23501B1780C27D0050C9A2 /* new-list@2x.png in Resources */ = {isa = PBXBuildFile; fileRef = 5A2350191780C27D0050C9A2 /* new-list@2x.png */; };
		5A23501E1780C44D0050C9A2 /* ItemContentViewController.m in Sources */ = {isa = PBXBuildFile; fileRef = 5A23501D1780C44D0050C9A2 /* ItemContentViewController.m */; };
		5A2350211780C47A0050C9A2 /* CollectionContentViewController.m in Sources */ = {isa = PBXBuildFile; fileRef = 5A2350201780C47A0050C9A2 /* CollectionContentViewController.m */; };
		5A2350241780DA8A0050C9A2 /* back-button.png in Resources */ = {isa = PBXBuildFile; fileRef = 5A2350221780DA8A0050C9A2 /* back-button.png */; };
		5A2350251780DA8A0050C9A2 /* back-button@2x.png in Resources */ = {isa = PBXBuildFile; fileRef = 5A2350231780DA8A0050C9A2 /* back-button@2x.png */; };
		5A23930716C3855400C3E107 /* ArchiveFile.m in Sources */ = {isa = PBXBuildFile; fileRef = 5A23930616C3855400C3E107 /* ArchiveFile.m */; };
		5A23930916C3A07500C3E107 /* MediaPlayer.framework in Frameworks */ = {isa = PBXBuildFile; fileRef = 5A23930816C3A07500C3E107 /* MediaPlayer.framework */; };
		5A31D4FA16C7B2A200710DE0 /* leftContentShadow.png in Resources */ = {isa = PBXBuildFile; fileRef = 5A31D4F816C7B2A200710DE0 /* leftContentShadow.png */; };
		5A31D4FB16C7B2A200710DE0 /* leftContentShadow@2x.png in Resources */ = {isa = PBXBuildFile; fileRef = 5A31D4F916C7B2A200710DE0 /* leftContentShadow@2x.png */; };
		5A31D4FE16C7B56E00710DE0 /* vertShadow.png in Resources */ = {isa = PBXBuildFile; fileRef = 5A31D4FC16C7B56E00710DE0 /* vertShadow.png */; };
		5A31D4FF16C7B56E00710DE0 /* vertShadow@2x.png in Resources */ = {isa = PBXBuildFile; fileRef = 5A31D4FD16C7B56E00710DE0 /* vertShadow@2x.png */; };
		5A5065361737024100D295E2 /* play-plainer.png in Resources */ = {isa = PBXBuildFile; fileRef = 5A5065351737024100D295E2 /* play-plainer.png */; };
		5A506538173704CE00D295E2 /* pause-plainer.png in Resources */ = {isa = PBXBuildFile; fileRef = 5A506537173704CE00D295E2 /* pause-plainer.png */; };
		5A5065471737139B00D295E2 /* fastforward.png in Resources */ = {isa = PBXBuildFile; fileRef = 5A5065451737139B00D295E2 /* fastforward.png */; };
		5A5065481737139B00D295E2 /* rewind.png in Resources */ = {isa = PBXBuildFile; fileRef = 5A5065461737139B00D295E2 /* rewind.png */; };
		5A51FA4A16E3C464004E5C44 /* MessageUI.framework in Frameworks */ = {isa = PBXBuildFile; fileRef = 5A51FA4916E3C464004E5C44 /* MessageUI.framework */; };
		5A51FA4D16E3C6C5004E5C44 /* email-icon.png in Resources */ = {isa = PBXBuildFile; fileRef = 5A51FA4B16E3C6C5004E5C44 /* email-icon.png */; };
		5A51FA4E16E3C6C5004E5C44 /* email-icon@2x.png in Resources */ = {isa = PBXBuildFile; fileRef = 5A51FA4C16E3C6C5004E5C44 /* email-icon@2x.png */; };
		5A756D84177FA35500E7F922 /* MainNavViewController.m in Sources */ = {isa = PBXBuildFile; fileRef = 5A756D83177FA35500E7F922 /* MainNavViewController.m */; };
		5A756D87177FA71600E7F922 /* MainNavTableViewCell.m in Sources */ = {isa = PBXBuildFile; fileRef = 5A756D86177FA71600E7F922 /* MainNavTableViewCell.m */; };
		5A756D8C177FAAC900E7F922 /* ArchiveCache.m in Sources */ = {isa = PBXBuildFile; fileRef = 5A756D8B177FAAC900E7F922 /* ArchiveCache.m */; };
		5A756D90177FAEDF00E7F922 /* ArchiveImage.m in Sources */ = {isa = PBXBuildFile; fileRef = 5A756D8F177FAEDF00E7F922 /* ArchiveImage.m */; };
		5A756D94177FAF9700E7F922 /* ArchiveFileDownload.m in Sources */ = {isa = PBXBuildFile; fileRef = 5A756D93177FAF9700E7F922 /* ArchiveFileDownload.m */; };
		5A756D97177FB14500E7F922 /* ArchiveFileDownloader.m in Sources */ = {isa = PBXBuildFile; fileRef = 5A756D96177FB14400E7F922 /* ArchiveFileDownloader.m */; };
		5A756D9B177FBF7B00E7F922 /* IADataService.m in Sources */ = {isa = PBXBuildFile; fileRef = 5A756D9A177FBF7B00E7F922 /* IADataService.m */; };
		5A756D9E177FC57F00E7F922 /* IAJsonDataService.m in Sources */ = {isa = PBXBuildFile; fileRef = 5A756D9D177FC57F00E7F922 /* IAJsonDataService.m */; };
		5A756DA1177FF0C600E7F922 /* ArchiveImageView.m in Sources */ = {isa = PBXBuildFile; fileRef = 5A756DA0177FF0C600E7F922 /* ArchiveImageView.m */; };
		5A756DA5177FFE2800E7F922 /* InitialViewController.m in Sources */ = {isa = PBXBuildFile; fileRef = 5A756DA4177FFE2800E7F922 /* InitialViewController.m */; };
		5A756DAD1780025C00E7F922 /* CentralViewController.m in Sources */ = {isa = PBXBuildFile; fileRef = 5A756DAC1780025C00E7F922 /* CentralViewController.m */; };
		5A756DB1178002A000E7F922 /* ContentViewController.m in Sources */ = {isa = PBXBuildFile; fileRef = 5A756DB0178002A000E7F922 /* ContentViewController.m */; };
		5A75EAE91731B83C007CEEA4 /* petabox.jpg in Resources */ = {isa = PBXBuildFile; fileRef = 5A75EAE71731B83C007CEEA4 /* petabox.jpg */; };
		5A7C05A217890CEA0044EC5B /* CollectionDataHandlerAndHeaderView.m in Sources */ = {isa = PBXBuildFile; fileRef = 5A7C05A117890CEA0044EC5B /* CollectionDataHandlerAndHeaderView.m */; };
		5A7C05A6178917410044EC5B /* CollectionViewTableCell.m in Sources */ = {isa = PBXBuildFile; fileRef = 5A7C05A5178917410044EC5B /* CollectionViewTableCell.m */; };
		5A8A195C16B5DDDA00F6A2E4 /* ArchiveSearchDoc.m in Sources */ = {isa = PBXBuildFile; fileRef = 5A8A195B16B5DDD900F6A2E4 /* ArchiveSearchDoc.m */; };
		5A8CA7E816D00D1800F97BF7 /* barIcon.png in Resources */ = {isa = PBXBuildFile; fileRef = 5A8CA7E716D00D1800F97BF7 /* barIcon.png */; };
		5A8CA7EB16D0365000F97BF7 /* share-bbi.png in Resources */ = {isa = PBXBuildFile; fileRef = 5A8CA7E916D0365000F97BF7 /* share-bbi.png */; };
		5A8CA7EC16D0365000F97BF7 /* share-bbi@2x.png in Resources */ = {isa = PBXBuildFile; fileRef = 5A8CA7EA16D0365000F97BF7 /* share-bbi@2x.png */; };
		5A8CA7F416D0423600F97BF7 /* W-share-FB.png in Resources */ = {isa = PBXBuildFile; fileRef = 5A8CA7F016D0423600F97BF7 /* W-share-FB.png */; };
		5A8CA7F516D0423600F97BF7 /* W-share-FB@2x.png in Resources */ = {isa = PBXBuildFile; fileRef = 5A8CA7F116D0423600F97BF7 /* W-share-FB@2x.png */; };
		5A8CA7F616D0423600F97BF7 /* W-share-twitter.png in Resources */ = {isa = PBXBuildFile; fileRef = 5A8CA7F216D0423600F97BF7 /* W-share-twitter.png */; };
		5A8CA7F716D0423600F97BF7 /* W-share-twitter@2x.png in Resources */ = {isa = PBXBuildFile; fileRef = 5A8CA7F316D0423600F97BF7 /* W-share-twitter@2x.png */; };
		5A8CA7FC16D051EF00F97BF7 /* Social.framework in Frameworks */ = {isa = PBXBuildFile; fileRef = 5A8CA7FB16D051EF00F97BF7 /* Social.framework */; };
		5A9003161735B507000C6304 /* IA.xcdatamodeld in Sources */ = {isa = PBXBuildFile; fileRef = 5A9003141735B507000C6304 /* IA.xcdatamodeld */; };
		5A9003191735B6E3000C6304 /* PlayerFile.m in Sources */ = {isa = PBXBuildFile; fileRef = 5A9003181735B6E3000C6304 /* PlayerFile.m */; };
		5A90031B1735B9DF000C6304 /* CoreData.framework in Frameworks */ = {isa = PBXBuildFile; fileRef = 5A90031A1735B9DF000C6304 /* CoreData.framework */; };
		5A9003B91735C9A3000C6304 /* IA.xcdatamodeld in Resources */ = {isa = PBXBuildFile; fileRef = 5A9003141735B507000C6304 /* IA.xcdatamodeld */; };
		5A942D4616D5F545001CB01B /* MainStoryboard-iPhone.storyboard in Resources */ = {isa = PBXBuildFile; fileRef = 5A942D4516D5F545001CB01B /* MainStoryboard-iPhone.storyboard */; };
		5A990BA716B9F2E500B4C058 /* QuartzCore.framework in Frameworks */ = {isa = PBXBuildFile; fileRef = 5A990BA616B9F2E500B4C058 /* QuartzCore.framework */; };
		5AAEE97C174F226400A64A18 /* thumbs-up.png in Resources */ = {isa = PBXBuildFile; fileRef = 5AAEE97B174F226400A64A18 /* thumbs-up.png */; };
		5AAEE97E174F22D800A64A18 /* mostdownloaded-button.png in Resources */ = {isa = PBXBuildFile; fileRef = 5AAEE97D174F22D800A64A18 /* mostdownloaded-button.png */; };
		5AAEE980174F255A00A64A18 /* bylatest-button.png in Resources */ = {isa = PBXBuildFile; fileRef = 5AAEE97F174F255A00A64A18 /* bylatest-button.png */; };
		5AC008A317371B33002571CB /* next.png in Resources */ = {isa = PBXBuildFile; fileRef = 5AC008A117371B33002571CB /* next.png */; };
		5AC008A417371B33002571CB /* previous.png in Resources */ = {isa = PBXBuildFile; fileRef = 5AC008A217371B33002571CB /* previous.png */; };
		5AC008A617371D0D002571CB /* upup.png in Resources */ = {isa = PBXBuildFile; fileRef = 5AC008A517371D0D002571CB /* upup.png */; };
		5AC008AC173760CE002571CB /* addall.png in Resources */ = {isa = PBXBuildFile; fileRef = 5AC008AB173760CE002571CB /* addall.png */; };
		5AD16C65178E307F00B7E58C /* ArchiveLoadingView.m in Sources */ = {isa = PBXBuildFile; fileRef = 5AD16C64178E307F00B7E58C /* ArchiveLoadingView.m */; };
		5ADAB7F116C76F5400DBC072 /* audio.gif in Resources */ = {isa = PBXBuildFile; fileRef = 5ADAB7EE16C76F5400DBC072 /* audio.gif */; };
		5ADAB7F216C76F5400DBC072 /* movies.gif in Resources */ = {isa = PBXBuildFile; fileRef = 5ADAB7EF16C76F5400DBC072 /* movies.gif */; };
		5ADAB7F316C76F5400DBC072 /* texts.gif in Resources */ = {isa = PBXBuildFile; fileRef = 5ADAB7F016C76F5400DBC072 /* texts.gif */; };
		5AE16FB116E2BF5800029E3E /* Jackson_Pollock.jpg in Resources */ = {isa = PBXBuildFile; fileRef = 5AE16FB016E2BF5800029E3E /* Jackson_Pollock.jpg */; };
		5AE16FB316E2CF2E00029E3E /* TVScanLines.jpg in Resources */ = {isa = PBXBuildFile; fileRef = 5AE16FB216E2CF2E00029E3E /* TVScanLines.jpg */; };
		5AED60EB1745F6BC009320E0 /* favorites-tab.png in Resources */ = {isa = PBXBuildFile; fileRef = 5AED60E91745F6BC009320E0 /* favorites-tab.png */; };
		5AED60EE174600BB009320E0 /* close-btn.png in Resources */ = {isa = PBXBuildFile; fileRef = 5AED60ED174600BB009320E0 /* close-btn.png */; };
		5AED60F01746125F009320E0 /* close-tab.png in Resources */ = {isa = PBXBuildFile; fileRef = 5AED60EF1746125F009320E0 /* close-tab.png */; };
		5AF2310616D7551800262B09 /* Icon-57.png in Resources */ = {isa = PBXBuildFile; fileRef = 5AF2310516D7551800262B09 /* Icon-57.png */; };
		5AF2310816D7552300262B09 /* Icon-57@2x.png in Resources */ = {isa = PBXBuildFile; fileRef = 5AF2310716D7552300262B09 /* Icon-57@2x.png */; };
		5AF2310A16D756BC00262B09 /* Default.png in Resources */ = {isa = PBXBuildFile; fileRef = 5AF2310916D756BC00262B09 /* Default.png */; };
		5AF2310C16D756C500262B09 /* Default@2x.png in Resources */ = {isa = PBXBuildFile; fileRef = 5AF2310B16D756C500262B09 /* Default@2x.png */; };
		5AF2311016D758F900262B09 /* Default-568h@2x.png in Resources */ = {isa = PBXBuildFile; fileRef = 5AF2310F16D758F900262B09 /* Default-568h@2x.png */; };
		5AFB0EBC1748365100FAE78B /* collection-button.png in Resources */ = {isa = PBXBuildFile; fileRef = 5AFB0EBB1748365100FAE78B /* collection-button.png */; };
		5AFB0EC217483AB800FAE78B /* collection-banner.png in Resources */ = {isa = PBXBuildFile; fileRef = 5AFB0EC117483AB800FAE78B /* collection-banner.png */; };
		5AFB0EC4174950CD00FAE78B /* left-arrow.png in Resources */ = {isa = PBXBuildFile; fileRef = 5AFB0EC3174950CD00FAE78B /* left-arrow.png */; };
		5AFB0EC6174955AB00FAE78B /* musicplayer-tab.png in Resources */ = {isa = PBXBuildFile; fileRef = 5AFB0EC5174955AB00FAE78B /* musicplayer-tab.png */; };
		5AFB0EC81749578600FAE78B /* speaker-button.png in Resources */ = {isa = PBXBuildFile; fileRef = 5AFB0EC71749578600FAE78B /* speaker-button.png */; };
		5AFB0ECA1749621600FAE78B /* section-cell-background.png in Resources */ = {isa = PBXBuildFile; fileRef = 5AFB0EC91749621600FAE78B /* section-cell-background.png */; };
		5AFB0ECC1749644B00FAE78B /* plain-cell-background.png in Resources */ = {isa = PBXBuildFile; fileRef = 5AFB0ECB1749644A00FAE78B /* plain-cell-background.png */; };
		5AFB0ECE17496E9C00FAE78B /* search-button.png in Resources */ = {isa = PBXBuildFile; fileRef = 5AFB0ECD17496E9C00FAE78B /* search-button.png */; };
		5AFB0ED01749746100FAE78B /* ia-button.png in Resources */ = {isa = PBXBuildFile; fileRef = 5AFB0ECF1749746100FAE78B /* ia-button.png */; };
		CE1F81F016EAB11E009739F2 /* bar.png in Resources */ = {isa = PBXBuildFile; fileRef = CE1F81EF16EAB11E009739F2 /* bar.png */; };
		CE204B5C1746AAB100AD6066 /* player-tab-iphone.png in Resources */ = {isa = PBXBuildFile; fileRef = CE204B5B1746AAB100AD6066 /* player-tab-iphone.png */; };
		CE204B641746B3B200AD6066 /* mediabar.png in Resources */ = {isa = PBXBuildFile; fileRef = CE204B631746B3B200AD6066 /* mediabar.png */; };
		CE204B6D1746C82100AD6066 /* favorites-icon.png in Resources */ = {isa = PBXBuildFile; fileRef = CE204B6C1746C82100AD6066 /* favorites-icon.png */; };
		CE3019CE16C5729E00733B99 /* StringUtils.m in Sources */ = {isa = PBXBuildFile; fileRef = CE3019CD16C5729E00733B99 /* StringUtils.m */; };
		CE3019D316C5937A00733B99 /* Default-Landscape@2x~ipad.png in Resources */ = {isa = PBXBuildFile; fileRef = CE3019CF16C5937A00733B99 /* Default-Landscape@2x~ipad.png */; };
		CE3019D416C5937A00733B99 /* Default-Landscape~ipad.png in Resources */ = {isa = PBXBuildFile; fileRef = CE3019D016C5937A00733B99 /* Default-Landscape~ipad.png */; };
		CE3019D516C5937A00733B99 /* Default-Portrait@2x~ipad.png in Resources */ = {isa = PBXBuildFile; fileRef = CE3019D116C5937A00733B99 /* Default-Portrait@2x~ipad.png */; };
		CE3019D616C5937A00733B99 /* Default-Portrait~ipad.png in Resources */ = {isa = PBXBuildFile; fileRef = CE3019D216C5937A00733B99 /* Default-Portrait~ipad.png */; };
		CE3019D916C5953100733B99 /* Icon-72.png in Resources */ = {isa = PBXBuildFile; fileRef = CE3019D716C5953100733B99 /* Icon-72.png */; };
		CE3019DA16C5953100733B99 /* Icon-72@2x.png in Resources */ = {isa = PBXBuildFile; fileRef = CE3019D816C5953100733B99 /* Icon-72@2x.png */; };
		CE3019DC16C5963000733B99 /* Icon.png in Resources */ = {isa = PBXBuildFile; fileRef = CE3019DB16C5963000733B99 /* Icon.png */; };
		CE3FFD0D17943D8300709F5F /* MediaFileCell.m in Sources */ = {isa = PBXBuildFile; fileRef = CE3FFD0C17943D8300709F5F /* MediaFileCell.m */; };
		CE3FFD10179440D200709F5F /* MediaFileHeaderCell.m in Sources */ = {isa = PBXBuildFile; fileRef = CE3FFD0F179440D200709F5F /* MediaFileHeaderCell.m */; };
		CE3FFD1417944FAB00709F5F /* MediaPlayerViewController.m in Sources */ = {isa = PBXBuildFile; fileRef = CE3FFD1317944FAB00709F5F /* MediaPlayerViewController.m */; };
		CE6FFE2F17933EE0002A292B /* MetaDataTable.m in Sources */ = {isa = PBXBuildFile; fileRef = CE6FFE2E17933EE0002A292B /* MetaDataTable.m */; };
		CE6FFE32179345D6002A292B /* MetaCell.m in Sources */ = {isa = PBXBuildFile; fileRef = CE6FFE31179345D6002A292B /* MetaCell.m */; };
		CE752A2816C1799400A432AB /* uiglassbutton-template.png in Resources */ = {isa = PBXBuildFile; fileRef = CE752A2716C1799400A432AB /* uiglassbutton-template.png */; };
		CE89EFF51795927300E05EE3 /* player-button.png in Resources */ = {isa = PBXBuildFile; fileRef = CE89EFF31795927300E05EE3 /* player-button.png */; };
		CE89EFF61795927300E05EE3 /* player-button@2x.png in Resources */ = {isa = PBXBuildFile; fileRef = CE89EFF41795927300E05EE3 /* player-button@2x.png */; };
		CE89EFF9179595C200E05EE3 /* toolbar.png in Resources */ = {isa = PBXBuildFile; fileRef = CE89EFF7179595C200E05EE3 /* toolbar.png */; };
		CE89EFFA179595C200E05EE3 /* toolbar@2x.png in Resources */ = {isa = PBXBuildFile; fileRef = CE89EFF8179595C200E05EE3 /* toolbar@2x.png */; };
		CE89F0051795A21500E05EE3 /* close-button.png in Resources */ = {isa = PBXBuildFile; fileRef = CE89F0031795A21500E05EE3 /* close-button.png */; };
		CE89F0061795A21500E05EE3 /* close-button@2x.png in Resources */ = {isa = PBXBuildFile; fileRef = CE89F0041795A21500E05EE3 /* close-button@2x.png */; };
		CEAE1A1217927FA10027AC5C /* x-done.png in Resources */ = {isa = PBXBuildFile; fileRef = CEAE1A1017927FA10027AC5C /* x-done.png */; };
		CEAE1A1317927FA10027AC5C /* x-done@2x.png in Resources */ = {isa = PBXBuildFile; fileRef = CEAE1A1117927FA10027AC5C /* x-done@2x.png */; };
		CEBA014016CEEFCE0038625F /* vertShadowBottom.png in Resources */ = {isa = PBXBuildFile; fileRef = CEBA013E16CEEFCE0038625F /* vertShadowBottom.png */; };
		CEBA014116CEEFCE0038625F /* vertShadowBottom@2x.png in Resources */ = {isa = PBXBuildFile; fileRef = CEBA013F16CEEFCE0038625F /* vertShadowBottom@2x.png */; };
		CEBA014316CEF6B30038625F /* AVFoundation.framework in Frameworks */ = {isa = PBXBuildFile; fileRef = CEBA014216CEF6B30038625F /* AVFoundation.framework */; };
		CEBA014716CEFFB60038625F /* AudioToolbox.framework in Frameworks */ = {isa = PBXBuildFile; fileRef = CEBA014616CEFFB60038625F /* AudioToolbox.framework */; };
		CEE4AC4F1795C7C800FAE34F /* ArchiveCollectionViewControllerHelper.m in Sources */ = {isa = PBXBuildFile; fileRef = CEE4AC4E1795C7C800FAE34F /* ArchiveCollectionViewControllerHelper.m */; };
		CEE4AC5A1795E48100FAE34F /* play-button.png in Resources */ = {isa = PBXBuildFile; fileRef = CEE4AC581795E48100FAE34F /* play-button.png */; };
		CEE4AC5B1795E48100FAE34F /* play-button@2x.png in Resources */ = {isa = PBXBuildFile; fileRef = CEE4AC591795E48100FAE34F /* play-button@2x.png */; };
		CEE4AC621795E6EA00FAE34F /* forward-button.png in Resources */ = {isa = PBXBuildFile; fileRef = CEE4AC5C1795E6EA00FAE34F /* forward-button.png */; };
		CEE4AC631795E6EA00FAE34F /* forward-button@2x.png in Resources */ = {isa = PBXBuildFile; fileRef = CEE4AC5D1795E6EA00FAE34F /* forward-button@2x.png */; };
		CEE4AC641795E6EA00FAE34F /* pause-button.png in Resources */ = {isa = PBXBuildFile; fileRef = CEE4AC5E1795E6EA00FAE34F /* pause-button.png */; };
		CEE4AC651795E6EA00FAE34F /* pause-button@2x.png in Resources */ = {isa = PBXBuildFile; fileRef = CEE4AC5F1795E6EA00FAE34F /* pause-button@2x.png */; };
		CEE4AC661795E6EA00FAE34F /* reverse-button.png in Resources */ = {isa = PBXBuildFile; fileRef = CEE4AC601795E6EA00FAE34F /* reverse-button.png */; };
		CEE4AC671795E6EA00FAE34F /* reverse-button@2x.png in Resources */ = {isa = PBXBuildFile; fileRef = CEE4AC611795E6EA00FAE34F /* reverse-button@2x.png */; };
		CEEA730D16DD30C80092FA84 /* list.png in Resources */ = {isa = PBXBuildFile; fileRef = CEEA730C16DD30C80092FA84 /* list.png */; };
		CEEA731316DD53A40092FA84 /* rightContentShadow.png in Resources */ = {isa = PBXBuildFile; fileRef = CEEA731116DD53A40092FA84 /* rightContentShadow.png */; };
		CEEA731416DD53A40092FA84 /* rightContentShadow@2x.png in Resources */ = {isa = PBXBuildFile; fileRef = CEEA731216DD53A40092FA84 /* rightContentShadow@2x.png */; };
		CEEF55D3178F6A2F0085E0CF /* PopUpView.m in Sources */ = {isa = PBXBuildFile; fileRef = CEEF55D2178F6A2F0085E0CF /* PopUpView.m */; };
/* End PBXBuildFile section */

/* Begin PBXContainerItemProxy section */
		5A0A10D716A640A300CC70CD /* PBXContainerItemProxy */ = {
			isa = PBXContainerItemProxy;
			containerPortal = 5A0A10A216A640A300CC70CD /* Project object */;
			proxyType = 1;
			remoteGlobalIDString = 5A0A10AA16A640A300CC70CD;
			remoteInfo = "The Internet Archive Companion";
		};
/* End PBXContainerItemProxy section */

/* Begin PBXFileReference section */
		5A04CEC217447A0E00AA3EE6 /* fullscreen.png */ = {isa = PBXFileReference; lastKnownFileType = image.png; path = fullscreen.png; sourceTree = "<group>"; };
		5A0A10AB16A640A300CC70CD /* IA.app */ = {isa = PBXFileReference; explicitFileType = wrapper.application; includeInIndex = 0; path = IA.app; sourceTree = BUILT_PRODUCTS_DIR; };
		5A0A10AF16A640A300CC70CD /* UIKit.framework */ = {isa = PBXFileReference; lastKnownFileType = wrapper.framework; name = UIKit.framework; path = System/Library/Frameworks/UIKit.framework; sourceTree = SDKROOT; };
		5A0A10B116A640A300CC70CD /* Foundation.framework */ = {isa = PBXFileReference; lastKnownFileType = wrapper.framework; name = Foundation.framework; path = System/Library/Frameworks/Foundation.framework; sourceTree = SDKROOT; };
		5A0A10B316A640A300CC70CD /* CoreGraphics.framework */ = {isa = PBXFileReference; lastKnownFileType = wrapper.framework; name = CoreGraphics.framework; path = System/Library/Frameworks/CoreGraphics.framework; sourceTree = SDKROOT; };
		5A0A10B716A640A300CC70CD /* IA-Info.plist */ = {isa = PBXFileReference; lastKnownFileType = text.plist.xml; path = "IA-Info.plist"; sourceTree = "<group>"; };
		5A0A10B916A640A300CC70CD /* en */ = {isa = PBXFileReference; lastKnownFileType = text.plist.strings; name = en; path = en.lproj/InfoPlist.strings; sourceTree = "<group>"; };
		5A0A10BB16A640A300CC70CD /* main.m */ = {isa = PBXFileReference; lastKnownFileType = sourcecode.c.objc; path = main.m; sourceTree = "<group>"; };
		5A0A10BD16A640A300CC70CD /* IA-Prefix.pch */ = {isa = PBXFileReference; lastKnownFileType = sourcecode.c.h; path = "IA-Prefix.pch"; sourceTree = "<group>"; };
		5A0A10BE16A640A300CC70CD /* AppDelegate.h */ = {isa = PBXFileReference; lastKnownFileType = sourcecode.c.h; path = AppDelegate.h; sourceTree = "<group>"; };
		5A0A10BF16A640A300CC70CD /* AppDelegate.m */ = {isa = PBXFileReference; lastKnownFileType = sourcecode.c.objc; path = AppDelegate.m; sourceTree = "<group>"; };
		5A0A10C816A640A300CC70CD /* en */ = {isa = PBXFileReference; lastKnownFileType = file.storyboard; name = en; path = en.lproj/MainStoryboard.storyboard; sourceTree = "<group>"; };
		5A0A10D216A640A300CC70CD /* IATests.octest */ = {isa = PBXFileReference; explicitFileType = wrapper.cfbundle; includeInIndex = 0; path = IATests.octest; sourceTree = BUILT_PRODUCTS_DIR; };
		5A0A10D316A640A300CC70CD /* SenTestingKit.framework */ = {isa = PBXFileReference; lastKnownFileType = wrapper.framework; name = SenTestingKit.framework; path = Library/Frameworks/SenTestingKit.framework; sourceTree = DEVELOPER_DIR; };
		5A0A10DB16A640A300CC70CD /* IATests-Info.plist */ = {isa = PBXFileReference; lastKnownFileType = text.plist.xml; path = "IATests-Info.plist"; sourceTree = "<group>"; };
		5A0A10DD16A640A300CC70CD /* en */ = {isa = PBXFileReference; lastKnownFileType = text.plist.strings; name = en; path = en.lproj/InfoPlist.strings; sourceTree = "<group>"; };
		5A0A10DF16A640A300CC70CD /* The_Internet_Archive_CompanionTests.h */ = {isa = PBXFileReference; lastKnownFileType = sourcecode.c.h; path = The_Internet_Archive_CompanionTests.h; sourceTree = "<group>"; };
		5A0A10E016A640A300CC70CD /* The_Internet_Archive_CompanionTests.m */ = {isa = PBXFileReference; lastKnownFileType = sourcecode.c.objc; path = The_Internet_Archive_CompanionTests.m; sourceTree = "<group>"; };
		5A0D9A2E17802F1F006D539C /* MainNavTableViewHeaderViewCell.h */ = {isa = PBXFileReference; fileEncoding = 4; lastKnownFileType = sourcecode.c.h; path = MainNavTableViewHeaderViewCell.h; sourceTree = "<group>"; };
		5A0D9A2F17802F1F006D539C /* MainNavTableViewHeaderViewCell.m */ = {isa = PBXFileReference; fileEncoding = 4; lastKnownFileType = sourcecode.c.objc; path = MainNavTableViewHeaderViewCell.m; sourceTree = "<group>"; };
		5A2350081780BC7C0050C9A2 /* ia-button-plain@2x.png */ = {isa = PBXFileReference; lastKnownFileType = image.png; path = "ia-button-plain@2x.png"; sourceTree = "<group>"; };
		5A23500C1780BDC50050C9A2 /* ia-button-plain.png */ = {isa = PBXFileReference; lastKnownFileType = image.png; path = "ia-button-plain.png"; sourceTree = "<group>"; };
		5A23500E1780BE9D0050C9A2 /* search-button-plain@2x.png */ = {isa = PBXFileReference; lastKnownFileType = image.png; path = "search-button-plain@2x.png"; sourceTree = "<group>"; };
		5A2350121780BEE30050C9A2 /* search-button-plain.png */ = {isa = PBXFileReference; lastKnownFileType = image.png; path = "search-button-plain.png"; sourceTree = "<group>"; };
		5A2350181780C27D0050C9A2 /* new-list.png */ = {isa = PBXFileReference; lastKnownFileType = image.png; path = "new-list.png"; sourceTree = "<group>"; };
		5A2350191780C27D0050C9A2 /* new-list@2x.png */ = {isa = PBXFileReference; lastKnownFileType = image.png; path = "new-list@2x.png"; sourceTree = "<group>"; };
		5A23501C1780C44D0050C9A2 /* ItemContentViewController.h */ = {isa = PBXFileReference; fileEncoding = 4; lastKnownFileType = sourcecode.c.h; path = ItemContentViewController.h; sourceTree = "<group>"; };
		5A23501D1780C44D0050C9A2 /* ItemContentViewController.m */ = {isa = PBXFileReference; fileEncoding = 4; lastKnownFileType = sourcecode.c.objc; path = ItemContentViewController.m; sourceTree = "<group>"; };
		5A23501F1780C47A0050C9A2 /* CollectionContentViewController.h */ = {isa = PBXFileReference; fileEncoding = 4; lastKnownFileType = sourcecode.c.h; path = CollectionContentViewController.h; sourceTree = "<group>"; };
		5A2350201780C47A0050C9A2 /* CollectionContentViewController.m */ = {isa = PBXFileReference; fileEncoding = 4; lastKnownFileType = sourcecode.c.objc; path = CollectionContentViewController.m; sourceTree = "<group>"; };
		5A2350221780DA8A0050C9A2 /* back-button.png */ = {isa = PBXFileReference; lastKnownFileType = image.png; path = "back-button.png"; sourceTree = "<group>"; };
		5A2350231780DA8A0050C9A2 /* back-button@2x.png */ = {isa = PBXFileReference; lastKnownFileType = image.png; path = "back-button@2x.png"; sourceTree = "<group>"; };
		5A23930516C3855400C3E107 /* ArchiveFile.h */ = {isa = PBXFileReference; fileEncoding = 4; lastKnownFileType = sourcecode.c.h; path = ArchiveFile.h; sourceTree = "<group>"; };
		5A23930616C3855400C3E107 /* ArchiveFile.m */ = {isa = PBXFileReference; fileEncoding = 4; lastKnownFileType = sourcecode.c.objc; path = ArchiveFile.m; sourceTree = "<group>"; };
		5A23930816C3A07500C3E107 /* MediaPlayer.framework */ = {isa = PBXFileReference; lastKnownFileType = wrapper.framework; name = MediaPlayer.framework; path = System/Library/Frameworks/MediaPlayer.framework; sourceTree = SDKROOT; };
		5A31D4F816C7B2A200710DE0 /* leftContentShadow.png */ = {isa = PBXFileReference; lastKnownFileType = image.png; path = leftContentShadow.png; sourceTree = "<group>"; };
		5A31D4F916C7B2A200710DE0 /* leftContentShadow@2x.png */ = {isa = PBXFileReference; lastKnownFileType = image.png; path = "leftContentShadow@2x.png"; sourceTree = "<group>"; };
		5A31D4FC16C7B56E00710DE0 /* vertShadow.png */ = {isa = PBXFileReference; lastKnownFileType = image.png; path = vertShadow.png; sourceTree = "<group>"; };
		5A31D4FD16C7B56E00710DE0 /* vertShadow@2x.png */ = {isa = PBXFileReference; lastKnownFileType = image.png; path = "vertShadow@2x.png"; sourceTree = "<group>"; };
		5A5065351737024100D295E2 /* play-plainer.png */ = {isa = PBXFileReference; lastKnownFileType = image.png; path = "play-plainer.png"; sourceTree = "<group>"; };
		5A506537173704CE00D295E2 /* pause-plainer.png */ = {isa = PBXFileReference; lastKnownFileType = image.png; path = "pause-plainer.png"; sourceTree = "<group>"; };
		5A5065451737139B00D295E2 /* fastforward.png */ = {isa = PBXFileReference; lastKnownFileType = image.png; path = fastforward.png; sourceTree = "<group>"; };
		5A5065461737139B00D295E2 /* rewind.png */ = {isa = PBXFileReference; lastKnownFileType = image.png; path = rewind.png; sourceTree = "<group>"; };
		5A51FA4916E3C464004E5C44 /* MessageUI.framework */ = {isa = PBXFileReference; lastKnownFileType = wrapper.framework; name = MessageUI.framework; path = System/Library/Frameworks/MessageUI.framework; sourceTree = SDKROOT; };
		5A51FA4B16E3C6C5004E5C44 /* email-icon.png */ = {isa = PBXFileReference; lastKnownFileType = image.png; path = "email-icon.png"; sourceTree = "<group>"; };
		5A51FA4C16E3C6C5004E5C44 /* email-icon@2x.png */ = {isa = PBXFileReference; lastKnownFileType = image.png; path = "email-icon@2x.png"; sourceTree = "<group>"; };
		5A756D82177FA35500E7F922 /* MainNavViewController.h */ = {isa = PBXFileReference; fileEncoding = 4; lastKnownFileType = sourcecode.c.h; path = MainNavViewController.h; sourceTree = "<group>"; };
		5A756D83177FA35500E7F922 /* MainNavViewController.m */ = {isa = PBXFileReference; fileEncoding = 4; lastKnownFileType = sourcecode.c.objc; path = MainNavViewController.m; sourceTree = "<group>"; };
		5A756D85177FA71600E7F922 /* MainNavTableViewCell.h */ = {isa = PBXFileReference; fileEncoding = 4; lastKnownFileType = sourcecode.c.h; path = MainNavTableViewCell.h; sourceTree = "<group>"; };
		5A756D86177FA71600E7F922 /* MainNavTableViewCell.m */ = {isa = PBXFileReference; fileEncoding = 4; lastKnownFileType = sourcecode.c.objc; path = MainNavTableViewCell.m; sourceTree = "<group>"; };
		5A756D8A177FAAC900E7F922 /* ArchiveCache.h */ = {isa = PBXFileReference; fileEncoding = 4; lastKnownFileType = sourcecode.c.h; path = ArchiveCache.h; sourceTree = "<group>"; };
		5A756D8B177FAAC900E7F922 /* ArchiveCache.m */ = {isa = PBXFileReference; fileEncoding = 4; lastKnownFileType = sourcecode.c.objc; path = ArchiveCache.m; sourceTree = "<group>"; };
		5A756D8E177FAEDF00E7F922 /* ArchiveImage.h */ = {isa = PBXFileReference; fileEncoding = 4; lastKnownFileType = sourcecode.c.h; path = ArchiveImage.h; sourceTree = "<group>"; };
		5A756D8F177FAEDF00E7F922 /* ArchiveImage.m */ = {isa = PBXFileReference; fileEncoding = 4; lastKnownFileType = sourcecode.c.objc; path = ArchiveImage.m; sourceTree = "<group>"; };
		5A756D92177FAF9700E7F922 /* ArchiveFileDownload.h */ = {isa = PBXFileReference; fileEncoding = 4; lastKnownFileType = sourcecode.c.h; path = ArchiveFileDownload.h; sourceTree = "<group>"; };
		5A756D93177FAF9700E7F922 /* ArchiveFileDownload.m */ = {isa = PBXFileReference; fileEncoding = 4; lastKnownFileType = sourcecode.c.objc; path = ArchiveFileDownload.m; sourceTree = "<group>"; };
		5A756D95177FB14400E7F922 /* ArchiveFileDownloader.h */ = {isa = PBXFileReference; fileEncoding = 4; lastKnownFileType = sourcecode.c.h; path = ArchiveFileDownloader.h; sourceTree = "<group>"; };
		5A756D96177FB14400E7F922 /* ArchiveFileDownloader.m */ = {isa = PBXFileReference; fileEncoding = 4; lastKnownFileType = sourcecode.c.objc; path = ArchiveFileDownloader.m; sourceTree = "<group>"; };
		5A756D99177FBF7B00E7F922 /* IADataService.h */ = {isa = PBXFileReference; fileEncoding = 4; lastKnownFileType = sourcecode.c.h; path = IADataService.h; sourceTree = "<group>"; };
		5A756D9A177FBF7B00E7F922 /* IADataService.m */ = {isa = PBXFileReference; fileEncoding = 4; lastKnownFileType = sourcecode.c.objc; path = IADataService.m; sourceTree = "<group>"; };
		5A756D9C177FC57E00E7F922 /* IAJsonDataService.h */ = {isa = PBXFileReference; fileEncoding = 4; lastKnownFileType = sourcecode.c.h; path = IAJsonDataService.h; sourceTree = "<group>"; };
		5A756D9D177FC57F00E7F922 /* IAJsonDataService.m */ = {isa = PBXFileReference; fileEncoding = 4; lastKnownFileType = sourcecode.c.objc; path = IAJsonDataService.m; sourceTree = "<group>"; };
		5A756D9F177FF0C600E7F922 /* ArchiveImageView.h */ = {isa = PBXFileReference; fileEncoding = 4; lastKnownFileType = sourcecode.c.h; path = ArchiveImageView.h; sourceTree = "<group>"; };
		5A756DA0177FF0C600E7F922 /* ArchiveImageView.m */ = {isa = PBXFileReference; fileEncoding = 4; lastKnownFileType = sourcecode.c.objc; path = ArchiveImageView.m; sourceTree = "<group>"; };
		5A756DA3177FFE2800E7F922 /* InitialViewController.h */ = {isa = PBXFileReference; fileEncoding = 4; lastKnownFileType = sourcecode.c.h; path = InitialViewController.h; sourceTree = "<group>"; };
		5A756DA4177FFE2800E7F922 /* InitialViewController.m */ = {isa = PBXFileReference; fileEncoding = 4; lastKnownFileType = sourcecode.c.objc; path = InitialViewController.m; sourceTree = "<group>"; };
		5A756DAB1780025C00E7F922 /* CentralViewController.h */ = {isa = PBXFileReference; fileEncoding = 4; lastKnownFileType = sourcecode.c.h; path = CentralViewController.h; sourceTree = "<group>"; };
		5A756DAC1780025C00E7F922 /* CentralViewController.m */ = {isa = PBXFileReference; fileEncoding = 4; lastKnownFileType = sourcecode.c.objc; path = CentralViewController.m; sourceTree = "<group>"; };
		5A756DAF178002A000E7F922 /* ContentViewController.h */ = {isa = PBXFileReference; fileEncoding = 4; lastKnownFileType = sourcecode.c.h; path = ContentViewController.h; sourceTree = "<group>"; };
		5A756DB0178002A000E7F922 /* ContentViewController.m */ = {isa = PBXFileReference; fileEncoding = 4; lastKnownFileType = sourcecode.c.objc; path = ContentViewController.m; sourceTree = "<group>"; };
		5A75EAE71731B83C007CEEA4 /* petabox.jpg */ = {isa = PBXFileReference; lastKnownFileType = image.jpeg; path = petabox.jpg; sourceTree = "<group>"; };
		5A7C05A017890CEA0044EC5B /* CollectionDataHandlerAndHeaderView.h */ = {isa = PBXFileReference; fileEncoding = 4; lastKnownFileType = sourcecode.c.h; path = CollectionDataHandlerAndHeaderView.h; sourceTree = "<group>"; };
		5A7C05A117890CEA0044EC5B /* CollectionDataHandlerAndHeaderView.m */ = {isa = PBXFileReference; fileEncoding = 4; lastKnownFileType = sourcecode.c.objc; path = CollectionDataHandlerAndHeaderView.m; sourceTree = "<group>"; };
		5A7C05A4178917410044EC5B /* CollectionViewTableCell.h */ = {isa = PBXFileReference; fileEncoding = 4; lastKnownFileType = sourcecode.c.h; path = CollectionViewTableCell.h; sourceTree = "<group>"; };
		5A7C05A5178917410044EC5B /* CollectionViewTableCell.m */ = {isa = PBXFileReference; fileEncoding = 4; lastKnownFileType = sourcecode.c.objc; path = CollectionViewTableCell.m; sourceTree = "<group>"; };
		5A8A195A16B5DDD900F6A2E4 /* ArchiveSearchDoc.h */ = {isa = PBXFileReference; fileEncoding = 4; lastKnownFileType = sourcecode.c.h; path = ArchiveSearchDoc.h; sourceTree = "<group>"; };
		5A8A195B16B5DDD900F6A2E4 /* ArchiveSearchDoc.m */ = {isa = PBXFileReference; fileEncoding = 4; lastKnownFileType = sourcecode.c.objc; path = ArchiveSearchDoc.m; sourceTree = "<group>"; };
		5A8CA7E716D00D1800F97BF7 /* barIcon.png */ = {isa = PBXFileReference; lastKnownFileType = image.png; path = barIcon.png; sourceTree = "<group>"; };
		5A8CA7E916D0365000F97BF7 /* share-bbi.png */ = {isa = PBXFileReference; lastKnownFileType = image.png; path = "share-bbi.png"; sourceTree = "<group>"; };
		5A8CA7EA16D0365000F97BF7 /* share-bbi@2x.png */ = {isa = PBXFileReference; lastKnownFileType = image.png; path = "share-bbi@2x.png"; sourceTree = "<group>"; };
		5A8CA7F016D0423600F97BF7 /* W-share-FB.png */ = {isa = PBXFileReference; lastKnownFileType = image.png; path = "W-share-FB.png"; sourceTree = "<group>"; };
		5A8CA7F116D0423600F97BF7 /* W-share-FB@2x.png */ = {isa = PBXFileReference; lastKnownFileType = image.png; path = "W-share-FB@2x.png"; sourceTree = "<group>"; };
		5A8CA7F216D0423600F97BF7 /* W-share-twitter.png */ = {isa = PBXFileReference; lastKnownFileType = image.png; path = "W-share-twitter.png"; sourceTree = "<group>"; };
		5A8CA7F316D0423600F97BF7 /* W-share-twitter@2x.png */ = {isa = PBXFileReference; lastKnownFileType = image.png; path = "W-share-twitter@2x.png"; sourceTree = "<group>"; };
		5A8CA7FB16D051EF00F97BF7 /* Social.framework */ = {isa = PBXFileReference; lastKnownFileType = wrapper.framework; name = Social.framework; path = System/Library/Frameworks/Social.framework; sourceTree = SDKROOT; };
		5A9003151735B507000C6304 /* IA.xcdatamodel */ = {isa = PBXFileReference; lastKnownFileType = wrapper.xcdatamodel; path = IA.xcdatamodel; sourceTree = "<group>"; };
		5A9003171735B6E3000C6304 /* PlayerFile.h */ = {isa = PBXFileReference; fileEncoding = 4; lastKnownFileType = sourcecode.c.h; path = PlayerFile.h; sourceTree = "<group>"; };
		5A9003181735B6E3000C6304 /* PlayerFile.m */ = {isa = PBXFileReference; fileEncoding = 4; lastKnownFileType = sourcecode.c.objc; path = PlayerFile.m; sourceTree = "<group>"; };
		5A90031A1735B9DF000C6304 /* CoreData.framework */ = {isa = PBXFileReference; lastKnownFileType = wrapper.framework; name = CoreData.framework; path = System/Library/Frameworks/CoreData.framework; sourceTree = SDKROOT; };
		5A942D4516D5F545001CB01B /* MainStoryboard-iPhone.storyboard */ = {isa = PBXFileReference; fileEncoding = 4; lastKnownFileType = file.storyboard; name = "MainStoryboard-iPhone.storyboard"; path = "../MainStoryboard-iPhone.storyboard"; sourceTree = "<group>"; };
		5A990BA616B9F2E500B4C058 /* QuartzCore.framework */ = {isa = PBXFileReference; lastKnownFileType = wrapper.framework; name = QuartzCore.framework; path = System/Library/Frameworks/QuartzCore.framework; sourceTree = SDKROOT; };
		5AAEE97B174F226400A64A18 /* thumbs-up.png */ = {isa = PBXFileReference; lastKnownFileType = image.png; path = "thumbs-up.png"; sourceTree = "<group>"; };
		5AAEE97D174F22D800A64A18 /* mostdownloaded-button.png */ = {isa = PBXFileReference; lastKnownFileType = image.png; path = "mostdownloaded-button.png"; sourceTree = "<group>"; };
		5AAEE97F174F255A00A64A18 /* bylatest-button.png */ = {isa = PBXFileReference; lastKnownFileType = image.png; path = "bylatest-button.png"; sourceTree = "<group>"; };
		5AC008A117371B33002571CB /* next.png */ = {isa = PBXFileReference; lastKnownFileType = image.png; path = next.png; sourceTree = "<group>"; };
		5AC008A217371B33002571CB /* previous.png */ = {isa = PBXFileReference; lastKnownFileType = image.png; path = previous.png; sourceTree = "<group>"; };
		5AC008A517371D0D002571CB /* upup.png */ = {isa = PBXFileReference; lastKnownFileType = image.png; path = upup.png; sourceTree = "<group>"; };
		5AC008AB173760CE002571CB /* addall.png */ = {isa = PBXFileReference; lastKnownFileType = image.png; path = addall.png; sourceTree = "<group>"; };
		5AD16C63178E307F00B7E58C /* ArchiveLoadingView.h */ = {isa = PBXFileReference; fileEncoding = 4; lastKnownFileType = sourcecode.c.h; path = ArchiveLoadingView.h; sourceTree = "<group>"; };
		5AD16C64178E307F00B7E58C /* ArchiveLoadingView.m */ = {isa = PBXFileReference; fileEncoding = 4; lastKnownFileType = sourcecode.c.objc; path = ArchiveLoadingView.m; sourceTree = "<group>"; };
		5ADAB7EE16C76F5400DBC072 /* audio.gif */ = {isa = PBXFileReference; lastKnownFileType = image.gif; path = audio.gif; sourceTree = "<group>"; };
		5ADAB7EF16C76F5400DBC072 /* movies.gif */ = {isa = PBXFileReference; lastKnownFileType = image.gif; path = movies.gif; sourceTree = "<group>"; };
		5ADAB7F016C76F5400DBC072 /* texts.gif */ = {isa = PBXFileReference; lastKnownFileType = image.gif; path = texts.gif; sourceTree = "<group>"; };
		5AE16FB016E2BF5800029E3E /* Jackson_Pollock.jpg */ = {isa = PBXFileReference; lastKnownFileType = image.jpeg; path = Jackson_Pollock.jpg; sourceTree = "<group>"; };
		5AE16FB216E2CF2E00029E3E /* TVScanLines.jpg */ = {isa = PBXFileReference; lastKnownFileType = image.jpeg; path = TVScanLines.jpg; sourceTree = "<group>"; };
		5AED60E91745F6BC009320E0 /* favorites-tab.png */ = {isa = PBXFileReference; lastKnownFileType = image.png; path = "favorites-tab.png"; sourceTree = "<group>"; };
		5AED60ED174600BB009320E0 /* close-btn.png */ = {isa = PBXFileReference; lastKnownFileType = image.png; path = "close-btn.png"; sourceTree = "<group>"; };
		5AED60EF1746125F009320E0 /* close-tab.png */ = {isa = PBXFileReference; lastKnownFileType = image.png; path = "close-tab.png"; sourceTree = "<group>"; };
		5AF2310516D7551800262B09 /* Icon-57.png */ = {isa = PBXFileReference; lastKnownFileType = image.png; name = "Icon-57.png"; path = "../Icon-57.png"; sourceTree = "<group>"; };
		5AF2310716D7552300262B09 /* Icon-57@2x.png */ = {isa = PBXFileReference; lastKnownFileType = image.png; name = "Icon-57@2x.png"; path = "../Icon-57@2x.png"; sourceTree = "<group>"; };
		5AF2310916D756BC00262B09 /* Default.png */ = {isa = PBXFileReference; lastKnownFileType = image.png; name = Default.png; path = ../Default.png; sourceTree = "<group>"; };
		5AF2310B16D756C500262B09 /* Default@2x.png */ = {isa = PBXFileReference; lastKnownFileType = image.png; name = "Default@2x.png"; path = "../Default@2x.png"; sourceTree = "<group>"; };
		5AF2310D16D7575D00262B09 /* Default-568h@2x.png */ = {isa = PBXFileReference; lastKnownFileType = image.png; name = "Default-568h@2x.png"; path = "../Default-568h@2x.png"; sourceTree = "<group>"; };
		5AF2310F16D758F900262B09 /* Default-568h@2x.png */ = {isa = PBXFileReference; lastKnownFileType = image.png; name = "Default-568h@2x.png"; path = "../Default-568h@2x.png"; sourceTree = "<group>"; };
		5AFB0EBB1748365100FAE78B /* collection-button.png */ = {isa = PBXFileReference; lastKnownFileType = image.png; path = "collection-button.png"; sourceTree = "<group>"; };
		5AFB0EC117483AB800FAE78B /* collection-banner.png */ = {isa = PBXFileReference; lastKnownFileType = image.png; path = "collection-banner.png"; sourceTree = "<group>"; };
		5AFB0EC3174950CD00FAE78B /* left-arrow.png */ = {isa = PBXFileReference; lastKnownFileType = image.png; path = "left-arrow.png"; sourceTree = "<group>"; };
		5AFB0EC5174955AB00FAE78B /* musicplayer-tab.png */ = {isa = PBXFileReference; lastKnownFileType = image.png; path = "musicplayer-tab.png"; sourceTree = "<group>"; };
		5AFB0EC71749578600FAE78B /* speaker-button.png */ = {isa = PBXFileReference; lastKnownFileType = image.png; path = "speaker-button.png"; sourceTree = "<group>"; };
		5AFB0EC91749621600FAE78B /* section-cell-background.png */ = {isa = PBXFileReference; lastKnownFileType = image.png; path = "section-cell-background.png"; sourceTree = "<group>"; };
		5AFB0ECB1749644A00FAE78B /* plain-cell-background.png */ = {isa = PBXFileReference; lastKnownFileType = image.png; path = "plain-cell-background.png"; sourceTree = "<group>"; };
		5AFB0ECD17496E9C00FAE78B /* search-button.png */ = {isa = PBXFileReference; lastKnownFileType = image.png; path = "search-button.png"; sourceTree = "<group>"; };
		5AFB0ECF1749746100FAE78B /* ia-button.png */ = {isa = PBXFileReference; lastKnownFileType = image.png; path = "ia-button.png"; sourceTree = "<group>"; };
		CE1F81EF16EAB11E009739F2 /* bar.png */ = {isa = PBXFileReference; lastKnownFileType = image.png; path = bar.png; sourceTree = "<group>"; };
		CE204B5B1746AAB100AD6066 /* player-tab-iphone.png */ = {isa = PBXFileReference; lastKnownFileType = image.png; path = "player-tab-iphone.png"; sourceTree = "<group>"; };
		CE204B631746B3B200AD6066 /* mediabar.png */ = {isa = PBXFileReference; lastKnownFileType = image.png; path = mediabar.png; sourceTree = "<group>"; };
		CE204B6C1746C82100AD6066 /* favorites-icon.png */ = {isa = PBXFileReference; lastKnownFileType = image.png; path = "favorites-icon.png"; sourceTree = "<group>"; };
		CE3019CC16C5729E00733B99 /* StringUtils.h */ = {isa = PBXFileReference; fileEncoding = 4; lastKnownFileType = sourcecode.c.h; path = StringUtils.h; sourceTree = "<group>"; };
		CE3019CD16C5729E00733B99 /* StringUtils.m */ = {isa = PBXFileReference; fileEncoding = 4; lastKnownFileType = sourcecode.c.objc; path = StringUtils.m; sourceTree = "<group>"; };
		CE3019CF16C5937A00733B99 /* Default-Landscape@2x~ipad.png */ = {isa = PBXFileReference; lastKnownFileType = image.png; path = "Default-Landscape@2x~ipad.png"; sourceTree = SOURCE_ROOT; };
		CE3019D016C5937A00733B99 /* Default-Landscape~ipad.png */ = {isa = PBXFileReference; lastKnownFileType = image.png; path = "Default-Landscape~ipad.png"; sourceTree = SOURCE_ROOT; };
		CE3019D116C5937A00733B99 /* Default-Portrait@2x~ipad.png */ = {isa = PBXFileReference; lastKnownFileType = image.png; path = "Default-Portrait@2x~ipad.png"; sourceTree = SOURCE_ROOT; };
		CE3019D216C5937A00733B99 /* Default-Portrait~ipad.png */ = {isa = PBXFileReference; lastKnownFileType = image.png; path = "Default-Portrait~ipad.png"; sourceTree = SOURCE_ROOT; };
		CE3019D716C5953100733B99 /* Icon-72.png */ = {isa = PBXFileReference; lastKnownFileType = image.png; path = "Icon-72.png"; sourceTree = SOURCE_ROOT; };
		CE3019D816C5953100733B99 /* Icon-72@2x.png */ = {isa = PBXFileReference; lastKnownFileType = image.png; path = "Icon-72@2x.png"; sourceTree = SOURCE_ROOT; };
		CE3019DB16C5963000733B99 /* Icon.png */ = {isa = PBXFileReference; lastKnownFileType = image.png; path = Icon.png; sourceTree = SOURCE_ROOT; };
		CE3FFD0B17943D8300709F5F /* MediaFileCell.h */ = {isa = PBXFileReference; fileEncoding = 4; lastKnownFileType = sourcecode.c.h; path = MediaFileCell.h; sourceTree = "<group>"; };
		CE3FFD0C17943D8300709F5F /* MediaFileCell.m */ = {isa = PBXFileReference; fileEncoding = 4; lastKnownFileType = sourcecode.c.objc; path = MediaFileCell.m; sourceTree = "<group>"; };
		CE3FFD0E179440D200709F5F /* MediaFileHeaderCell.h */ = {isa = PBXFileReference; fileEncoding = 4; lastKnownFileType = sourcecode.c.h; path = MediaFileHeaderCell.h; sourceTree = "<group>"; };
		CE3FFD0F179440D200709F5F /* MediaFileHeaderCell.m */ = {isa = PBXFileReference; fileEncoding = 4; lastKnownFileType = sourcecode.c.objc; path = MediaFileHeaderCell.m; sourceTree = "<group>"; };
		CE3FFD1217944FAB00709F5F /* MediaPlayerViewController.h */ = {isa = PBXFileReference; fileEncoding = 4; lastKnownFileType = sourcecode.c.h; path = MediaPlayerViewController.h; sourceTree = "<group>"; };
		CE3FFD1317944FAB00709F5F /* MediaPlayerViewController.m */ = {isa = PBXFileReference; fileEncoding = 4; lastKnownFileType = sourcecode.c.objc; path = MediaPlayerViewController.m; sourceTree = "<group>"; };
		CE6FFE2D17933EE0002A292B /* MetaDataTable.h */ = {isa = PBXFileReference; fileEncoding = 4; lastKnownFileType = sourcecode.c.h; path = MetaDataTable.h; sourceTree = "<group>"; };
		CE6FFE2E17933EE0002A292B /* MetaDataTable.m */ = {isa = PBXFileReference; fileEncoding = 4; lastKnownFileType = sourcecode.c.objc; path = MetaDataTable.m; sourceTree = "<group>"; };
		CE6FFE30179345D6002A292B /* MetaCell.h */ = {isa = PBXFileReference; fileEncoding = 4; lastKnownFileType = sourcecode.c.h; path = MetaCell.h; sourceTree = "<group>"; };
		CE6FFE31179345D6002A292B /* MetaCell.m */ = {isa = PBXFileReference; fileEncoding = 4; lastKnownFileType = sourcecode.c.objc; path = MetaCell.m; sourceTree = "<group>"; };
		CE752A2716C1799400A432AB /* uiglassbutton-template.png */ = {isa = PBXFileReference; lastKnownFileType = image.png; path = "uiglassbutton-template.png"; sourceTree = "<group>"; };
		CE89EFF31795927300E05EE3 /* player-button.png */ = {isa = PBXFileReference; lastKnownFileType = image.png; path = "player-button.png"; sourceTree = "<group>"; };
		CE89EFF41795927300E05EE3 /* player-button@2x.png */ = {isa = PBXFileReference; lastKnownFileType = image.png; path = "player-button@2x.png"; sourceTree = "<group>"; };
		CE89EFF7179595C200E05EE3 /* toolbar.png */ = {isa = PBXFileReference; lastKnownFileType = image.png; path = toolbar.png; sourceTree = "<group>"; };
		CE89EFF8179595C200E05EE3 /* toolbar@2x.png */ = {isa = PBXFileReference; lastKnownFileType = image.png; path = "toolbar@2x.png"; sourceTree = "<group>"; };
		CE89F0031795A21500E05EE3 /* close-button.png */ = {isa = PBXFileReference; lastKnownFileType = image.png; path = "close-button.png"; sourceTree = "<group>"; };
		CE89F0041795A21500E05EE3 /* close-button@2x.png */ = {isa = PBXFileReference; lastKnownFileType = image.png; path = "close-button@2x.png"; sourceTree = "<group>"; };
		CEAE1A1017927FA10027AC5C /* x-done.png */ = {isa = PBXFileReference; lastKnownFileType = image.png; path = "x-done.png"; sourceTree = "<group>"; };
		CEAE1A1117927FA10027AC5C /* x-done@2x.png */ = {isa = PBXFileReference; lastKnownFileType = image.png; path = "x-done@2x.png"; sourceTree = "<group>"; };
		CEBA013E16CEEFCE0038625F /* vertShadowBottom.png */ = {isa = PBXFileReference; lastKnownFileType = image.png; path = vertShadowBottom.png; sourceTree = "<group>"; };
		CEBA013F16CEEFCE0038625F /* vertShadowBottom@2x.png */ = {isa = PBXFileReference; lastKnownFileType = image.png; path = "vertShadowBottom@2x.png"; sourceTree = "<group>"; };
		CEBA014216CEF6B30038625F /* AVFoundation.framework */ = {isa = PBXFileReference; lastKnownFileType = wrapper.framework; name = AVFoundation.framework; path = System/Library/Frameworks/AVFoundation.framework; sourceTree = SDKROOT; };
		CEBA014416CEFF580038625F /* CoreAudio.framework */ = {isa = PBXFileReference; lastKnownFileType = wrapper.framework; name = CoreAudio.framework; path = System/Library/Frameworks/CoreAudio.framework; sourceTree = SDKROOT; };
		CEBA014616CEFFB60038625F /* AudioToolbox.framework */ = {isa = PBXFileReference; lastKnownFileType = wrapper.framework; name = AudioToolbox.framework; path = System/Library/Frameworks/AudioToolbox.framework; sourceTree = SDKROOT; };
		CEE4AC4D1795C7C800FAE34F /* ArchiveCollectionViewControllerHelper.h */ = {isa = PBXFileReference; fileEncoding = 4; lastKnownFileType = sourcecode.c.h; path = ArchiveCollectionViewControllerHelper.h; sourceTree = "<group>"; };
		CEE4AC4E1795C7C800FAE34F /* ArchiveCollectionViewControllerHelper.m */ = {isa = PBXFileReference; fileEncoding = 4; lastKnownFileType = sourcecode.c.objc; path = ArchiveCollectionViewControllerHelper.m; sourceTree = "<group>"; };
		CEE4AC581795E48100FAE34F /* play-button.png */ = {isa = PBXFileReference; lastKnownFileType = image.png; path = "play-button.png"; sourceTree = "<group>"; };
		CEE4AC591795E48100FAE34F /* play-button@2x.png */ = {isa = PBXFileReference; lastKnownFileType = image.png; path = "play-button@2x.png"; sourceTree = "<group>"; };
		CEE4AC5C1795E6EA00FAE34F /* forward-button.png */ = {isa = PBXFileReference; lastKnownFileType = image.png; path = "forward-button.png"; sourceTree = "<group>"; };
		CEE4AC5D1795E6EA00FAE34F /* forward-button@2x.png */ = {isa = PBXFileReference; lastKnownFileType = image.png; path = "forward-button@2x.png"; sourceTree = "<group>"; };
		CEE4AC5E1795E6EA00FAE34F /* pause-button.png */ = {isa = PBXFileReference; lastKnownFileType = image.png; path = "pause-button.png"; sourceTree = "<group>"; };
		CEE4AC5F1795E6EA00FAE34F /* pause-button@2x.png */ = {isa = PBXFileReference; lastKnownFileType = image.png; path = "pause-button@2x.png"; sourceTree = "<group>"; };
		CEE4AC601795E6EA00FAE34F /* reverse-button.png */ = {isa = PBXFileReference; lastKnownFileType = image.png; path = "reverse-button.png"; sourceTree = "<group>"; };
		CEE4AC611795E6EA00FAE34F /* reverse-button@2x.png */ = {isa = PBXFileReference; lastKnownFileType = image.png; path = "reverse-button@2x.png"; sourceTree = "<group>"; };
		CEEA730C16DD30C80092FA84 /* list.png */ = {isa = PBXFileReference; lastKnownFileType = image.png; path = list.png; sourceTree = "<group>"; };
		CEEA731116DD53A40092FA84 /* rightContentShadow.png */ = {isa = PBXFileReference; lastKnownFileType = image.png; path = rightContentShadow.png; sourceTree = "<group>"; };
		CEEA731216DD53A40092FA84 /* rightContentShadow@2x.png */ = {isa = PBXFileReference; lastKnownFileType = image.png; path = "rightContentShadow@2x.png"; sourceTree = "<group>"; };
		CEEF55D1178F6A2F0085E0CF /* PopUpView.h */ = {isa = PBXFileReference; fileEncoding = 4; lastKnownFileType = sourcecode.c.h; path = PopUpView.h; sourceTree = "<group>"; };
		CEEF55D2178F6A2F0085E0CF /* PopUpView.m */ = {isa = PBXFileReference; fileEncoding = 4; lastKnownFileType = sourcecode.c.objc; path = PopUpView.m; sourceTree = "<group>"; };
/* End PBXFileReference section */

/* Begin PBXFrameworksBuildPhase section */
		5A0A10A816A640A300CC70CD /* Frameworks */ = {
			isa = PBXFrameworksBuildPhase;
			buildActionMask = 2147483647;
			files = (
				5A90031B1735B9DF000C6304 /* CoreData.framework in Frameworks */,
				5A51FA4A16E3C464004E5C44 /* MessageUI.framework in Frameworks */,
				5A8CA7FC16D051EF00F97BF7 /* Social.framework in Frameworks */,
				CEBA014716CEFFB60038625F /* AudioToolbox.framework in Frameworks */,
				CEBA014316CEF6B30038625F /* AVFoundation.framework in Frameworks */,
				5A23930916C3A07500C3E107 /* MediaPlayer.framework in Frameworks */,
				5A990BA716B9F2E500B4C058 /* QuartzCore.framework in Frameworks */,
				5A0A10B016A640A300CC70CD /* UIKit.framework in Frameworks */,
				5A0A10B216A640A300CC70CD /* Foundation.framework in Frameworks */,
				5A0A10B416A640A300CC70CD /* CoreGraphics.framework in Frameworks */,
			);
			runOnlyForDeploymentPostprocessing = 0;
		};
		5A0A10CE16A640A300CC70CD /* Frameworks */ = {
			isa = PBXFrameworksBuildPhase;
			buildActionMask = 2147483647;
			files = (
				5A0A10D416A640A300CC70CD /* SenTestingKit.framework in Frameworks */,
				5A0A10D516A640A300CC70CD /* UIKit.framework in Frameworks */,
				5A0A10D616A640A300CC70CD /* Foundation.framework in Frameworks */,
			);
			runOnlyForDeploymentPostprocessing = 0;
		};
/* End PBXFrameworksBuildPhase section */

/* Begin PBXGroup section */
		5A0A10A016A640A300CC70CD = {
			isa = PBXGroup;
			children = (
				5A0A10B516A640A300CC70CD /* The Internet Archive Companion */,
				5A0A10D916A640A300CC70CD /* The Internet Archive CompanionTests */,
				5A0A10AE16A640A300CC70CD /* Frameworks */,
				5A0A10AC16A640A300CC70CD /* Products */,
			);
			sourceTree = "<group>";
		};
		5A0A10AC16A640A300CC70CD /* Products */ = {
			isa = PBXGroup;
			children = (
				5A0A10AB16A640A300CC70CD /* IA.app */,
				5A0A10D216A640A300CC70CD /* IATests.octest */,
			);
			name = Products;
			sourceTree = "<group>";
		};
		5A0A10AE16A640A300CC70CD /* Frameworks */ = {
			isa = PBXGroup;
			children = (
				5A90031A1735B9DF000C6304 /* CoreData.framework */,
				5A51FA4916E3C464004E5C44 /* MessageUI.framework */,
				5A8CA7FB16D051EF00F97BF7 /* Social.framework */,
				CEBA014616CEFFB60038625F /* AudioToolbox.framework */,
				CEBA014416CEFF580038625F /* CoreAudio.framework */,
				CEBA014216CEF6B30038625F /* AVFoundation.framework */,
				5A23930816C3A07500C3E107 /* MediaPlayer.framework */,
				5A990BA616B9F2E500B4C058 /* QuartzCore.framework */,
				5A0A10AF16A640A300CC70CD /* UIKit.framework */,
				5A0A10B116A640A300CC70CD /* Foundation.framework */,
				5A0A10B316A640A300CC70CD /* CoreGraphics.framework */,
				5A0A10D316A640A300CC70CD /* SenTestingKit.framework */,
			);
			name = Frameworks;
			sourceTree = "<group>";
		};
		5A0A10B516A640A300CC70CD /* The Internet Archive Companion */ = {
			isa = PBXGroup;
			children = (
				5ADAB7ED16C76E8100DBC072 /* IA Resources */,
				5AD16C62178E305200B7E58C /* Common Views */,
				5A756D81177FA31500E7F922 /* View Controllers */,
				CE3019CB16C5728700733B99 /* Utils */,
				5AD2070E16A8F9460027CCA5 /* Data */,
				5A0A10BE16A640A300CC70CD /* AppDelegate.h */,
				5A0A10BF16A640A300CC70CD /* AppDelegate.m */,
				5A0A10C716A640A300CC70CD /* MainStoryboard.storyboard */,
				5A942D4516D5F545001CB01B /* MainStoryboard-iPhone.storyboard */,
				5A0A10B616A640A300CC70CD /* Supporting Files */,
			);
			path = "The Internet Archive Companion";
			sourceTree = "<group>";
		};
		5A0A10B616A640A300CC70CD /* Supporting Files */ = {
			isa = PBXGroup;
			children = (
				5AF2310F16D758F900262B09 /* Default-568h@2x.png */,
				5AF2310D16D7575D00262B09 /* Default-568h@2x.png */,
				5AF2310B16D756C500262B09 /* Default@2x.png */,
				5AF2310916D756BC00262B09 /* Default.png */,
				5AF2310716D7552300262B09 /* Icon-57@2x.png */,
				5AF2310516D7551800262B09 /* Icon-57.png */,
				CE3019DB16C5963000733B99 /* Icon.png */,
				CE3019D716C5953100733B99 /* Icon-72.png */,
				CE3019D816C5953100733B99 /* Icon-72@2x.png */,
				CE3019CF16C5937A00733B99 /* Default-Landscape@2x~ipad.png */,
				CE3019D016C5937A00733B99 /* Default-Landscape~ipad.png */,
				CE3019D116C5937A00733B99 /* Default-Portrait@2x~ipad.png */,
				CE3019D216C5937A00733B99 /* Default-Portrait~ipad.png */,
				5A0A10B716A640A300CC70CD /* IA-Info.plist */,
				5A0A10B816A640A300CC70CD /* InfoPlist.strings */,
				5A0A10BB16A640A300CC70CD /* main.m */,
				5A0A10BD16A640A300CC70CD /* IA-Prefix.pch */,
			);
			name = "Supporting Files";
			sourceTree = "<group>";
		};
		5A0A10D916A640A300CC70CD /* The Internet Archive CompanionTests */ = {
			isa = PBXGroup;
			children = (
				5A0A10DF16A640A300CC70CD /* The_Internet_Archive_CompanionTests.h */,
				5A0A10E016A640A300CC70CD /* The_Internet_Archive_CompanionTests.m */,
				5A0A10DA16A640A300CC70CD /* Supporting Files */,
			);
			path = "The Internet Archive CompanionTests";
			sourceTree = "<group>";
		};
		5A0A10DA16A640A300CC70CD /* Supporting Files */ = {
			isa = PBXGroup;
			children = (
				5A0A10DB16A640A300CC70CD /* IATests-Info.plist */,
				5A0A10DC16A640A300CC70CD /* InfoPlist.strings */,
			);
			name = "Supporting Files";
			sourceTree = "<group>";
		};
		5A5065261736DDCD00D295E2 /* Multimedia */ = {
			isa = PBXGroup;
			children = (
				CEE4AC5C1795E6EA00FAE34F /* forward-button.png */,
				CEE4AC5D1795E6EA00FAE34F /* forward-button@2x.png */,
				CEE4AC5E1795E6EA00FAE34F /* pause-button.png */,
				CEE4AC5F1795E6EA00FAE34F /* pause-button@2x.png */,
				CEE4AC601795E6EA00FAE34F /* reverse-button.png */,
				CEE4AC611795E6EA00FAE34F /* reverse-button@2x.png */,
				CEE4AC581795E48100FAE34F /* play-button.png */,
				CEE4AC591795E48100FAE34F /* play-button@2x.png */,
				CE89EFF31795927300E05EE3 /* player-button.png */,
				CE89EFF41795927300E05EE3 /* player-button@2x.png */,
				5A2350221780DA8A0050C9A2 /* back-button.png */,
				5A2350231780DA8A0050C9A2 /* back-button@2x.png */,
				5AFB0EC71749578600FAE78B /* speaker-button.png */,
				CE204B6C1746C82100AD6066 /* favorites-icon.png */,
				5A04CEC217447A0E00AA3EE6 /* fullscreen.png */,
				5AC008AB173760CE002571CB /* addall.png */,
				5AC008A517371D0D002571CB /* upup.png */,
				5AC008A117371B33002571CB /* next.png */,
				5AC008A217371B33002571CB /* previous.png */,
				5A5065451737139B00D295E2 /* fastforward.png */,
				5A5065461737139B00D295E2 /* rewind.png */,
				5A5065351737024100D295E2 /* play-plainer.png */,
				5A506537173704CE00D295E2 /* pause-plainer.png */,
			);
			name = Multimedia;
			sourceTree = "<group>";
		};
		5A756D81177FA31500E7F922 /* View Controllers */ = {
			isa = PBXGroup;
			children = (
				5A756DA2177FFE0600E7F922 /* InitialViewController */,
				5A756DAA1780024200E7F922 /* Central View Controller */,
				5A756D88177FA71D00E7F922 /* MainNavView */,
				5A756DAE1780027500E7F922 /* ContentViewController */,
				CE3FFD1117944F7A00709F5F /* MeidaPlayerController */,
				CEE4AC4D1795C7C800FAE34F /* ArchiveCollectionViewControllerHelper.h */,
				CEE4AC4E1795C7C800FAE34F /* ArchiveCollectionViewControllerHelper.m */,
			);
			name = "View Controllers";
			sourceTree = "<group>";
		};
		5A756D88177FA71D00E7F922 /* MainNavView */ = {
			isa = PBXGroup;
			children = (
				5A756D82177FA35500E7F922 /* MainNavViewController.h */,
				5A756D83177FA35500E7F922 /* MainNavViewController.m */,
				5A756D85177FA71600E7F922 /* MainNavTableViewCell.h */,
				5A756D86177FA71600E7F922 /* MainNavTableViewCell.m */,
				5A0D9A2E17802F1F006D539C /* MainNavTableViewHeaderViewCell.h */,
				5A0D9A2F17802F1F006D539C /* MainNavTableViewHeaderViewCell.m */,
			);
			name = MainNavView;
			sourceTree = "<group>";
		};
		5A756D89177FAAA800E7F922 /* Cache */ = {
			isa = PBXGroup;
			children = (
				5A756D8A177FAAC900E7F922 /* ArchiveCache.h */,
				5A756D8B177FAAC900E7F922 /* ArchiveCache.m */,
			);
			name = Cache;
			sourceTree = "<group>";
		};
		5A756D8D177FAEBC00E7F922 /* Images */ = {
			isa = PBXGroup;
			children = (
				5A756D8E177FAEDF00E7F922 /* ArchiveImage.h */,
				5A756D8F177FAEDF00E7F922 /* ArchiveImage.m */,
				5A756D9F177FF0C600E7F922 /* ArchiveImageView.h */,
				5A756DA0177FF0C600E7F922 /* ArchiveImageView.m */,
			);
			name = Images;
			sourceTree = "<group>";
		};
		5A756D91177FAF7500E7F922 /* File */ = {
			isa = PBXGroup;
			children = (
				5A756D92177FAF9700E7F922 /* ArchiveFileDownload.h */,
				5A756D93177FAF9700E7F922 /* ArchiveFileDownload.m */,
				5A756D95177FB14400E7F922 /* ArchiveFileDownloader.h */,
				5A756D96177FB14400E7F922 /* ArchiveFileDownloader.m */,
			);
			name = File;
			sourceTree = "<group>";
		};
		5A756D98177FBF3100E7F922 /* Services */ = {
			isa = PBXGroup;
			children = (
				5A756D99177FBF7B00E7F922 /* IADataService.h */,
				5A756D9A177FBF7B00E7F922 /* IADataService.m */,
				5A756D9C177FC57E00E7F922 /* IAJsonDataService.h */,
				5A756D9D177FC57F00E7F922 /* IAJsonDataService.m */,
			);
			name = Services;
			sourceTree = "<group>";
		};
		5A756DA2177FFE0600E7F922 /* InitialViewController */ = {
			isa = PBXGroup;
			children = (
				5A756DA3177FFE2800E7F922 /* InitialViewController.h */,
				5A756DA4177FFE2800E7F922 /* InitialViewController.m */,
			);
			name = InitialViewController;
			sourceTree = "<group>";
		};
		5A756DAA1780024200E7F922 /* Central View Controller */ = {
			isa = PBXGroup;
			children = (
				5A756DAB1780025C00E7F922 /* CentralViewController.h */,
				5A756DAC1780025C00E7F922 /* CentralViewController.m */,
			);
			name = "Central View Controller";
			sourceTree = "<group>";
		};
		5A756DAE1780027500E7F922 /* ContentViewController */ = {
			isa = PBXGroup;
			children = (
				5A7C05A3178917250044EC5B /* CollectionView Table Cells */,
				5A756DAF178002A000E7F922 /* ContentViewController.h */,
				5A756DB0178002A000E7F922 /* ContentViewController.m */,
				5A23501C1780C44D0050C9A2 /* ItemContentViewController.h */,
				5A23501D1780C44D0050C9A2 /* ItemContentViewController.m */,
				5A23501F1780C47A0050C9A2 /* CollectionContentViewController.h */,
				5A2350201780C47A0050C9A2 /* CollectionContentViewController.m */,
				5A7C05A017890CEA0044EC5B /* CollectionDataHandlerAndHeaderView.h */,
				5A7C05A117890CEA0044EC5B /* CollectionDataHandlerAndHeaderView.m */,
			);
			name = ContentViewController;
			sourceTree = "<group>";
		};
		5A7C05A3178917250044EC5B /* CollectionView Table Cells */ = {
			isa = PBXGroup;
			children = (
				5A7C05A4178917410044EC5B /* CollectionViewTableCell.h */,
				5A7C05A5178917410044EC5B /* CollectionViewTableCell.m */,
			);
			name = "CollectionView Table Cells";
			sourceTree = "<group>";
		};
		5AD16C62178E305200B7E58C /* Common Views */ = {
			isa = PBXGroup;
			children = (
				5AD16C63178E307F00B7E58C /* ArchiveLoadingView.h */,
				5AD16C64178E307F00B7E58C /* ArchiveLoadingView.m */,
				CEEF55D1178F6A2F0085E0CF /* PopUpView.h */,
				CEEF55D2178F6A2F0085E0CF /* PopUpView.m */,
				CE6FFE2D17933EE0002A292B /* MetaDataTable.h */,
				CE6FFE2E17933EE0002A292B /* MetaDataTable.m */,
				CE6FFE30179345D6002A292B /* MetaCell.h */,
				CE6FFE31179345D6002A292B /* MetaCell.m */,
				CE3FFD0B17943D8300709F5F /* MediaFileCell.h */,
				CE3FFD0C17943D8300709F5F /* MediaFileCell.m */,
				CE3FFD0E179440D200709F5F /* MediaFileHeaderCell.h */,
				CE3FFD0F179440D200709F5F /* MediaFileHeaderCell.m */,
			);
			name = "Common Views";
			sourceTree = "<group>";
		};
		5AD2070E16A8F9460027CCA5 /* Data */ = {
			isa = PBXGroup;
			children = (
				5A756D98177FBF3100E7F922 /* Services */,
				5A756D91177FAF7500E7F922 /* File */,
				5A756D8D177FAEBC00E7F922 /* Images */,
				5A756D89177FAAA800E7F922 /* Cache */,
				5A9003141735B507000C6304 /* IA.xcdatamodeld */,
				5A9003171735B6E3000C6304 /* PlayerFile.h */,
				5A9003181735B6E3000C6304 /* PlayerFile.m */,
				5A8A195A16B5DDD900F6A2E4 /* ArchiveSearchDoc.h */,
				5A8A195B16B5DDD900F6A2E4 /* ArchiveSearchDoc.m */,
				5A23930516C3855400C3E107 /* ArchiveFile.h */,
				5A23930616C3855400C3E107 /* ArchiveFile.m */,
			);
			name = Data;
			sourceTree = "<group>";
		};
		5ADAB7ED16C76E8100DBC072 /* IA Resources */ = {
			isa = PBXGroup;
			children = (
				5A5065261736DDCD00D295E2 /* Multimedia */,
				CEAE1A1017927FA10027AC5C /* x-done.png */,
				CEAE1A1117927FA10027AC5C /* x-done@2x.png */,
				CE89F0031795A21500E05EE3 /* close-button.png */,
				CE89F0041795A21500E05EE3 /* close-button@2x.png */,
				CE89EFF7179595C200E05EE3 /* toolbar.png */,
				CE89EFF8179595C200E05EE3 /* toolbar@2x.png */,
				5A75EAE71731B83C007CEEA4 /* petabox.jpg */,
				5AFB0ECF1749746100FAE78B /* ia-button.png */,
				5A23500C1780BDC50050C9A2 /* ia-button-plain.png */,
				5A2350081780BC7C0050C9A2 /* ia-button-plain@2x.png */,
				5AAEE97F174F255A00A64A18 /* bylatest-button.png */,
				5AAEE97B174F226400A64A18 /* thumbs-up.png */,
				5AAEE97D174F22D800A64A18 /* mostdownloaded-button.png */,
				5A2350121780BEE30050C9A2 /* search-button-plain.png */,
				5A23500E1780BE9D0050C9A2 /* search-button-plain@2x.png */,
				5AFB0ECD17496E9C00FAE78B /* search-button.png */,
				5AFB0EC91749621600FAE78B /* section-cell-background.png */,
				5AFB0ECB1749644A00FAE78B /* plain-cell-background.png */,
				5AFB0EC5174955AB00FAE78B /* musicplayer-tab.png */,
				5AFB0EC3174950CD00FAE78B /* left-arrow.png */,
				5AFB0EBB1748365100FAE78B /* collection-button.png */,
				5AFB0EC117483AB800FAE78B /* collection-banner.png */,
				CE204B631746B3B200AD6066 /* mediabar.png */,
				CE204B5B1746AAB100AD6066 /* player-tab-iphone.png */,
				5AED60ED174600BB009320E0 /* close-btn.png */,
				5AED60EF1746125F009320E0 /* close-tab.png */,
				5AED60E91745F6BC009320E0 /* favorites-tab.png */,
				CE1F81EF16EAB11E009739F2 /* bar.png */,
				5A51FA4B16E3C6C5004E5C44 /* email-icon.png */,
				5A51FA4C16E3C6C5004E5C44 /* email-icon@2x.png */,
				5AE16FB216E2CF2E00029E3E /* TVScanLines.jpg */,
				5AE16FB016E2BF5800029E3E /* Jackson_Pollock.jpg */,
				CEEA731116DD53A40092FA84 /* rightContentShadow.png */,
				CEEA731216DD53A40092FA84 /* rightContentShadow@2x.png */,
				5A2350181780C27D0050C9A2 /* new-list.png */,
				5A2350191780C27D0050C9A2 /* new-list@2x.png */,
				CEEA730C16DD30C80092FA84 /* list.png */,
				5A8CA7F016D0423600F97BF7 /* W-share-FB.png */,
				5A8CA7F116D0423600F97BF7 /* W-share-FB@2x.png */,
				5A8CA7F216D0423600F97BF7 /* W-share-twitter.png */,
				5A8CA7F316D0423600F97BF7 /* W-share-twitter@2x.png */,
				5A8CA7E916D0365000F97BF7 /* share-bbi.png */,
				5A8CA7EA16D0365000F97BF7 /* share-bbi@2x.png */,
				5A8CA7E716D00D1800F97BF7 /* barIcon.png */,
				CEBA013E16CEEFCE0038625F /* vertShadowBottom.png */,
				CEBA013F16CEEFCE0038625F /* vertShadowBottom@2x.png */,
				5A31D4FC16C7B56E00710DE0 /* vertShadow.png */,
				5A31D4FD16C7B56E00710DE0 /* vertShadow@2x.png */,
				5A31D4F816C7B2A200710DE0 /* leftContentShadow.png */,
				5A31D4F916C7B2A200710DE0 /* leftContentShadow@2x.png */,
				5ADAB7EE16C76F5400DBC072 /* audio.gif */,
				5ADAB7EF16C76F5400DBC072 /* movies.gif */,
				5ADAB7F016C76F5400DBC072 /* texts.gif */,
				CE752A2716C1799400A432AB /* uiglassbutton-template.png */,
			);
			name = "IA Resources";
			sourceTree = "<group>";
		};
		CE3019CB16C5728700733B99 /* Utils */ = {
			isa = PBXGroup;
			children = (
				CE3019CC16C5729E00733B99 /* StringUtils.h */,
				CE3019CD16C5729E00733B99 /* StringUtils.m */,
			);
			name = Utils;
			sourceTree = "<group>";
		};
		CE3FFD1117944F7A00709F5F /* MeidaPlayerController */ = {
			isa = PBXGroup;
			children = (
				CE3FFD1217944FAB00709F5F /* MediaPlayerViewController.h */,
				CE3FFD1317944FAB00709F5F /* MediaPlayerViewController.m */,
			);
			name = MeidaPlayerController;
			sourceTree = "<group>";
		};
/* End PBXGroup section */

/* Begin PBXNativeTarget section */
		5A0A10AA16A640A300CC70CD /* IA */ = {
			isa = PBXNativeTarget;
			buildConfigurationList = 5A0A10E416A640A300CC70CD /* Build configuration list for PBXNativeTarget "IA" */;
			buildPhases = (
				5A0A10A716A640A300CC70CD /* Sources */,
				5A0A10A816A640A300CC70CD /* Frameworks */,
				5A0A10A916A640A300CC70CD /* Resources */,
			);
			buildRules = (
			);
			dependencies = (
			);
			name = IA;
			productName = "The Internet Archive Companion";
			productReference = 5A0A10AB16A640A300CC70CD /* IA.app */;
			productType = "com.apple.product-type.application";
		};
		5A0A10D116A640A300CC70CD /* IATests */ = {
			isa = PBXNativeTarget;
			buildConfigurationList = 5A0A10E716A640A300CC70CD /* Build configuration list for PBXNativeTarget "IATests" */;
			buildPhases = (
				5A0A10CD16A640A300CC70CD /* Sources */,
				5A0A10CE16A640A300CC70CD /* Frameworks */,
				5A0A10CF16A640A300CC70CD /* Resources */,
				5A0A10D016A640A300CC70CD /* ShellScript */,
			);
			buildRules = (
			);
			dependencies = (
				5A0A10D816A640A300CC70CD /* PBXTargetDependency */,
			);
			name = IATests;
			productName = "The Internet Archive CompanionTests";
			productReference = 5A0A10D216A640A300CC70CD /* IATests.octest */;
			productType = "com.apple.product-type.bundle";
		};
/* End PBXNativeTarget section */

/* Begin PBXProject section */
		5A0A10A216A640A300CC70CD /* Project object */ = {
			isa = PBXProject;
			attributes = {
				LastUpgradeCheck = 0450;
				ORGANIZATIONNAME = "Hunter Lee Brown";
			};
			buildConfigurationList = 5A0A10A516A640A300CC70CD /* Build configuration list for PBXProject "IA" */;
			compatibilityVersion = "Xcode 3.2";
			developmentRegion = English;
			hasScannedForEncodings = 0;
			knownRegions = (
				en,
			);
			mainGroup = 5A0A10A016A640A300CC70CD;
			productRefGroup = 5A0A10AC16A640A300CC70CD /* Products */;
			projectDirPath = "";
			projectRoot = "";
			targets = (
				5A0A10AA16A640A300CC70CD /* IA */,
				5A0A10D116A640A300CC70CD /* IATests */,
			);
		};
/* End PBXProject section */

/* Begin PBXResourcesBuildPhase section */
		5A0A10A916A640A300CC70CD /* Resources */ = {
			isa = PBXResourcesBuildPhase;
			buildActionMask = 2147483647;
			files = (
				5A9003B91735C9A3000C6304 /* IA.xcdatamodeld in Resources */,
				5A0A10BA16A640A300CC70CD /* InfoPlist.strings in Resources */,
				5A0A10C916A640A300CC70CD /* MainStoryboard.storyboard in Resources */,
				CE752A2816C1799400A432AB /* uiglassbutton-template.png in Resources */,
				CE3019D316C5937A00733B99 /* Default-Landscape@2x~ipad.png in Resources */,
				CE3019D416C5937A00733B99 /* Default-Landscape~ipad.png in Resources */,
				CE3019D516C5937A00733B99 /* Default-Portrait@2x~ipad.png in Resources */,
				CE3019D616C5937A00733B99 /* Default-Portrait~ipad.png in Resources */,
				CE3019D916C5953100733B99 /* Icon-72.png in Resources */,
				CE3019DA16C5953100733B99 /* Icon-72@2x.png in Resources */,
				CE3019DC16C5963000733B99 /* Icon.png in Resources */,
				5ADAB7F116C76F5400DBC072 /* audio.gif in Resources */,
				5ADAB7F216C76F5400DBC072 /* movies.gif in Resources */,
				5ADAB7F316C76F5400DBC072 /* texts.gif in Resources */,
				5A31D4FA16C7B2A200710DE0 /* leftContentShadow.png in Resources */,
				5A31D4FB16C7B2A200710DE0 /* leftContentShadow@2x.png in Resources */,
				5A31D4FE16C7B56E00710DE0 /* vertShadow.png in Resources */,
				5A31D4FF16C7B56E00710DE0 /* vertShadow@2x.png in Resources */,
				CEBA014016CEEFCE0038625F /* vertShadowBottom.png in Resources */,
				CEBA014116CEEFCE0038625F /* vertShadowBottom@2x.png in Resources */,
				5A8CA7E816D00D1800F97BF7 /* barIcon.png in Resources */,
				5A8CA7EB16D0365000F97BF7 /* share-bbi.png in Resources */,
				5A8CA7EC16D0365000F97BF7 /* share-bbi@2x.png in Resources */,
				5A8CA7F416D0423600F97BF7 /* W-share-FB.png in Resources */,
				5A8CA7F516D0423600F97BF7 /* W-share-FB@2x.png in Resources */,
				5A8CA7F616D0423600F97BF7 /* W-share-twitter.png in Resources */,
				5A8CA7F716D0423600F97BF7 /* W-share-twitter@2x.png in Resources */,
				5A942D4616D5F545001CB01B /* MainStoryboard-iPhone.storyboard in Resources */,
				5AF2310616D7551800262B09 /* Icon-57.png in Resources */,
				5AF2310816D7552300262B09 /* Icon-57@2x.png in Resources */,
				5AF2310A16D756BC00262B09 /* Default.png in Resources */,
				5AF2310C16D756C500262B09 /* Default@2x.png in Resources */,
				5AF2311016D758F900262B09 /* Default-568h@2x.png in Resources */,
				CEEA730D16DD30C80092FA84 /* list.png in Resources */,
				CEEA731316DD53A40092FA84 /* rightContentShadow.png in Resources */,
				CEEA731416DD53A40092FA84 /* rightContentShadow@2x.png in Resources */,
				5AE16FB116E2BF5800029E3E /* Jackson_Pollock.jpg in Resources */,
				5AE16FB316E2CF2E00029E3E /* TVScanLines.jpg in Resources */,
				5A51FA4D16E3C6C5004E5C44 /* email-icon.png in Resources */,
				5A51FA4E16E3C6C5004E5C44 /* email-icon@2x.png in Resources */,
				CE1F81F016EAB11E009739F2 /* bar.png in Resources */,
				5A75EAE91731B83C007CEEA4 /* petabox.jpg in Resources */,
				5A5065361737024100D295E2 /* play-plainer.png in Resources */,
				5A506538173704CE00D295E2 /* pause-plainer.png in Resources */,
				5A5065471737139B00D295E2 /* fastforward.png in Resources */,
				5A5065481737139B00D295E2 /* rewind.png in Resources */,
				5AC008A317371B33002571CB /* next.png in Resources */,
				5AC008A417371B33002571CB /* previous.png in Resources */,
				5AC008A617371D0D002571CB /* upup.png in Resources */,
				5AC008AC173760CE002571CB /* addall.png in Resources */,
				5A04CEC317447A0E00AA3EE6 /* fullscreen.png in Resources */,
				5AED60EB1745F6BC009320E0 /* favorites-tab.png in Resources */,
				5AED60EE174600BB009320E0 /* close-btn.png in Resources */,
				5AED60F01746125F009320E0 /* close-tab.png in Resources */,
				CE204B5C1746AAB100AD6066 /* player-tab-iphone.png in Resources */,
				CE204B641746B3B200AD6066 /* mediabar.png in Resources */,
				CE204B6D1746C82100AD6066 /* favorites-icon.png in Resources */,
				5AFB0EBC1748365100FAE78B /* collection-button.png in Resources */,
				5AFB0EC217483AB800FAE78B /* collection-banner.png in Resources */,
				5AFB0EC4174950CD00FAE78B /* left-arrow.png in Resources */,
				5AFB0EC6174955AB00FAE78B /* musicplayer-tab.png in Resources */,
				5AFB0EC81749578600FAE78B /* speaker-button.png in Resources */,
				5AFB0ECA1749621600FAE78B /* section-cell-background.png in Resources */,
				5AFB0ECC1749644B00FAE78B /* plain-cell-background.png in Resources */,
				5AFB0ECE17496E9C00FAE78B /* search-button.png in Resources */,
				5AFB0ED01749746100FAE78B /* ia-button.png in Resources */,
				5AAEE97C174F226400A64A18 /* thumbs-up.png in Resources */,
				5AAEE97E174F22D800A64A18 /* mostdownloaded-button.png in Resources */,
				5AAEE980174F255A00A64A18 /* bylatest-button.png in Resources */,
				5A2350091780BC7C0050C9A2 /* ia-button-plain@2x.png in Resources */,
				5A23500D1780BDC50050C9A2 /* ia-button-plain.png in Resources */,
				5A2350101780BE9D0050C9A2 /* search-button-plain@2x.png in Resources */,
				5A2350131780BEE30050C9A2 /* search-button-plain.png in Resources */,
				5A23501A1780C27D0050C9A2 /* new-list.png in Resources */,
				5A23501B1780C27D0050C9A2 /* new-list@2x.png in Resources */,
				5A2350241780DA8A0050C9A2 /* back-button.png in Resources */,
				5A2350251780DA8A0050C9A2 /* back-button@2x.png in Resources */,
				CEAE1A1217927FA10027AC5C /* x-done.png in Resources */,
				CEAE1A1317927FA10027AC5C /* x-done@2x.png in Resources */,
				CE89EFF51795927300E05EE3 /* player-button.png in Resources */,
				CE89EFF61795927300E05EE3 /* player-button@2x.png in Resources */,
				CE89EFF9179595C200E05EE3 /* toolbar.png in Resources */,
				CE89EFFA179595C200E05EE3 /* toolbar@2x.png in Resources */,
				CE89F0051795A21500E05EE3 /* close-button.png in Resources */,
				CE89F0061795A21500E05EE3 /* close-button@2x.png in Resources */,
				CEE4AC5A1795E48100FAE34F /* play-button.png in Resources */,
				CEE4AC5B1795E48100FAE34F /* play-button@2x.png in Resources */,
				CEE4AC621795E6EA00FAE34F /* forward-button.png in Resources */,
				CEE4AC631795E6EA00FAE34F /* forward-button@2x.png in Resources */,
				CEE4AC641795E6EA00FAE34F /* pause-button.png in Resources */,
				CEE4AC651795E6EA00FAE34F /* pause-button@2x.png in Resources */,
				CEE4AC661795E6EA00FAE34F /* reverse-button.png in Resources */,
				CEE4AC671795E6EA00FAE34F /* reverse-button@2x.png in Resources */,
			);
			runOnlyForDeploymentPostprocessing = 0;
		};
		5A0A10CF16A640A300CC70CD /* Resources */ = {
			isa = PBXResourcesBuildPhase;
			buildActionMask = 2147483647;
			files = (
				5A0A10DE16A640A300CC70CD /* InfoPlist.strings in Resources */,
			);
			runOnlyForDeploymentPostprocessing = 0;
		};
/* End PBXResourcesBuildPhase section */

/* Begin PBXShellScriptBuildPhase section */
		5A0A10D016A640A300CC70CD /* ShellScript */ = {
			isa = PBXShellScriptBuildPhase;
			buildActionMask = 2147483647;
			files = (
			);
			inputPaths = (
			);
			outputPaths = (
			);
			runOnlyForDeploymentPostprocessing = 0;
			shellPath = /bin/sh;
			shellScript = "# Run the unit tests in this test bundle.\n\"${SYSTEM_DEVELOPER_DIR}/Tools/RunUnitTests\"\n";
		};
/* End PBXShellScriptBuildPhase section */

/* Begin PBXSourcesBuildPhase section */
		5A0A10A716A640A300CC70CD /* Sources */ = {
			isa = PBXSourcesBuildPhase;
			buildActionMask = 2147483647;
			files = (
				5A0A10BC16A640A300CC70CD /* main.m in Sources */,
				5A0A10C016A640A300CC70CD /* AppDelegate.m in Sources */,
				5A8A195C16B5DDDA00F6A2E4 /* ArchiveSearchDoc.m in Sources */,
				5A23930716C3855400C3E107 /* ArchiveFile.m in Sources */,
				CE3019CE16C5729E00733B99 /* StringUtils.m in Sources */,
				5A9003161735B507000C6304 /* IA.xcdatamodeld in Sources */,
				5A9003191735B6E3000C6304 /* PlayerFile.m in Sources */,
				5A756D84177FA35500E7F922 /* MainNavViewController.m in Sources */,
				5A756D87177FA71600E7F922 /* MainNavTableViewCell.m in Sources */,
				5A756D8C177FAAC900E7F922 /* ArchiveCache.m in Sources */,
				5A756D90177FAEDF00E7F922 /* ArchiveImage.m in Sources */,
				5A756D94177FAF9700E7F922 /* ArchiveFileDownload.m in Sources */,
				5A756D97177FB14500E7F922 /* ArchiveFileDownloader.m in Sources */,
				5A756D9B177FBF7B00E7F922 /* IADataService.m in Sources */,
				5A756D9E177FC57F00E7F922 /* IAJsonDataService.m in Sources */,
				5A756DA1177FF0C600E7F922 /* ArchiveImageView.m in Sources */,
				5A756DA5177FFE2800E7F922 /* InitialViewController.m in Sources */,
				5A756DAD1780025C00E7F922 /* CentralViewController.m in Sources */,
				5A756DB1178002A000E7F922 /* ContentViewController.m in Sources */,
				5A0D9A3017802F1F006D539C /* MainNavTableViewHeaderViewCell.m in Sources */,
				5A23501E1780C44D0050C9A2 /* ItemContentViewController.m in Sources */,
				5A2350211780C47A0050C9A2 /* CollectionContentViewController.m in Sources */,
				5A7C05A217890CEA0044EC5B /* CollectionDataHandlerAndHeaderView.m in Sources */,
				5A7C05A6178917410044EC5B /* CollectionViewTableCell.m in Sources */,
				5AD16C65178E307F00B7E58C /* ArchiveLoadingView.m in Sources */,
				CEEF55D3178F6A2F0085E0CF /* PopUpView.m in Sources */,
				CE6FFE2F17933EE0002A292B /* MetaDataTable.m in Sources */,
				CE6FFE32179345D6002A292B /* MetaCell.m in Sources */,
				CE3FFD0D17943D8300709F5F /* MediaFileCell.m in Sources */,
				CE3FFD10179440D200709F5F /* MediaFileHeaderCell.m in Sources */,
				CE3FFD1417944FAB00709F5F /* MediaPlayerViewController.m in Sources */,
				CEE4AC4F1795C7C800FAE34F /* ArchiveCollectionViewControllerHelper.m in Sources */,
			);
			runOnlyForDeploymentPostprocessing = 0;
		};
		5A0A10CD16A640A300CC70CD /* Sources */ = {
			isa = PBXSourcesBuildPhase;
			buildActionMask = 2147483647;
			files = (
				5A0A10E116A640A300CC70CD /* The_Internet_Archive_CompanionTests.m in Sources */,
			);
			runOnlyForDeploymentPostprocessing = 0;
		};
/* End PBXSourcesBuildPhase section */

/* Begin PBXTargetDependency section */
		5A0A10D816A640A300CC70CD /* PBXTargetDependency */ = {
			isa = PBXTargetDependency;
			target = 5A0A10AA16A640A300CC70CD /* IA */;
			targetProxy = 5A0A10D716A640A300CC70CD /* PBXContainerItemProxy */;
		};
/* End PBXTargetDependency section */

/* Begin PBXVariantGroup section */
		5A0A10B816A640A300CC70CD /* InfoPlist.strings */ = {
			isa = PBXVariantGroup;
			children = (
				5A0A10B916A640A300CC70CD /* en */,
			);
			name = InfoPlist.strings;
			sourceTree = "<group>";
		};
		5A0A10C716A640A300CC70CD /* MainStoryboard.storyboard */ = {
			isa = PBXVariantGroup;
			children = (
				5A0A10C816A640A300CC70CD /* en */,
			);
			name = MainStoryboard.storyboard;
			sourceTree = "<group>";
		};
		5A0A10DC16A640A300CC70CD /* InfoPlist.strings */ = {
			isa = PBXVariantGroup;
			children = (
				5A0A10DD16A640A300CC70CD /* en */,
			);
			name = InfoPlist.strings;
			sourceTree = "<group>";
		};
/* End PBXVariantGroup section */

/* Begin XCBuildConfiguration section */
		5A0A10E216A640A300CC70CD /* Debug */ = {
			isa = XCBuildConfiguration;
			buildSettings = {
				ALWAYS_SEARCH_USER_PATHS = NO;
				CLANG_CXX_LANGUAGE_STANDARD = "gnu++0x";
				CLANG_CXX_LIBRARY = "libc++";
				CLANG_ENABLE_OBJC_ARC = YES;
				CLANG_WARN_EMPTY_BODY = YES;
				CLANG_WARN__DUPLICATE_METHOD_MATCH = YES;
				CODE_SIGN_IDENTITY = "iPhone Developer";
				"CODE_SIGN_IDENTITY[sdk=iphoneos*]" = "";
				COPY_PHASE_STRIP = NO;
				GCC_C_LANGUAGE_STANDARD = gnu99;
				GCC_DYNAMIC_NO_PIC = NO;
				GCC_OPTIMIZATION_LEVEL = 0;
				GCC_PREPROCESSOR_DEFINITIONS = (
					"DEBUG=1",
					"$(inherited)",
				);
				GCC_SYMBOLS_PRIVATE_EXTERN = NO;
				GCC_WARN_ABOUT_RETURN_TYPE = YES;
				GCC_WARN_UNINITIALIZED_AUTOS = YES;
				GCC_WARN_UNUSED_VARIABLE = YES;
				IPHONEOS_DEPLOYMENT_TARGET = 6.0;
				ONLY_ACTIVE_ARCH = YES;
				PROVISIONING_PROFILE = "";
				SDKROOT = iphoneos;
				TARGETED_DEVICE_FAMILY = 2;
			};
			name = Debug;
		};
		5A0A10E316A640A300CC70CD /* Release */ = {
			isa = XCBuildConfiguration;
			buildSettings = {
				ALWAYS_SEARCH_USER_PATHS = NO;
				CLANG_CXX_LANGUAGE_STANDARD = "gnu++0x";
				CLANG_CXX_LIBRARY = "libc++";
				CLANG_ENABLE_OBJC_ARC = YES;
				CLANG_WARN_EMPTY_BODY = YES;
				CLANG_WARN__DUPLICATE_METHOD_MATCH = YES;
				CODE_SIGN_IDENTITY = "iPhone Developer";
				"CODE_SIGN_IDENTITY[sdk=iphoneos*]" = "";
				COPY_PHASE_STRIP = YES;
				GCC_C_LANGUAGE_STANDARD = gnu99;
				GCC_WARN_ABOUT_RETURN_TYPE = YES;
				GCC_WARN_UNINITIALIZED_AUTOS = YES;
				GCC_WARN_UNUSED_VARIABLE = YES;
				IPHONEOS_DEPLOYMENT_TARGET = 6.0;
				OTHER_CFLAGS = "-DNS_BLOCK_ASSERTIONS=1";
				PROVISIONING_PROFILE = "";
				SDKROOT = iphoneos;
				TARGETED_DEVICE_FAMILY = 2;
				VALIDATE_PRODUCT = YES;
			};
			name = Release;
		};
		5A0A10E516A640A300CC70CD /* Debug */ = {
			isa = XCBuildConfiguration;
			buildSettings = {
				CODE_SIGN_IDENTITY = "iPhone Developer";
				GCC_PRECOMPILE_PREFIX_HEADER = YES;
				GCC_PREFIX_HEADER = "The Internet Archive Companion/IA-Prefix.pch";
				INFOPLIST_FILE = "The Internet Archive Companion/IA-Info.plist";
				PRODUCT_NAME = IA;
				PROVISIONING_PROFILE = "";
				TARGETED_DEVICE_FAMILY = "1,2";
				WRAPPER_EXTENSION = app;
			};
			name = Debug;
		};
		5A0A10E616A640A300CC70CD /* Release */ = {
			isa = XCBuildConfiguration;
			buildSettings = {
				CODE_SIGN_IDENTITY = "iPhone Developer";
				GCC_PRECOMPILE_PREFIX_HEADER = YES;
				GCC_PREFIX_HEADER = "The Internet Archive Companion/IA-Prefix.pch";
				INFOPLIST_FILE = "The Internet Archive Companion/IA-Info.plist";
				PRODUCT_NAME = IA;
				PROVISIONING_PROFILE = "";
				TARGETED_DEVICE_FAMILY = "1,2";
				WRAPPER_EXTENSION = app;
			};
			name = Release;
		};
		5A0A10E816A640A300CC70CD /* Debug */ = {
			isa = XCBuildConfiguration;
			buildSettings = {
				BUNDLE_LOADER = "$(BUILT_PRODUCTS_DIR)/The Internet Archive Companion.app/The Internet Archive Companion";
				FRAMEWORK_SEARCH_PATHS = (
					"\"$(SDKROOT)/Developer/Library/Frameworks\"",
					"\"$(DEVELOPER_LIBRARY_DIR)/Frameworks\"",
				);
				GCC_PRECOMPILE_PREFIX_HEADER = YES;
				GCC_PREFIX_HEADER = "The Internet Archive Companion/The Internet Archive Companion-Prefix.pch";
				INFOPLIST_FILE = "The Internet Archive CompanionTests/IATests-Info.plist";
				PRODUCT_NAME = IATests;
				TEST_HOST = "$(BUNDLE_LOADER)";
				WRAPPER_EXTENSION = octest;
			};
			name = Debug;
		};
		5A0A10E916A640A300CC70CD /* Release */ = {
			isa = XCBuildConfiguration;
			buildSettings = {
				BUNDLE_LOADER = "$(BUILT_PRODUCTS_DIR)/The Internet Archive Companion.app/The Internet Archive Companion";
				FRAMEWORK_SEARCH_PATHS = (
					"\"$(SDKROOT)/Developer/Library/Frameworks\"",
					"\"$(DEVELOPER_LIBRARY_DIR)/Frameworks\"",
				);
				GCC_PRECOMPILE_PREFIX_HEADER = YES;
				GCC_PREFIX_HEADER = "The Internet Archive Companion/The Internet Archive Companion-Prefix.pch";
				INFOPLIST_FILE = "The Internet Archive CompanionTests/IATests-Info.plist";
				PRODUCT_NAME = IATests;
				TEST_HOST = "$(BUNDLE_LOADER)";
				WRAPPER_EXTENSION = octest;
			};
			name = Release;
		};
/* End XCBuildConfiguration section */

/* Begin XCConfigurationList section */
		5A0A10A516A640A300CC70CD /* Build configuration list for PBXProject "IA" */ = {
			isa = XCConfigurationList;
			buildConfigurations = (
				5A0A10E216A640A300CC70CD /* Debug */,
				5A0A10E316A640A300CC70CD /* Release */,
			);
			defaultConfigurationIsVisible = 0;
			defaultConfigurationName = Release;
		};
		5A0A10E416A640A300CC70CD /* Build configuration list for PBXNativeTarget "IA" */ = {
			isa = XCConfigurationList;
			buildConfigurations = (
				5A0A10E516A640A300CC70CD /* Debug */,
				5A0A10E616A640A300CC70CD /* Release */,
			);
			defaultConfigurationIsVisible = 0;
			defaultConfigurationName = Release;
		};
		5A0A10E716A640A300CC70CD /* Build configuration list for PBXNativeTarget "IATests" */ = {
			isa = XCConfigurationList;
			buildConfigurations = (
				5A0A10E816A640A300CC70CD /* Debug */,
				5A0A10E916A640A300CC70CD /* Release */,
			);
			defaultConfigurationIsVisible = 0;
			defaultConfigurationName = Release;
		};
/* End XCConfigurationList section */

/* Begin XCVersionGroup section */
		5A9003141735B507000C6304 /* IA.xcdatamodeld */ = {
			isa = XCVersionGroup;
			children = (
				5A9003151735B507000C6304 /* IA.xcdatamodel */,
			);
			currentVersion = 5A9003151735B507000C6304 /* IA.xcdatamodel */;
			path = IA.xcdatamodeld;
			sourceTree = "<group>";
			versionGroupType = wrapper.xcdatamodel;
		};
/* End XCVersionGroup section */
	};
	rootObject = 5A0A10A216A640A300CC70CD /* Project object */;
}
