// !$*UTF8*$!
{
	archiveVersion = 1;
	classes = {
	};
	objectVersion = 46;
	objects = {

/* Begin PBXBuildFile section */
		5A0A10B016A640A300CC70CD /* UIKit.framework in Frameworks */ = {isa = PBXBuildFile; fileRef = 5A0A10AF16A640A300CC70CD /* UIKit.framework */; };
		5A0A10B216A640A300CC70CD /* Foundation.framework in Frameworks */ = {isa = PBXBuildFile; fileRef = 5A0A10B116A640A300CC70CD /* Foundation.framework */; };
		5A0A10B416A640A300CC70CD /* CoreGraphics.framework in Frameworks */ = {isa = PBXBuildFile; fileRef = 5A0A10B316A640A300CC70CD /* CoreGraphics.framework */; };
		5A0A10BA16A640A300CC70CD /* InfoPlist.strings in Resources */ = {isa = PBXBuildFile; fileRef = 5A0A10B816A640A300CC70CD /* InfoPlist.strings */; };
		5A0A10BC16A640A300CC70CD /* main.m in Sources */ = {isa = PBXBuildFile; fileRef = 5A0A10BB16A640A300CC70CD /* main.m */; };
		5A0A10C016A640A300CC70CD /* AppDelegate.m in Sources */ = {isa = PBXBuildFile; fileRef = 5A0A10BF16A640A300CC70CD /* AppDelegate.m */; };
		5A0A10C916A640A300CC70CD /* MainStoryboard.storyboard in Resources */ = {isa = PBXBuildFile; fileRef = 5A0A10C716A640A300CC70CD /* MainStoryboard.storyboard */; };
		5A0A10D416A640A300CC70CD /* SenTestingKit.framework in Frameworks */ = {isa = PBXBuildFile; fileRef = 5A0A10D316A640A300CC70CD /* SenTestingKit.framework */; };
		5A0A10D516A640A300CC70CD /* UIKit.framework in Frameworks */ = {isa = PBXBuildFile; fileRef = 5A0A10AF16A640A300CC70CD /* UIKit.framework */; };
		5A0A10D616A640A300CC70CD /* Foundation.framework in Frameworks */ = {isa = PBXBuildFile; fileRef = 5A0A10B116A640A300CC70CD /* Foundation.framework */; };
		5A0A10DE16A640A300CC70CD /* InfoPlist.strings in Resources */ = {isa = PBXBuildFile; fileRef = 5A0A10DC16A640A300CC70CD /* InfoPlist.strings */; };
		5A0A10E116A640A300CC70CD /* The_Internet_Archive_CompanionTests.m in Sources */ = {isa = PBXBuildFile; fileRef = 5A0A10E016A640A300CC70CD /* The_Internet_Archive_CompanionTests.m */; };
		5A23930716C3855400C3E107 /* ArchiveFile.m in Sources */ = {isa = PBXBuildFile; fileRef = 5A23930616C3855400C3E107 /* ArchiveFile.m */; };
		5A23930916C3A07500C3E107 /* MediaPlayer.framework in Frameworks */ = {isa = PBXBuildFile; fileRef = 5A23930816C3A07500C3E107 /* MediaPlayer.framework */; };
		5A31D4FA16C7B2A200710DE0 /* leftContentShadow.png in Resources */ = {isa = PBXBuildFile; fileRef = 5A31D4F816C7B2A200710DE0 /* leftContentShadow.png */; };
		5A31D4FB16C7B2A200710DE0 /* leftContentShadow@2x.png in Resources */ = {isa = PBXBuildFile; fileRef = 5A31D4F916C7B2A200710DE0 /* leftContentShadow@2x.png */; };
		5A31D4FE16C7B56E00710DE0 /* vertShadow.png in Resources */ = {isa = PBXBuildFile; fileRef = 5A31D4FC16C7B56E00710DE0 /* vertShadow.png */; };
		5A31D4FF16C7B56E00710DE0 /* vertShadow@2x.png in Resources */ = {isa = PBXBuildFile; fileRef = 5A31D4FD16C7B56E00710DE0 /* vertShadow@2x.png */; };
		5A528DBE16C782100066EEEF /* HomeNavSectionView.m in Sources */ = {isa = PBXBuildFile; fileRef = 5A528DBD16C782100066EEEF /* HomeNavSectionView.m */; };
		5A528DC016C7825B0066EEEF /* HomeNavSectionView~ipad.xib in Resources */ = {isa = PBXBuildFile; fileRef = 5A528DBF16C7825A0066EEEF /* HomeNavSectionView~ipad.xib */; };
		5A528DC316C7A14D0066EEEF /* HomeContentParentView.m in Sources */ = {isa = PBXBuildFile; fileRef = 5A528DC216C7A14D0066EEEF /* HomeContentParentView.m */; };
		5A8A191D16B4FAD900F6A2E4 /* AsyncImageView.m in Sources */ = {isa = PBXBuildFile; fileRef = 5A8A191C16B4FAD900F6A2E4 /* AsyncImageView.m */; };
		5A8A193E16B5B15C00F6A2E4 /* ArchiveCollectionView.m in Sources */ = {isa = PBXBuildFile; fileRef = 5A8A193D16B5B15C00F6A2E4 /* ArchiveCollectionView.m */; };
		5A8A195916B5C2F500F6A2E4 /* ArchiveCollectionCell.m in Sources */ = {isa = PBXBuildFile; fileRef = 5A8A195816B5C2F500F6A2E4 /* ArchiveCollectionCell.m */; };
		5A8A195C16B5DDDA00F6A2E4 /* ArchiveSearchDoc.m in Sources */ = {isa = PBXBuildFile; fileRef = 5A8A195B16B5DDD900F6A2E4 /* ArchiveSearchDoc.m */; };
		5A8CA7E816D00D1800F97BF7 /* barIcon.png in Resources */ = {isa = PBXBuildFile; fileRef = 5A8CA7E716D00D1800F97BF7 /* barIcon.png */; };
		5A8CA7EB16D0365000F97BF7 /* share-bbi.png in Resources */ = {isa = PBXBuildFile; fileRef = 5A8CA7E916D0365000F97BF7 /* share-bbi.png */; };
		5A8CA7EC16D0365000F97BF7 /* share-bbi@2x.png in Resources */ = {isa = PBXBuildFile; fileRef = 5A8CA7EA16D0365000F97BF7 /* share-bbi@2x.png */; };
		5A8CA7EF16D03D1000F97BF7 /* ArchiveShareViewController.m in Sources */ = {isa = PBXBuildFile; fileRef = 5A8CA7EE16D03D1000F97BF7 /* ArchiveShareViewController.m */; };
		5A8CA7F416D0423600F97BF7 /* W-share-FB.png in Resources */ = {isa = PBXBuildFile; fileRef = 5A8CA7F016D0423600F97BF7 /* W-share-FB.png */; };
		5A8CA7F516D0423600F97BF7 /* W-share-FB@2x.png in Resources */ = {isa = PBXBuildFile; fileRef = 5A8CA7F116D0423600F97BF7 /* W-share-FB@2x.png */; };
		5A8CA7F616D0423600F97BF7 /* W-share-twitter.png in Resources */ = {isa = PBXBuildFile; fileRef = 5A8CA7F216D0423600F97BF7 /* W-share-twitter.png */; };
		5A8CA7F716D0423600F97BF7 /* W-share-twitter@2x.png in Resources */ = {isa = PBXBuildFile; fileRef = 5A8CA7F316D0423600F97BF7 /* W-share-twitter@2x.png */; };
		5A8CA7FA16D0445500F97BF7 /* ArchiveShareTableViewCell.m in Sources */ = {isa = PBXBuildFile; fileRef = 5A8CA7F916D0445500F97BF7 /* ArchiveShareTableViewCell.m */; };
		5A8CA7FC16D051EF00F97BF7 /* Social.framework in Frameworks */ = {isa = PBXBuildFile; fileRef = 5A8CA7FB16D051EF00F97BF7 /* Social.framework */; };
		5A8CA7FF16D0965200F97BF7 /* ArchiveImageViewController.m in Sources */ = {isa = PBXBuildFile; fileRef = 5A8CA7FE16D0965100F97BF7 /* ArchiveImageViewController.m */; };
		5A942D4616D5F545001CB01B /* MainStoryboard-iPhone.storyboard in Resources */ = {isa = PBXBuildFile; fileRef = 5A942D4516D5F545001CB01B /* MainStoryboard-iPhone.storyboard */; };
		5A942D4816D60AAD001CB01B /* HomeNavSectionView~iphone.xib in Resources */ = {isa = PBXBuildFile; fileRef = 5A942D4716D60AAD001CB01B /* HomeNavSectionView~iphone.xib */; };
		5A990BA716B9F2E500B4C058 /* QuartzCore.framework in Frameworks */ = {isa = PBXBuildFile; fileRef = 5A990BA616B9F2E500B4C058 /* QuartzCore.framework */; };
		5A990BBC16BA56AD00B4C058 /* ArchiveDetailedCollectionViewCell.m in Sources */ = {isa = PBXBuildFile; fileRef = 5A990BBB16BA56AD00B4C058 /* ArchiveDetailedCollectionViewCell.m */; };
		5AA29AA316BB8CD00082D3C4 /* ArchiveDetailedViewController.m in Sources */ = {isa = PBXBuildFile; fileRef = 5AA29AA216BB8CCF0082D3C4 /* ArchiveDetailedViewController.m */; };
		5AA2EDB916D2C140003EAD82 /* HomeCollectionViewController.m in Sources */ = {isa = PBXBuildFile; fileRef = 5AA2EDB816D2C140003EAD82 /* HomeCollectionViewController.m */; };
		5AB7AB5916CA3A230014D40C /* ArchiveBookPageImageViewController.xib in Resources */ = {isa = PBXBuildFile; fileRef = 5AB7AB5816CA3A230014D40C /* ArchiveBookPageImageViewController.xib */; };
		5AD2071116A8F98E0027CCA5 /* ArchiveDataService.m in Sources */ = {isa = PBXBuildFile; fileRef = 5AD2071016A8F98E0027CCA5 /* ArchiveDataService.m */; };
		5AD5975316CA1AE300AD663B /* ArchivePageViewController.m in Sources */ = {isa = PBXBuildFile; fileRef = 5AD5975216CA1AE300AD663B /* ArchivePageViewController.m */; };
		5ADAB7D316C6C1B400DBC072 /* HomeCombinedViewController.m in Sources */ = {isa = PBXBuildFile; fileRef = 5ADAB7D216C6C1B400DBC072 /* HomeCombinedViewController.m */; };
		5ADAB7D616C6D40400DBC072 /* HomeContentTableView.m in Sources */ = {isa = PBXBuildFile; fileRef = 5ADAB7D516C6D40400DBC072 /* HomeContentTableView.m */; };
		5ADAB7E216C6FA9600DBC072 /* HomeNavTableView.m in Sources */ = {isa = PBXBuildFile; fileRef = 5ADAB7E116C6FA9600DBC072 /* HomeNavTableView.m */; };
		5ADAB7E516C6FFAE00DBC072 /* HomeScrollView.m in Sources */ = {isa = PBXBuildFile; fileRef = 5ADAB7E416C6FFAE00DBC072 /* HomeScrollView.m */; };
		5ADAB7E916C76DD200DBC072 /* HomeNavCell.m in Sources */ = {isa = PBXBuildFile; fileRef = 5ADAB7E816C76DD200DBC072 /* HomeNavCell.m */; };
		5ADAB7EC16C76DE800DBC072 /* HomeContentCell.m in Sources */ = {isa = PBXBuildFile; fileRef = 5ADAB7EB16C76DE800DBC072 /* HomeContentCell.m */; };
		5ADAB7F116C76F5400DBC072 /* audio.gif in Resources */ = {isa = PBXBuildFile; fileRef = 5ADAB7EE16C76F5400DBC072 /* audio.gif */; };
		5ADAB7F216C76F5400DBC072 /* movies.gif in Resources */ = {isa = PBXBuildFile; fileRef = 5ADAB7EF16C76F5400DBC072 /* movies.gif */; };
		5ADAB7F316C76F5400DBC072 /* texts.gif in Resources */ = {isa = PBXBuildFile; fileRef = 5ADAB7F016C76F5400DBC072 /* texts.gif */; };
		5AE33BEA16CC955900129C62 /* ArchiveMetadataTableView.m in Sources */ = {isa = PBXBuildFile; fileRef = 5AE33BE916CC955900129C62 /* ArchiveMetadataTableView.m */; };
		5AE33BED16CC96AE00129C62 /* ArchiveMetadataTableViewCell.m in Sources */ = {isa = PBXBuildFile; fileRef = 5AE33BEC16CC96AE00129C62 /* ArchiveMetadataTableViewCell.m */; };
		5AF2310616D7551800262B09 /* Icon-57.png in Resources */ = {isa = PBXBuildFile; fileRef = 5AF2310516D7551800262B09 /* Icon-57.png */; };
		5AF2310816D7552300262B09 /* Icon-57@2x.png in Resources */ = {isa = PBXBuildFile; fileRef = 5AF2310716D7552300262B09 /* Icon-57@2x.png */; };
		5AF2310A16D756BC00262B09 /* Default.png in Resources */ = {isa = PBXBuildFile; fileRef = 5AF2310916D756BC00262B09 /* Default.png */; };
		5AF2310C16D756C500262B09 /* Default@2x.png in Resources */ = {isa = PBXBuildFile; fileRef = 5AF2310B16D756C500262B09 /* Default@2x.png */; };
		5AF2311016D758F900262B09 /* Default-568h@2x.png in Resources */ = {isa = PBXBuildFile; fileRef = 5AF2310F16D758F900262B09 /* Default-568h@2x.png */; };
		CE18814B16CEA71F0040EA9A /* HomeViewController.m in Sources */ = {isa = PBXBuildFile; fileRef = CE18814A16CEA71F0040EA9A /* HomeViewController.m */; };
		CE18814E16CEA7640040EA9A /* ArchivePlayerViewController.m in Sources */ = {isa = PBXBuildFile; fileRef = CE18814D16CEA7640040EA9A /* ArchivePlayerViewController.m */; };
		CE18815116CEAC630040EA9A /* ArchivePlayerTableViewCell.m in Sources */ = {isa = PBXBuildFile; fileRef = CE18815016CEAC630040EA9A /* ArchivePlayerTableViewCell.m */; };
		CE1B959316C9D722002E9D8D /* ArchiveBookPageImageViewController.m in Sources */ = {isa = PBXBuildFile; fileRef = CE1B959216C9D722002E9D8D /* ArchiveBookPageImageViewController.m */; };
		CE3019CE16C5729E00733B99 /* StringUtils.m in Sources */ = {isa = PBXBuildFile; fileRef = CE3019CD16C5729E00733B99 /* StringUtils.m */; };
		CE3019D316C5937A00733B99 /* Default-Landscape@2x~ipad.png in Resources */ = {isa = PBXBuildFile; fileRef = CE3019CF16C5937A00733B99 /* Default-Landscape@2x~ipad.png */; };
		CE3019D416C5937A00733B99 /* Default-Landscape~ipad.png in Resources */ = {isa = PBXBuildFile; fileRef = CE3019D016C5937A00733B99 /* Default-Landscape~ipad.png */; };
		CE3019D516C5937A00733B99 /* Default-Portrait@2x~ipad.png in Resources */ = {isa = PBXBuildFile; fileRef = CE3019D116C5937A00733B99 /* Default-Portrait@2x~ipad.png */; };
		CE3019D616C5937A00733B99 /* Default-Portrait~ipad.png in Resources */ = {isa = PBXBuildFile; fileRef = CE3019D216C5937A00733B99 /* Default-Portrait~ipad.png */; };
		CE3019D916C5953100733B99 /* Icon-72.png in Resources */ = {isa = PBXBuildFile; fileRef = CE3019D716C5953100733B99 /* Icon-72.png */; };
		CE3019DA16C5953100733B99 /* Icon-72@2x.png in Resources */ = {isa = PBXBuildFile; fileRef = CE3019D816C5953100733B99 /* Icon-72@2x.png */; };
		CE3019DC16C5963000733B99 /* Icon.png in Resources */ = {isa = PBXBuildFile; fileRef = CE3019DB16C5963000733B99 /* Icon.png */; };
		CE752A2816C1799400A432AB /* uiglassbutton-template.png in Resources */ = {isa = PBXBuildFile; fileRef = CE752A2716C1799400A432AB /* uiglassbutton-template.png */; };
		CEBA014016CEEFCE0038625F /* vertShadowBottom.png in Resources */ = {isa = PBXBuildFile; fileRef = CEBA013E16CEEFCE0038625F /* vertShadowBottom.png */; };
		CEBA014116CEEFCE0038625F /* vertShadowBottom@2x.png in Resources */ = {isa = PBXBuildFile; fileRef = CEBA013F16CEEFCE0038625F /* vertShadowBottom@2x.png */; };
		CEBA014316CEF6B30038625F /* AVFoundation.framework in Frameworks */ = {isa = PBXBuildFile; fileRef = CEBA014216CEF6B30038625F /* AVFoundation.framework */; };
		CEBA014716CEFFB60038625F /* AudioToolbox.framework in Frameworks */ = {isa = PBXBuildFile; fileRef = CEBA014616CEFFB60038625F /* AudioToolbox.framework */; };
		CED75E3116D6C3FF00BB37CD /* ArchivePhoneExtraDetailsViewController.m in Sources */ = {isa = PBXBuildFile; fileRef = CED75E3016D6C3FF00BB37CD /* ArchivePhoneExtraDetailsViewController.m */; };
		CEEA640216C4240100DCA3BC /* ArchiveFileTableViewCell.m in Sources */ = {isa = PBXBuildFile; fileRef = CEEA640116C4240100DCA3BC /* ArchiveFileTableViewCell.m */; };
/* End PBXBuildFile section */

/* Begin PBXContainerItemProxy section */
		5A0A10D716A640A300CC70CD /* PBXContainerItemProxy */ = {
			isa = PBXContainerItemProxy;
			containerPortal = 5A0A10A216A640A300CC70CD /* Project object */;
			proxyType = 1;
			remoteGlobalIDString = 5A0A10AA16A640A300CC70CD;
			remoteInfo = "The Internet Archive Companion";
		};
/* End PBXContainerItemProxy section */

/* Begin PBXFileReference section */
		5A0A10AB16A640A300CC70CD /* IA.app */ = {isa = PBXFileReference; explicitFileType = wrapper.application; includeInIndex = 0; path = IA.app; sourceTree = BUILT_PRODUCTS_DIR; };
		5A0A10AF16A640A300CC70CD /* UIKit.framework */ = {isa = PBXFileReference; lastKnownFileType = wrapper.framework; name = UIKit.framework; path = System/Library/Frameworks/UIKit.framework; sourceTree = SDKROOT; };
		5A0A10B116A640A300CC70CD /* Foundation.framework */ = {isa = PBXFileReference; lastKnownFileType = wrapper.framework; name = Foundation.framework; path = System/Library/Frameworks/Foundation.framework; sourceTree = SDKROOT; };
		5A0A10B316A640A300CC70CD /* CoreGraphics.framework */ = {isa = PBXFileReference; lastKnownFileType = wrapper.framework; name = CoreGraphics.framework; path = System/Library/Frameworks/CoreGraphics.framework; sourceTree = SDKROOT; };
		5A0A10B716A640A300CC70CD /* IA-Info.plist */ = {isa = PBXFileReference; lastKnownFileType = text.plist.xml; path = "IA-Info.plist"; sourceTree = "<group>"; };
		5A0A10B916A640A300CC70CD /* en */ = {isa = PBXFileReference; lastKnownFileType = text.plist.strings; name = en; path = en.lproj/InfoPlist.strings; sourceTree = "<group>"; };
		5A0A10BB16A640A300CC70CD /* main.m */ = {isa = PBXFileReference; lastKnownFileType = sourcecode.c.objc; path = main.m; sourceTree = "<group>"; };
		5A0A10BD16A640A300CC70CD /* IA-Prefix.pch */ = {isa = PBXFileReference; lastKnownFileType = sourcecode.c.h; path = "IA-Prefix.pch"; sourceTree = "<group>"; };
		5A0A10BE16A640A300CC70CD /* AppDelegate.h */ = {isa = PBXFileReference; lastKnownFileType = sourcecode.c.h; path = AppDelegate.h; sourceTree = "<group>"; };
		5A0A10BF16A640A300CC70CD /* AppDelegate.m */ = {isa = PBXFileReference; lastKnownFileType = sourcecode.c.objc; path = AppDelegate.m; sourceTree = "<group>"; };
		5A0A10C816A640A300CC70CD /* en */ = {isa = PBXFileReference; lastKnownFileType = file.storyboard; name = en; path = en.lproj/MainStoryboard.storyboard; sourceTree = "<group>"; };
		5A0A10D216A640A300CC70CD /* IATests.octest */ = {isa = PBXFileReference; explicitFileType = wrapper.cfbundle; includeInIndex = 0; path = IATests.octest; sourceTree = BUILT_PRODUCTS_DIR; };
		5A0A10D316A640A300CC70CD /* SenTestingKit.framework */ = {isa = PBXFileReference; lastKnownFileType = wrapper.framework; name = SenTestingKit.framework; path = Library/Frameworks/SenTestingKit.framework; sourceTree = DEVELOPER_DIR; };
		5A0A10DB16A640A300CC70CD /* IATests-Info.plist */ = {isa = PBXFileReference; lastKnownFileType = text.plist.xml; path = "IATests-Info.plist"; sourceTree = "<group>"; };
		5A0A10DD16A640A300CC70CD /* en */ = {isa = PBXFileReference; lastKnownFileType = text.plist.strings; name = en; path = en.lproj/InfoPlist.strings; sourceTree = "<group>"; };
		5A0A10DF16A640A300CC70CD /* The_Internet_Archive_CompanionTests.h */ = {isa = PBXFileReference; lastKnownFileType = sourcecode.c.h; path = The_Internet_Archive_CompanionTests.h; sourceTree = "<group>"; };
		5A0A10E016A640A300CC70CD /* The_Internet_Archive_CompanionTests.m */ = {isa = PBXFileReference; lastKnownFileType = sourcecode.c.objc; path = The_Internet_Archive_CompanionTests.m; sourceTree = "<group>"; };
		5A23930516C3855400C3E107 /* ArchiveFile.h */ = {isa = PBXFileReference; fileEncoding = 4; lastKnownFileType = sourcecode.c.h; path = ArchiveFile.h; sourceTree = "<group>"; };
		5A23930616C3855400C3E107 /* ArchiveFile.m */ = {isa = PBXFileReference; fileEncoding = 4; lastKnownFileType = sourcecode.c.objc; path = ArchiveFile.m; sourceTree = "<group>"; };
		5A23930816C3A07500C3E107 /* MediaPlayer.framework */ = {isa = PBXFileReference; lastKnownFileType = wrapper.framework; name = MediaPlayer.framework; path = System/Library/Frameworks/MediaPlayer.framework; sourceTree = SDKROOT; };
		5A31D4F816C7B2A200710DE0 /* leftContentShadow.png */ = {isa = PBXFileReference; lastKnownFileType = image.png; path = leftContentShadow.png; sourceTree = "<group>"; };
		5A31D4F916C7B2A200710DE0 /* leftContentShadow@2x.png */ = {isa = PBXFileReference; lastKnownFileType = image.png; path = "leftContentShadow@2x.png"; sourceTree = "<group>"; };
		5A31D4FC16C7B56E00710DE0 /* vertShadow.png */ = {isa = PBXFileReference; lastKnownFileType = image.png; path = vertShadow.png; sourceTree = "<group>"; };
		5A31D4FD16C7B56E00710DE0 /* vertShadow@2x.png */ = {isa = PBXFileReference; lastKnownFileType = image.png; path = "vertShadow@2x.png"; sourceTree = "<group>"; };
		5A528DBC16C782100066EEEF /* HomeNavSectionView.h */ = {isa = PBXFileReference; fileEncoding = 4; lastKnownFileType = sourcecode.c.h; path = HomeNavSectionView.h; sourceTree = "<group>"; };
		5A528DBD16C782100066EEEF /* HomeNavSectionView.m */ = {isa = PBXFileReference; fileEncoding = 4; lastKnownFileType = sourcecode.c.objc; path = HomeNavSectionView.m; sourceTree = "<group>"; };
		5A528DBF16C7825A0066EEEF /* HomeNavSectionView~ipad.xib */ = {isa = PBXFileReference; fileEncoding = 4; lastKnownFileType = file.xib; path = "HomeNavSectionView~ipad.xib"; sourceTree = "<group>"; };
		5A528DC116C7A14C0066EEEF /* HomeContentParentView.h */ = {isa = PBXFileReference; fileEncoding = 4; lastKnownFileType = sourcecode.c.h; path = HomeContentParentView.h; sourceTree = "<group>"; };
		5A528DC216C7A14D0066EEEF /* HomeContentParentView.m */ = {isa = PBXFileReference; fileEncoding = 4; lastKnownFileType = sourcecode.c.objc; path = HomeContentParentView.m; sourceTree = "<group>"; };
		5A8A191B16B4FAD900F6A2E4 /* AsyncImageView.h */ = {isa = PBXFileReference; fileEncoding = 4; lastKnownFileType = sourcecode.c.h; path = AsyncImageView.h; sourceTree = "<group>"; };
		5A8A191C16B4FAD900F6A2E4 /* AsyncImageView.m */ = {isa = PBXFileReference; fileEncoding = 4; lastKnownFileType = sourcecode.c.objc; path = AsyncImageView.m; sourceTree = "<group>"; };
		5A8A193C16B5B15C00F6A2E4 /* ArchiveCollectionView.h */ = {isa = PBXFileReference; fileEncoding = 4; lastKnownFileType = sourcecode.c.h; path = ArchiveCollectionView.h; sourceTree = "<group>"; };
		5A8A193D16B5B15C00F6A2E4 /* ArchiveCollectionView.m */ = {isa = PBXFileReference; fileEncoding = 4; lastKnownFileType = sourcecode.c.objc; path = ArchiveCollectionView.m; sourceTree = "<group>"; };
		5A8A195716B5C2F500F6A2E4 /* ArchiveCollectionCell.h */ = {isa = PBXFileReference; fileEncoding = 4; lastKnownFileType = sourcecode.c.h; path = ArchiveCollectionCell.h; sourceTree = "<group>"; };
		5A8A195816B5C2F500F6A2E4 /* ArchiveCollectionCell.m */ = {isa = PBXFileReference; fileEncoding = 4; lastKnownFileType = sourcecode.c.objc; path = ArchiveCollectionCell.m; sourceTree = "<group>"; };
		5A8A195A16B5DDD900F6A2E4 /* ArchiveSearchDoc.h */ = {isa = PBXFileReference; fileEncoding = 4; lastKnownFileType = sourcecode.c.h; path = ArchiveSearchDoc.h; sourceTree = "<group>"; };
		5A8A195B16B5DDD900F6A2E4 /* ArchiveSearchDoc.m */ = {isa = PBXFileReference; fileEncoding = 4; lastKnownFileType = sourcecode.c.objc; path = ArchiveSearchDoc.m; sourceTree = "<group>"; };
		5A8CA7E716D00D1800F97BF7 /* barIcon.png */ = {isa = PBXFileReference; lastKnownFileType = image.png; path = barIcon.png; sourceTree = "<group>"; };
		5A8CA7E916D0365000F97BF7 /* share-bbi.png */ = {isa = PBXFileReference; lastKnownFileType = image.png; path = "share-bbi.png"; sourceTree = "<group>"; };
		5A8CA7EA16D0365000F97BF7 /* share-bbi@2x.png */ = {isa = PBXFileReference; lastKnownFileType = image.png; path = "share-bbi@2x.png"; sourceTree = "<group>"; };
		5A8CA7ED16D03D1000F97BF7 /* ArchiveShareViewController.h */ = {isa = PBXFileReference; fileEncoding = 4; lastKnownFileType = sourcecode.c.h; path = ArchiveShareViewController.h; sourceTree = "<group>"; };
		5A8CA7EE16D03D1000F97BF7 /* ArchiveShareViewController.m */ = {isa = PBXFileReference; fileEncoding = 4; lastKnownFileType = sourcecode.c.objc; path = ArchiveShareViewController.m; sourceTree = "<group>"; };
		5A8CA7F016D0423600F97BF7 /* W-share-FB.png */ = {isa = PBXFileReference; lastKnownFileType = image.png; path = "W-share-FB.png"; sourceTree = "<group>"; };
		5A8CA7F116D0423600F97BF7 /* W-share-FB@2x.png */ = {isa = PBXFileReference; lastKnownFileType = image.png; path = "W-share-FB@2x.png"; sourceTree = "<group>"; };
		5A8CA7F216D0423600F97BF7 /* W-share-twitter.png */ = {isa = PBXFileReference; lastKnownFileType = image.png; path = "W-share-twitter.png"; sourceTree = "<group>"; };
		5A8CA7F316D0423600F97BF7 /* W-share-twitter@2x.png */ = {isa = PBXFileReference; lastKnownFileType = image.png; path = "W-share-twitter@2x.png"; sourceTree = "<group>"; };
		5A8CA7F816D0445500F97BF7 /* ArchiveShareTableViewCell.h */ = {isa = PBXFileReference; fileEncoding = 4; lastKnownFileType = sourcecode.c.h; path = ArchiveShareTableViewCell.h; sourceTree = "<group>"; };
		5A8CA7F916D0445500F97BF7 /* ArchiveShareTableViewCell.m */ = {isa = PBXFileReference; fileEncoding = 4; lastKnownFileType = sourcecode.c.objc; path = ArchiveShareTableViewCell.m; sourceTree = "<group>"; };
		5A8CA7FB16D051EF00F97BF7 /* Social.framework */ = {isa = PBXFileReference; lastKnownFileType = wrapper.framework; name = Social.framework; path = System/Library/Frameworks/Social.framework; sourceTree = SDKROOT; };
		5A8CA7FD16D0965100F97BF7 /* ArchiveImageViewController.h */ = {isa = PBXFileReference; fileEncoding = 4; lastKnownFileType = sourcecode.c.h; path = ArchiveImageViewController.h; sourceTree = "<group>"; };
		5A8CA7FE16D0965100F97BF7 /* ArchiveImageViewController.m */ = {isa = PBXFileReference; fileEncoding = 4; lastKnownFileType = sourcecode.c.objc; path = ArchiveImageViewController.m; sourceTree = "<group>"; };
		5A942D4516D5F545001CB01B /* MainStoryboard-iPhone.storyboard */ = {isa = PBXFileReference; fileEncoding = 4; lastKnownFileType = file.storyboard; name = "MainStoryboard-iPhone.storyboard"; path = "../MainStoryboard-iPhone.storyboard"; sourceTree = "<group>"; };
		5A942D4716D60AAD001CB01B /* HomeNavSectionView~iphone.xib */ = {isa = PBXFileReference; fileEncoding = 4; lastKnownFileType = file.xib; path = "HomeNavSectionView~iphone.xib"; sourceTree = "<group>"; };
		5A990BA616B9F2E500B4C058 /* QuartzCore.framework */ = {isa = PBXFileReference; lastKnownFileType = wrapper.framework; name = QuartzCore.framework; path = System/Library/Frameworks/QuartzCore.framework; sourceTree = SDKROOT; };
		5A990BBA16BA56AD00B4C058 /* ArchiveDetailedCollectionViewCell.h */ = {isa = PBXFileReference; fileEncoding = 4; lastKnownFileType = sourcecode.c.h; path = ArchiveDetailedCollectionViewCell.h; sourceTree = "<group>"; };
		5A990BBB16BA56AD00B4C058 /* ArchiveDetailedCollectionViewCell.m */ = {isa = PBXFileReference; fileEncoding = 4; lastKnownFileType = sourcecode.c.objc; path = ArchiveDetailedCollectionViewCell.m; sourceTree = "<group>"; };
		5AA29AA116BB8CCF0082D3C4 /* ArchiveDetailedViewController.h */ = {isa = PBXFileReference; fileEncoding = 4; lastKnownFileType = sourcecode.c.h; path = ArchiveDetailedViewController.h; sourceTree = "<group>"; };
		5AA29AA216BB8CCF0082D3C4 /* ArchiveDetailedViewController.m */ = {isa = PBXFileReference; fileEncoding = 4; lastKnownFileType = sourcecode.c.objc; path = ArchiveDetailedViewController.m; sourceTree = "<group>"; };
		5AA2EDB716D2C140003EAD82 /* HomeCollectionViewController.h */ = {isa = PBXFileReference; fileEncoding = 4; lastKnownFileType = sourcecode.c.h; path = HomeCollectionViewController.h; sourceTree = "<group>"; };
		5AA2EDB816D2C140003EAD82 /* HomeCollectionViewController.m */ = {isa = PBXFileReference; fileEncoding = 4; lastKnownFileType = sourcecode.c.objc; path = HomeCollectionViewController.m; sourceTree = "<group>"; };
		5AB7AB5816CA3A230014D40C /* ArchiveBookPageImageViewController.xib */ = {isa = PBXFileReference; fileEncoding = 4; lastKnownFileType = file.xib; path = ArchiveBookPageImageViewController.xib; sourceTree = "<group>"; };
		5AD2070F16A8F98E0027CCA5 /* ArchiveDataService.h */ = {isa = PBXFileReference; fileEncoding = 4; lastKnownFileType = sourcecode.c.h; path = ArchiveDataService.h; sourceTree = "<group>"; };
		5AD2071016A8F98E0027CCA5 /* ArchiveDataService.m */ = {isa = PBXFileReference; fileEncoding = 4; lastKnownFileType = sourcecode.c.objc; path = ArchiveDataService.m; sourceTree = "<group>"; };
		5AD5975116CA1AE300AD663B /* ArchivePageViewController.h */ = {isa = PBXFileReference; fileEncoding = 4; lastKnownFileType = sourcecode.c.h; path = ArchivePageViewController.h; sourceTree = "<group>"; };
		5AD5975216CA1AE300AD663B /* ArchivePageViewController.m */ = {isa = PBXFileReference; fileEncoding = 4; lastKnownFileType = sourcecode.c.objc; path = ArchivePageViewController.m; sourceTree = "<group>"; };
		5ADAB7D116C6C1B400DBC072 /* HomeCombinedViewController.h */ = {isa = PBXFileReference; fileEncoding = 4; lastKnownFileType = sourcecode.c.h; path = HomeCombinedViewController.h; sourceTree = "<group>"; };
		5ADAB7D216C6C1B400DBC072 /* HomeCombinedViewController.m */ = {isa = PBXFileReference; fileEncoding = 4; lastKnownFileType = sourcecode.c.objc; path = HomeCombinedViewController.m; sourceTree = "<group>"; };
		5ADAB7D416C6D40400DBC072 /* HomeContentTableView.h */ = {isa = PBXFileReference; fileEncoding = 4; lastKnownFileType = sourcecode.c.h; path = HomeContentTableView.h; sourceTree = "<group>"; };
		5ADAB7D516C6D40400DBC072 /* HomeContentTableView.m */ = {isa = PBXFileReference; fileEncoding = 4; lastKnownFileType = sourcecode.c.objc; path = HomeContentTableView.m; sourceTree = "<group>"; };
		5ADAB7E016C6FA9600DBC072 /* HomeNavTableView.h */ = {isa = PBXFileReference; fileEncoding = 4; lastKnownFileType = sourcecode.c.h; path = HomeNavTableView.h; sourceTree = "<group>"; };
		5ADAB7E116C6FA9600DBC072 /* HomeNavTableView.m */ = {isa = PBXFileReference; fileEncoding = 4; lastKnownFileType = sourcecode.c.objc; path = HomeNavTableView.m; sourceTree = "<group>"; };
		5ADAB7E316C6FFAE00DBC072 /* HomeScrollView.h */ = {isa = PBXFileReference; fileEncoding = 4; lastKnownFileType = sourcecode.c.h; path = HomeScrollView.h; sourceTree = "<group>"; };
		5ADAB7E416C6FFAE00DBC072 /* HomeScrollView.m */ = {isa = PBXFileReference; fileEncoding = 4; lastKnownFileType = sourcecode.c.objc; path = HomeScrollView.m; sourceTree = "<group>"; };
		5ADAB7E716C76DD200DBC072 /* HomeNavCell.h */ = {isa = PBXFileReference; fileEncoding = 4; lastKnownFileType = sourcecode.c.h; path = HomeNavCell.h; sourceTree = "<group>"; };
		5ADAB7E816C76DD200DBC072 /* HomeNavCell.m */ = {isa = PBXFileReference; fileEncoding = 4; lastKnownFileType = sourcecode.c.objc; path = HomeNavCell.m; sourceTree = "<group>"; };
		5ADAB7EA16C76DE800DBC072 /* HomeContentCell.h */ = {isa = PBXFileReference; fileEncoding = 4; lastKnownFileType = sourcecode.c.h; path = HomeContentCell.h; sourceTree = "<group>"; };
		5ADAB7EB16C76DE800DBC072 /* HomeContentCell.m */ = {isa = PBXFileReference; fileEncoding = 4; lastKnownFileType = sourcecode.c.objc; path = HomeContentCell.m; sourceTree = "<group>"; };
		5ADAB7EE16C76F5400DBC072 /* audio.gif */ = {isa = PBXFileReference; lastKnownFileType = image.gif; path = audio.gif; sourceTree = "<group>"; };
		5ADAB7EF16C76F5400DBC072 /* movies.gif */ = {isa = PBXFileReference; lastKnownFileType = image.gif; path = movies.gif; sourceTree = "<group>"; };
		5ADAB7F016C76F5400DBC072 /* texts.gif */ = {isa = PBXFileReference; lastKnownFileType = image.gif; path = texts.gif; sourceTree = "<group>"; };
		5AE33BE816CC955900129C62 /* ArchiveMetadataTableView.h */ = {isa = PBXFileReference; fileEncoding = 4; lastKnownFileType = sourcecode.c.h; path = ArchiveMetadataTableView.h; sourceTree = "<group>"; };
		5AE33BE916CC955900129C62 /* ArchiveMetadataTableView.m */ = {isa = PBXFileReference; fileEncoding = 4; lastKnownFileType = sourcecode.c.objc; path = ArchiveMetadataTableView.m; sourceTree = "<group>"; };
		5AE33BEB16CC96AE00129C62 /* ArchiveMetadataTableViewCell.h */ = {isa = PBXFileReference; fileEncoding = 4; lastKnownFileType = sourcecode.c.h; path = ArchiveMetadataTableViewCell.h; sourceTree = "<group>"; };
		5AE33BEC16CC96AE00129C62 /* ArchiveMetadataTableViewCell.m */ = {isa = PBXFileReference; fileEncoding = 4; lastKnownFileType = sourcecode.c.objc; path = ArchiveMetadataTableViewCell.m; sourceTree = "<group>"; };
		5AF2310516D7551800262B09 /* Icon-57.png */ = {isa = PBXFileReference; lastKnownFileType = image.png; path = "Icon-57.png"; sourceTree = "<group>"; };
		5AF2310716D7552300262B09 /* Icon-57@2x.png */ = {isa = PBXFileReference; lastKnownFileType = image.png; path = "Icon-57@2x.png"; sourceTree = "<group>"; };
		5AF2310916D756BC00262B09 /* Default.png */ = {isa = PBXFileReference; lastKnownFileType = image.png; path = Default.png; sourceTree = "<group>"; };
		5AF2310B16D756C500262B09 /* Default@2x.png */ = {isa = PBXFileReference; lastKnownFileType = image.png; path = "Default@2x.png"; sourceTree = "<group>"; };
		5AF2310D16D7575D00262B09 /* Default-568h@2x.png */ = {isa = PBXFileReference; lastKnownFileType = image.png; path = "Default-568h@2x.png"; sourceTree = "<group>"; };
		5AF2310F16D758F900262B09 /* Default-568h@2x.png */ = {isa = PBXFileReference; lastKnownFileType = image.png; path = "Default-568h@2x.png"; sourceTree = "<group>"; };
		CE18814916CEA71F0040EA9A /* HomeViewController.h */ = {isa = PBXFileReference; fileEncoding = 4; lastKnownFileType = sourcecode.c.h; path = HomeViewController.h; sourceTree = "<group>"; };
		CE18814A16CEA71F0040EA9A /* HomeViewController.m */ = {isa = PBXFileReference; fileEncoding = 4; lastKnownFileType = sourcecode.c.objc; path = HomeViewController.m; sourceTree = "<group>"; };
		CE18814C16CEA7640040EA9A /* ArchivePlayerViewController.h */ = {isa = PBXFileReference; fileEncoding = 4; lastKnownFileType = sourcecode.c.h; path = ArchivePlayerViewController.h; sourceTree = "<group>"; };
		CE18814D16CEA7640040EA9A /* ArchivePlayerViewController.m */ = {isa = PBXFileReference; fileEncoding = 4; lastKnownFileType = sourcecode.c.objc; path = ArchivePlayerViewController.m; sourceTree = "<group>"; };
		CE18814F16CEAC630040EA9A /* ArchivePlayerTableViewCell.h */ = {isa = PBXFileReference; fileEncoding = 4; lastKnownFileType = sourcecode.c.h; path = ArchivePlayerTableViewCell.h; sourceTree = "<group>"; };
		CE18815016CEAC630040EA9A /* ArchivePlayerTableViewCell.m */ = {isa = PBXFileReference; fileEncoding = 4; lastKnownFileType = sourcecode.c.objc; path = ArchivePlayerTableViewCell.m; sourceTree = "<group>"; };
		CE1B959116C9D722002E9D8D /* ArchiveBookPageImageViewController.h */ = {isa = PBXFileReference; fileEncoding = 4; lastKnownFileType = sourcecode.c.h; path = ArchiveBookPageImageViewController.h; sourceTree = "<group>"; };
		CE1B959216C9D722002E9D8D /* ArchiveBookPageImageViewController.m */ = {isa = PBXFileReference; fileEncoding = 4; lastKnownFileType = sourcecode.c.objc; path = ArchiveBookPageImageViewController.m; sourceTree = "<group>"; };
		CE3019CC16C5729E00733B99 /* StringUtils.h */ = {isa = PBXFileReference; fileEncoding = 4; lastKnownFileType = sourcecode.c.h; path = StringUtils.h; sourceTree = "<group>"; };
		CE3019CD16C5729E00733B99 /* StringUtils.m */ = {isa = PBXFileReference; fileEncoding = 4; lastKnownFileType = sourcecode.c.objc; path = StringUtils.m; sourceTree = "<group>"; };
		CE3019CF16C5937A00733B99 /* Default-Landscape@2x~ipad.png */ = {isa = PBXFileReference; lastKnownFileType = image.png; path = "Default-Landscape@2x~ipad.png"; sourceTree = SOURCE_ROOT; };
		CE3019D016C5937A00733B99 /* Default-Landscape~ipad.png */ = {isa = PBXFileReference; lastKnownFileType = image.png; path = "Default-Landscape~ipad.png"; sourceTree = SOURCE_ROOT; };
		CE3019D116C5937A00733B99 /* Default-Portrait@2x~ipad.png */ = {isa = PBXFileReference; lastKnownFileType = image.png; path = "Default-Portrait@2x~ipad.png"; sourceTree = SOURCE_ROOT; };
		CE3019D216C5937A00733B99 /* Default-Portrait~ipad.png */ = {isa = PBXFileReference; lastKnownFileType = image.png; path = "Default-Portrait~ipad.png"; sourceTree = SOURCE_ROOT; };
		CE3019D716C5953100733B99 /* Icon-72.png */ = {isa = PBXFileReference; lastKnownFileType = image.png; path = "Icon-72.png"; sourceTree = SOURCE_ROOT; };
		CE3019D816C5953100733B99 /* Icon-72@2x.png */ = {isa = PBXFileReference; lastKnownFileType = image.png; path = "Icon-72@2x.png"; sourceTree = SOURCE_ROOT; };
		CE3019DB16C5963000733B99 /* Icon.png */ = {isa = PBXFileReference; lastKnownFileType = image.png; path = Icon.png; sourceTree = SOURCE_ROOT; };
		CE752A2716C1799400A432AB /* uiglassbutton-template.png */ = {isa = PBXFileReference; lastKnownFileType = image.png; path = "uiglassbutton-template.png"; sourceTree = "<group>"; };
		CEBA013E16CEEFCE0038625F /* vertShadowBottom.png */ = {isa = PBXFileReference; lastKnownFileType = image.png; path = vertShadowBottom.png; sourceTree = "<group>"; };
		CEBA013F16CEEFCE0038625F /* vertShadowBottom@2x.png */ = {isa = PBXFileReference; lastKnownFileType = image.png; path = "vertShadowBottom@2x.png"; sourceTree = "<group>"; };
		CEBA014216CEF6B30038625F /* AVFoundation.framework */ = {isa = PBXFileReference; lastKnownFileType = wrapper.framework; name = AVFoundation.framework; path = System/Library/Frameworks/AVFoundation.framework; sourceTree = SDKROOT; };
		CEBA014416CEFF580038625F /* CoreAudio.framework */ = {isa = PBXFileReference; lastKnownFileType = wrapper.framework; name = CoreAudio.framework; path = System/Library/Frameworks/CoreAudio.framework; sourceTree = SDKROOT; };
		CEBA014616CEFFB60038625F /* AudioToolbox.framework */ = {isa = PBXFileReference; lastKnownFileType = wrapper.framework; name = AudioToolbox.framework; path = System/Library/Frameworks/AudioToolbox.framework; sourceTree = SDKROOT; };
		CED75E2F16D6C3FF00BB37CD /* ArchivePhoneExtraDetailsViewController.h */ = {isa = PBXFileReference; fileEncoding = 4; lastKnownFileType = sourcecode.c.h; path = ArchivePhoneExtraDetailsViewController.h; sourceTree = "<group>"; };
		CED75E3016D6C3FF00BB37CD /* ArchivePhoneExtraDetailsViewController.m */ = {isa = PBXFileReference; fileEncoding = 4; lastKnownFileType = sourcecode.c.objc; path = ArchivePhoneExtraDetailsViewController.m; sourceTree = "<group>"; };
		CEEA640016C4240100DCA3BC /* ArchiveFileTableViewCell.h */ = {isa = PBXFileReference; fileEncoding = 4; lastKnownFileType = sourcecode.c.h; path = ArchiveFileTableViewCell.h; sourceTree = "<group>"; };
		CEEA640116C4240100DCA3BC /* ArchiveFileTableViewCell.m */ = {isa = PBXFileReference; fileEncoding = 4; lastKnownFileType = sourcecode.c.objc; path = ArchiveFileTableViewCell.m; sourceTree = "<group>"; };
/* End PBXFileReference section */

/* Begin PBXFrameworksBuildPhase section */
		5A0A10A816A640A300CC70CD /* Frameworks */ = {
			isa = PBXFrameworksBuildPhase;
			buildActionMask = 2147483647;
			files = (
				5A8CA7FC16D051EF00F97BF7 /* Social.framework in Frameworks */,
				CEBA014716CEFFB60038625F /* AudioToolbox.framework in Frameworks */,
				CEBA014316CEF6B30038625F /* AVFoundation.framework in Frameworks */,
				5A23930916C3A07500C3E107 /* MediaPlayer.framework in Frameworks */,
				5A990BA716B9F2E500B4C058 /* QuartzCore.framework in Frameworks */,
				5A0A10B016A640A300CC70CD /* UIKit.framework in Frameworks */,
				5A0A10B216A640A300CC70CD /* Foundation.framework in Frameworks */,
				5A0A10B416A640A300CC70CD /* CoreGraphics.framework in Frameworks */,
			);
			runOnlyForDeploymentPostprocessing = 0;
		};
		5A0A10CE16A640A300CC70CD /* Frameworks */ = {
			isa = PBXFrameworksBuildPhase;
			buildActionMask = 2147483647;
			files = (
				5A0A10D416A640A300CC70CD /* SenTestingKit.framework in Frameworks */,
				5A0A10D516A640A300CC70CD /* UIKit.framework in Frameworks */,
				5A0A10D616A640A300CC70CD /* Foundation.framework in Frameworks */,
			);
			runOnlyForDeploymentPostprocessing = 0;
		};
/* End PBXFrameworksBuildPhase section */

/* Begin PBXGroup section */
		5A0A10A016A640A300CC70CD = {
			isa = PBXGroup;
			children = (
				5AF2310F16D758F900262B09 /* Default-568h@2x.png */,
				5AF2310D16D7575D00262B09 /* Default-568h@2x.png */,
				5AF2310B16D756C500262B09 /* Default@2x.png */,
				5AF2310916D756BC00262B09 /* Default.png */,
				5AF2310716D7552300262B09 /* Icon-57@2x.png */,
				5AF2310516D7551800262B09 /* Icon-57.png */,
				5A8CA7FB16D051EF00F97BF7 /* Social.framework */,
				CEBA014616CEFFB60038625F /* AudioToolbox.framework */,
				CEBA014416CEFF580038625F /* CoreAudio.framework */,
				CEBA014216CEF6B30038625F /* AVFoundation.framework */,
				5A23930816C3A07500C3E107 /* MediaPlayer.framework */,
				5A990BA616B9F2E500B4C058 /* QuartzCore.framework */,
				5A0A10B516A640A300CC70CD /* The Internet Archive Companion */,
				5A0A10D916A640A300CC70CD /* The Internet Archive CompanionTests */,
				5A0A10AE16A640A300CC70CD /* Frameworks */,
				5A0A10AC16A640A300CC70CD /* Products */,
			);
			sourceTree = "<group>";
		};
		5A0A10AC16A640A300CC70CD /* Products */ = {
			isa = PBXGroup;
			children = (
				5A0A10AB16A640A300CC70CD /* IA.app */,
				5A0A10D216A640A300CC70CD /* IATests.octest */,
			);
			name = Products;
			sourceTree = "<group>";
		};
		5A0A10AE16A640A300CC70CD /* Frameworks */ = {
			isa = PBXGroup;
			children = (
				5A0A10AF16A640A300CC70CD /* UIKit.framework */,
				5A0A10B116A640A300CC70CD /* Foundation.framework */,
				5A0A10B316A640A300CC70CD /* CoreGraphics.framework */,
				5A0A10D316A640A300CC70CD /* SenTestingKit.framework */,
			);
			name = Frameworks;
			sourceTree = "<group>";
		};
		5A0A10B516A640A300CC70CD /* The Internet Archive Companion */ = {
			isa = PBXGroup;
			children = (
				5ADAB7ED16C76E8100DBC072 /* IA Resources */,
				CE3019CB16C5728700733B99 /* Utils */,
				5AFA0C4416C8CA0E008E7CB2 /* New Home Scroll Design */,
				CEEA63FF16C4192C00DCA3BC /* Controllers */,
				5A8A193B16B5B13700F6A2E4 /* Views */,
				5AD2070E16A8F9460027CCA5 /* Data */,
				5A0A10BE16A640A300CC70CD /* AppDelegate.h */,
				5A0A10BF16A640A300CC70CD /* AppDelegate.m */,
				5A0A10C716A640A300CC70CD /* MainStoryboard.storyboard */,
				5A942D4516D5F545001CB01B /* MainStoryboard-iPhone.storyboard */,
				5A0A10B616A640A300CC70CD /* Supporting Files */,
			);
			path = "The Internet Archive Companion";
			sourceTree = "<group>";
		};
		5A0A10B616A640A300CC70CD /* Supporting Files */ = {
			isa = PBXGroup;
			children = (
				CE3019DB16C5963000733B99 /* Icon.png */,
				CE3019D716C5953100733B99 /* Icon-72.png */,
				CE3019D816C5953100733B99 /* Icon-72@2x.png */,
				CE3019CF16C5937A00733B99 /* Default-Landscape@2x~ipad.png */,
				CE3019D016C5937A00733B99 /* Default-Landscape~ipad.png */,
				CE3019D116C5937A00733B99 /* Default-Portrait@2x~ipad.png */,
				CE3019D216C5937A00733B99 /* Default-Portrait~ipad.png */,
				CE752A2716C1799400A432AB /* uiglassbutton-template.png */,
				5A0A10B716A640A300CC70CD /* IA-Info.plist */,
				5A0A10B816A640A300CC70CD /* InfoPlist.strings */,
				5A0A10BB16A640A300CC70CD /* main.m */,
				5A0A10BD16A640A300CC70CD /* IA-Prefix.pch */,
			);
			name = "Supporting Files";
			sourceTree = "<group>";
		};
		5A0A10D916A640A300CC70CD /* The Internet Archive CompanionTests */ = {
			isa = PBXGroup;
			children = (
				5A0A10DF16A640A300CC70CD /* The_Internet_Archive_CompanionTests.h */,
				5A0A10E016A640A300CC70CD /* The_Internet_Archive_CompanionTests.m */,
				5A0A10DA16A640A300CC70CD /* Supporting Files */,
			);
			path = "The Internet Archive CompanionTests";
			sourceTree = "<group>";
		};
		5A0A10DA16A640A300CC70CD /* Supporting Files */ = {
			isa = PBXGroup;
			children = (
				5A0A10DB16A640A300CC70CD /* IATests-Info.plist */,
				5A0A10DC16A640A300CC70CD /* InfoPlist.strings */,
			);
			name = "Supporting Files";
			sourceTree = "<group>";
		};
		5A8A193B16B5B13700F6A2E4 /* Views */ = {
			isa = PBXGroup;
			children = (
				5A8A191B16B4FAD900F6A2E4 /* AsyncImageView.h */,
				5A8A191C16B4FAD900F6A2E4 /* AsyncImageView.m */,
				5A8A193C16B5B15C00F6A2E4 /* ArchiveCollectionView.h */,
				5A8A193D16B5B15C00F6A2E4 /* ArchiveCollectionView.m */,
				5A8A195716B5C2F500F6A2E4 /* ArchiveCollectionCell.h */,
				5A8A195816B5C2F500F6A2E4 /* ArchiveCollectionCell.m */,
				5A990BBA16BA56AD00B4C058 /* ArchiveDetailedCollectionViewCell.h */,
				5A990BBB16BA56AD00B4C058 /* ArchiveDetailedCollectionViewCell.m */,
				CEEA640016C4240100DCA3BC /* ArchiveFileTableViewCell.h */,
				CEEA640116C4240100DCA3BC /* ArchiveFileTableViewCell.m */,
			);
			name = Views;
			sourceTree = "<group>";
		};
		5AD2070E16A8F9460027CCA5 /* Data */ = {
			isa = PBXGroup;
			children = (
				5AD2070F16A8F98E0027CCA5 /* ArchiveDataService.h */,
				5AD2071016A8F98E0027CCA5 /* ArchiveDataService.m */,
				5A8A195A16B5DDD900F6A2E4 /* ArchiveSearchDoc.h */,
				5A8A195B16B5DDD900F6A2E4 /* ArchiveSearchDoc.m */,
				5A23930516C3855400C3E107 /* ArchiveFile.h */,
				5A23930616C3855400C3E107 /* ArchiveFile.m */,
			);
			name = Data;
			sourceTree = "<group>";
		};
		5ADAB7ED16C76E8100DBC072 /* IA Resources */ = {
			isa = PBXGroup;
			children = (
				5A8CA7F016D0423600F97BF7 /* W-share-FB.png */,
				5A8CA7F116D0423600F97BF7 /* W-share-FB@2x.png */,
				5A8CA7F216D0423600F97BF7 /* W-share-twitter.png */,
				5A8CA7F316D0423600F97BF7 /* W-share-twitter@2x.png */,
				5A8CA7E916D0365000F97BF7 /* share-bbi.png */,
				5A8CA7EA16D0365000F97BF7 /* share-bbi@2x.png */,
				5A8CA7E716D00D1800F97BF7 /* barIcon.png */,
				CEBA013E16CEEFCE0038625F /* vertShadowBottom.png */,
				CEBA013F16CEEFCE0038625F /* vertShadowBottom@2x.png */,
				5A31D4FC16C7B56E00710DE0 /* vertShadow.png */,
				5A31D4FD16C7B56E00710DE0 /* vertShadow@2x.png */,
				5A31D4F816C7B2A200710DE0 /* leftContentShadow.png */,
				5A31D4F916C7B2A200710DE0 /* leftContentShadow@2x.png */,
				5ADAB7EE16C76F5400DBC072 /* audio.gif */,
				5ADAB7EF16C76F5400DBC072 /* movies.gif */,
				5ADAB7F016C76F5400DBC072 /* texts.gif */,
			);
			name = "IA Resources";
			sourceTree = "<group>";
		};
		5AFA0C4416C8CA0E008E7CB2 /* New Home Scroll Design */ = {
			isa = PBXGroup;
			children = (
				5AFA0C4716C8CAAA008E7CB2 /* Controllers */,
				5AFA0C4616C8CA4E008E7CB2 /* Views */,
			);
			name = "New Home Scroll Design";
			sourceTree = "<group>";
		};
		5AFA0C4516C8CA26008E7CB2 /* Tables */ = {
			isa = PBXGroup;
			children = (
				5ADAB7D416C6D40400DBC072 /* HomeContentTableView.h */,
				5ADAB7D516C6D40400DBC072 /* HomeContentTableView.m */,
				5ADAB7EA16C76DE800DBC072 /* HomeContentCell.h */,
				5ADAB7EB16C76DE800DBC072 /* HomeContentCell.m */,
				5ADAB7E016C6FA9600DBC072 /* HomeNavTableView.h */,
				5ADAB7E116C6FA9600DBC072 /* HomeNavTableView.m */,
				5ADAB7E716C76DD200DBC072 /* HomeNavCell.h */,
				5ADAB7E816C76DD200DBC072 /* HomeNavCell.m */,
				5A528DBC16C782100066EEEF /* HomeNavSectionView.h */,
				5A528DBD16C782100066EEEF /* HomeNavSectionView.m */,
				5A528DBF16C7825A0066EEEF /* HomeNavSectionView~ipad.xib */,
				5A942D4716D60AAD001CB01B /* HomeNavSectionView~iphone.xib */,
				5AE33BE816CC955900129C62 /* ArchiveMetadataTableView.h */,
				5AE33BE916CC955900129C62 /* ArchiveMetadataTableView.m */,
				5AE33BEB16CC96AE00129C62 /* ArchiveMetadataTableViewCell.h */,
				5AE33BEC16CC96AE00129C62 /* ArchiveMetadataTableViewCell.m */,
				CE18814F16CEAC630040EA9A /* ArchivePlayerTableViewCell.h */,
				CE18815016CEAC630040EA9A /* ArchivePlayerTableViewCell.m */,
				5A8CA7F816D0445500F97BF7 /* ArchiveShareTableViewCell.h */,
				5A8CA7F916D0445500F97BF7 /* ArchiveShareTableViewCell.m */,
			);
			name = Tables;
			sourceTree = "<group>";
		};
		5AFA0C4616C8CA4E008E7CB2 /* Views */ = {
			isa = PBXGroup;
			children = (
				5A528DC116C7A14C0066EEEF /* HomeContentParentView.h */,
				5A528DC216C7A14D0066EEEF /* HomeContentParentView.m */,
				5ADAB7E316C6FFAE00DBC072 /* HomeScrollView.h */,
				5ADAB7E416C6FFAE00DBC072 /* HomeScrollView.m */,
				5AFA0C4516C8CA26008E7CB2 /* Tables */,
			);
			name = Views;
			sourceTree = "<group>";
		};
		5AFA0C4716C8CAAA008E7CB2 /* Controllers */ = {
			isa = PBXGroup;
			children = (
				5ADAB7D116C6C1B400DBC072 /* HomeCombinedViewController.h */,
				5ADAB7D216C6C1B400DBC072 /* HomeCombinedViewController.m */,
				CE18814916CEA71F0040EA9A /* HomeViewController.h */,
				CE18814A16CEA71F0040EA9A /* HomeViewController.m */,
				5AA2EDB716D2C140003EAD82 /* HomeCollectionViewController.h */,
				5AA2EDB816D2C140003EAD82 /* HomeCollectionViewController.m */,
			);
			name = Controllers;
			sourceTree = "<group>";
		};
		CE3019CB16C5728700733B99 /* Utils */ = {
			isa = PBXGroup;
			children = (
				CE3019CC16C5729E00733B99 /* StringUtils.h */,
				CE3019CD16C5729E00733B99 /* StringUtils.m */,
			);
			name = Utils;
			sourceTree = "<group>";
		};
		CEEA63FF16C4192C00DCA3BC /* Controllers */ = {
			isa = PBXGroup;
			children = (
				5AA29AA116BB8CCF0082D3C4 /* ArchiveDetailedViewController.h */,
				5AA29AA216BB8CCF0082D3C4 /* ArchiveDetailedViewController.m */,
				CE1B959116C9D722002E9D8D /* ArchiveBookPageImageViewController.h */,
				CE1B959216C9D722002E9D8D /* ArchiveBookPageImageViewController.m */,
				5AB7AB5816CA3A230014D40C /* ArchiveBookPageImageViewController.xib */,
				5AD5975116CA1AE300AD663B /* ArchivePageViewController.h */,
				5AD5975216CA1AE300AD663B /* ArchivePageViewController.m */,
				CE18814C16CEA7640040EA9A /* ArchivePlayerViewController.h */,
				CE18814D16CEA7640040EA9A /* ArchivePlayerViewController.m */,
				5A8CA7ED16D03D1000F97BF7 /* ArchiveShareViewController.h */,
				5A8CA7EE16D03D1000F97BF7 /* ArchiveShareViewController.m */,
				5A8CA7FD16D0965100F97BF7 /* ArchiveImageViewController.h */,
				5A8CA7FE16D0965100F97BF7 /* ArchiveImageViewController.m */,
				CED75E2F16D6C3FF00BB37CD /* ArchivePhoneExtraDetailsViewController.h */,
				CED75E3016D6C3FF00BB37CD /* ArchivePhoneExtraDetailsViewController.m */,
			);
			name = Controllers;
			sourceTree = "<group>";
		};
/* End PBXGroup section */

/* Begin PBXNativeTarget section */
		5A0A10AA16A640A300CC70CD /* IA */ = {
			isa = PBXNativeTarget;
			buildConfigurationList = 5A0A10E416A640A300CC70CD /* Build configuration list for PBXNativeTarget "IA" */;
			buildPhases = (
				5A0A10A716A640A300CC70CD /* Sources */,
				5A0A10A816A640A300CC70CD /* Frameworks */,
				5A0A10A916A640A300CC70CD /* Resources */,
			);
			buildRules = (
			);
			dependencies = (
			);
			name = IA;
			productName = "The Internet Archive Companion";
			productReference = 5A0A10AB16A640A300CC70CD /* IA.app */;
			productType = "com.apple.product-type.application";
		};
		5A0A10D116A640A300CC70CD /* IATests */ = {
			isa = PBXNativeTarget;
			buildConfigurationList = 5A0A10E716A640A300CC70CD /* Build configuration list for PBXNativeTarget "IATests" */;
			buildPhases = (
				5A0A10CD16A640A300CC70CD /* Sources */,
				5A0A10CE16A640A300CC70CD /* Frameworks */,
				5A0A10CF16A640A300CC70CD /* Resources */,
				5A0A10D016A640A300CC70CD /* ShellScript */,
			);
			buildRules = (
			);
			dependencies = (
				5A0A10D816A640A300CC70CD /* PBXTargetDependency */,
			);
			name = IATests;
			productName = "The Internet Archive CompanionTests";
			productReference = 5A0A10D216A640A300CC70CD /* IATests.octest */;
			productType = "com.apple.product-type.bundle";
		};
/* End PBXNativeTarget section */

/* Begin PBXProject section */
		5A0A10A216A640A300CC70CD /* Project object */ = {
			isa = PBXProject;
			attributes = {
				LastUpgradeCheck = 0450;
				ORGANIZATIONNAME = "Hunter Lee Brown";
			};
			buildConfigurationList = 5A0A10A516A640A300CC70CD /* Build configuration list for PBXProject "IA" */;
			compatibilityVersion = "Xcode 3.2";
			developmentRegion = English;
			hasScannedForEncodings = 0;
			knownRegions = (
				en,
			);
			mainGroup = 5A0A10A016A640A300CC70CD;
			productRefGroup = 5A0A10AC16A640A300CC70CD /* Products */;
			projectDirPath = "";
			projectRoot = "";
			targets = (
				5A0A10AA16A640A300CC70CD /* IA */,
				5A0A10D116A640A300CC70CD /* IATests */,
			);
		};
/* End PBXProject section */

/* Begin PBXResourcesBuildPhase section */
		5A0A10A916A640A300CC70CD /* Resources */ = {
			isa = PBXResourcesBuildPhase;
			buildActionMask = 2147483647;
			files = (
				5A0A10BA16A640A300CC70CD /* InfoPlist.strings in Resources */,
				5A0A10C916A640A300CC70CD /* MainStoryboard.storyboard in Resources */,
				CE752A2816C1799400A432AB /* uiglassbutton-template.png in Resources */,
				CE3019D316C5937A00733B99 /* Default-Landscape@2x~ipad.png in Resources */,
				CE3019D416C5937A00733B99 /* Default-Landscape~ipad.png in Resources */,
				CE3019D516C5937A00733B99 /* Default-Portrait@2x~ipad.png in Resources */,
				CE3019D616C5937A00733B99 /* Default-Portrait~ipad.png in Resources */,
				CE3019D916C5953100733B99 /* Icon-72.png in Resources */,
				CE3019DA16C5953100733B99 /* Icon-72@2x.png in Resources */,
				CE3019DC16C5963000733B99 /* Icon.png in Resources */,
				5ADAB7F116C76F5400DBC072 /* audio.gif in Resources */,
				5ADAB7F216C76F5400DBC072 /* movies.gif in Resources */,
				5ADAB7F316C76F5400DBC072 /* texts.gif in Resources */,
				5A528DC016C7825B0066EEEF /* HomeNavSectionView~ipad.xib in Resources */,
				5A31D4FA16C7B2A200710DE0 /* leftContentShadow.png in Resources */,
				5A31D4FB16C7B2A200710DE0 /* leftContentShadow@2x.png in Resources */,
				5A31D4FE16C7B56E00710DE0 /* vertShadow.png in Resources */,
				5A31D4FF16C7B56E00710DE0 /* vertShadow@2x.png in Resources */,
				5AB7AB5916CA3A230014D40C /* ArchiveBookPageImageViewController.xib in Resources */,
				CEBA014016CEEFCE0038625F /* vertShadowBottom.png in Resources */,
				CEBA014116CEEFCE0038625F /* vertShadowBottom@2x.png in Resources */,
				5A8CA7E816D00D1800F97BF7 /* barIcon.png in Resources */,
				5A8CA7EB16D0365000F97BF7 /* share-bbi.png in Resources */,
				5A8CA7EC16D0365000F97BF7 /* share-bbi@2x.png in Resources */,
				5A8CA7F416D0423600F97BF7 /* W-share-FB.png in Resources */,
				5A8CA7F516D0423600F97BF7 /* W-share-FB@2x.png in Resources */,
				5A8CA7F616D0423600F97BF7 /* W-share-twitter.png in Resources */,
				5A8CA7F716D0423600F97BF7 /* W-share-twitter@2x.png in Resources */,
				5A942D4616D5F545001CB01B /* MainStoryboard-iPhone.storyboard in Resources */,
				5A942D4816D60AAD001CB01B /* HomeNavSectionView~iphone.xib in Resources */,
				5AF2310616D7551800262B09 /* Icon-57.png in Resources */,
				5AF2310816D7552300262B09 /* Icon-57@2x.png in Resources */,
				5AF2310A16D756BC00262B09 /* Default.png in Resources */,
				5AF2310C16D756C500262B09 /* Default@2x.png in Resources */,
				5AF2311016D758F900262B09 /* Default-568h@2x.png in Resources */,
			);
			runOnlyForDeploymentPostprocessing = 0;
		};
		5A0A10CF16A640A300CC70CD /* Resources */ = {
			isa = PBXResourcesBuildPhase;
			buildActionMask = 2147483647;
			files = (
				5A0A10DE16A640A300CC70CD /* InfoPlist.strings in Resources */,
			);
			runOnlyForDeploymentPostprocessing = 0;
		};
/* End PBXResourcesBuildPhase section */

/* Begin PBXShellScriptBuildPhase section */
		5A0A10D016A640A300CC70CD /* ShellScript */ = {
			isa = PBXShellScriptBuildPhase;
			buildActionMask = 2147483647;
			files = (
			);
			inputPaths = (
			);
			outputPaths = (
			);
			runOnlyForDeploymentPostprocessing = 0;
			shellPath = /bin/sh;
			shellScript = "# Run the unit tests in this test bundle.\n\"${SYSTEM_DEVELOPER_DIR}/Tools/RunUnitTests\"\n";
		};
/* End PBXShellScriptBuildPhase section */

/* Begin PBXSourcesBuildPhase section */
		5A0A10A716A640A300CC70CD /* Sources */ = {
			isa = PBXSourcesBuildPhase;
			buildActionMask = 2147483647;
			files = (
				5A0A10BC16A640A300CC70CD /* main.m in Sources */,
				5A0A10C016A640A300CC70CD /* AppDelegate.m in Sources */,
				5AD2071116A8F98E0027CCA5 /* ArchiveDataService.m in Sources */,
				5A8A191D16B4FAD900F6A2E4 /* AsyncImageView.m in Sources */,
				5A8A193E16B5B15C00F6A2E4 /* ArchiveCollectionView.m in Sources */,
				5A8A195916B5C2F500F6A2E4 /* ArchiveCollectionCell.m in Sources */,
				5A8A195C16B5DDDA00F6A2E4 /* ArchiveSearchDoc.m in Sources */,
				5A990BBC16BA56AD00B4C058 /* ArchiveDetailedCollectionViewCell.m in Sources */,
				5AA29AA316BB8CD00082D3C4 /* ArchiveDetailedViewController.m in Sources */,
				5A23930716C3855400C3E107 /* ArchiveFile.m in Sources */,
				CEEA640216C4240100DCA3BC /* ArchiveFileTableViewCell.m in Sources */,
				CE3019CE16C5729E00733B99 /* StringUtils.m in Sources */,
				5ADAB7D316C6C1B400DBC072 /* HomeCombinedViewController.m in Sources */,
				5ADAB7D616C6D40400DBC072 /* HomeContentTableView.m in Sources */,
				5ADAB7E216C6FA9600DBC072 /* HomeNavTableView.m in Sources */,
				5ADAB7E516C6FFAE00DBC072 /* HomeScrollView.m in Sources */,
				5ADAB7E916C76DD200DBC072 /* HomeNavCell.m in Sources */,
				5ADAB7EC16C76DE800DBC072 /* HomeContentCell.m in Sources */,
				5A528DBE16C782100066EEEF /* HomeNavSectionView.m in Sources */,
				5A528DC316C7A14D0066EEEF /* HomeContentParentView.m in Sources */,
				CE1B959316C9D722002E9D8D /* ArchiveBookPageImageViewController.m in Sources */,
				5AD5975316CA1AE300AD663B /* ArchivePageViewController.m in Sources */,
				5AE33BEA16CC955900129C62 /* ArchiveMetadataTableView.m in Sources */,
				5AE33BED16CC96AE00129C62 /* ArchiveMetadataTableViewCell.m in Sources */,
				CE18814B16CEA71F0040EA9A /* HomeViewController.m in Sources */,
				CE18814E16CEA7640040EA9A /* ArchivePlayerViewController.m in Sources */,
				CE18815116CEAC630040EA9A /* ArchivePlayerTableViewCell.m in Sources */,
				5A8CA7EF16D03D1000F97BF7 /* ArchiveShareViewController.m in Sources */,
				5A8CA7FA16D0445500F97BF7 /* ArchiveShareTableViewCell.m in Sources */,
				5A8CA7FF16D0965200F97BF7 /* ArchiveImageViewController.m in Sources */,
				5AA2EDB916D2C140003EAD82 /* HomeCollectionViewController.m in Sources */,
				CED75E3116D6C3FF00BB37CD /* ArchivePhoneExtraDetailsViewController.m in Sources */,
			);
			runOnlyForDeploymentPostprocessing = 0;
		};
		5A0A10CD16A640A300CC70CD /* Sources */ = {
			isa = PBXSourcesBuildPhase;
			buildActionMask = 2147483647;
			files = (
				5A0A10E116A640A300CC70CD /* The_Internet_Archive_CompanionTests.m in Sources */,
			);
			runOnlyForDeploymentPostprocessing = 0;
		};
/* End PBXSourcesBuildPhase section */

/* Begin PBXTargetDependency section */
		5A0A10D816A640A300CC70CD /* PBXTargetDependency */ = {
			isa = PBXTargetDependency;
			target = 5A0A10AA16A640A300CC70CD /* IA */;
			targetProxy = 5A0A10D716A640A300CC70CD /* PBXContainerItemProxy */;
		};
/* End PBXTargetDependency section */

/* Begin PBXVariantGroup section */
		5A0A10B816A640A300CC70CD /* InfoPlist.strings */ = {
			isa = PBXVariantGroup;
			children = (
				5A0A10B916A640A300CC70CD /* en */,
			);
			name = InfoPlist.strings;
			sourceTree = "<group>";
		};
		5A0A10C716A640A300CC70CD /* MainStoryboard.storyboard */ = {
			isa = PBXVariantGroup;
			children = (
				5A0A10C816A640A300CC70CD /* en */,
			);
			name = MainStoryboard.storyboard;
			sourceTree = "<group>";
		};
		5A0A10DC16A640A300CC70CD /* InfoPlist.strings */ = {
			isa = PBXVariantGroup;
			children = (
				5A0A10DD16A640A300CC70CD /* en */,
			);
			name = InfoPlist.strings;
			sourceTree = "<group>";
		};
/* End PBXVariantGroup section */

/* Begin XCBuildConfiguration section */
		5A0A10E216A640A300CC70CD /* Debug */ = {
			isa = XCBuildConfiguration;
			buildSettings = {
				ALWAYS_SEARCH_USER_PATHS = NO;
				CLANG_CXX_LANGUAGE_STANDARD = "gnu++0x";
				CLANG_CXX_LIBRARY = "libc++";
				CLANG_ENABLE_OBJC_ARC = YES;
				CLANG_WARN_EMPTY_BODY = YES;
				CLANG_WARN__DUPLICATE_METHOD_MATCH = YES;
				CODE_SIGN_IDENTITY = "iPhone Developer: Hunter L Brown (PWQFAX8T56)";
				"CODE_SIGN_IDENTITY[sdk=iphoneos*]" = "";
				COPY_PHASE_STRIP = NO;
				GCC_C_LANGUAGE_STANDARD = gnu99;
				GCC_DYNAMIC_NO_PIC = NO;
				GCC_OPTIMIZATION_LEVEL = 0;
				GCC_PREPROCESSOR_DEFINITIONS = (
					"DEBUG=1",
					"$(inherited)",
				);
				GCC_SYMBOLS_PRIVATE_EXTERN = NO;
				GCC_WARN_ABOUT_RETURN_TYPE = YES;
				GCC_WARN_UNINITIALIZED_AUTOS = YES;
				GCC_WARN_UNUSED_VARIABLE = YES;
				IPHONEOS_DEPLOYMENT_TARGET = 6.0;
				ONLY_ACTIVE_ARCH = YES;
				PROVISIONING_PROFILE = "C0E25857-80A0-45F4-B703-76329CE7C1D2";
				SDKROOT = iphoneos;
				TARGETED_DEVICE_FAMILY = 2;
			};
			name = Debug;
		};
		5A0A10E316A640A300CC70CD /* Release */ = {
			isa = XCBuildConfiguration;
			buildSettings = {
				ALWAYS_SEARCH_USER_PATHS = NO;
				CLANG_CXX_LANGUAGE_STANDARD = "gnu++0x";
				CLANG_CXX_LIBRARY = "libc++";
				CLANG_ENABLE_OBJC_ARC = YES;
				CLANG_WARN_EMPTY_BODY = YES;
				CLANG_WARN__DUPLICATE_METHOD_MATCH = YES;
				CODE_SIGN_IDENTITY = "iPhone Developer: Hunter L Brown (PWQFAX8T56)";
				"CODE_SIGN_IDENTITY[sdk=iphoneos*]" = "";
				COPY_PHASE_STRIP = YES;
				GCC_C_LANGUAGE_STANDARD = gnu99;
				GCC_WARN_ABOUT_RETURN_TYPE = YES;
				GCC_WARN_UNINITIALIZED_AUTOS = YES;
				GCC_WARN_UNUSED_VARIABLE = YES;
				IPHONEOS_DEPLOYMENT_TARGET = 6.0;
				OTHER_CFLAGS = "-DNS_BLOCK_ASSERTIONS=1";
				PROVISIONING_PROFILE = "C0E25857-80A0-45F4-B703-76329CE7C1D2";
				SDKROOT = iphoneos;
				TARGETED_DEVICE_FAMILY = 2;
				VALIDATE_PRODUCT = YES;
			};
			name = Release;
		};
		5A0A10E516A640A300CC70CD /* Debug */ = {
			isa = XCBuildConfiguration;
			buildSettings = {
				CODE_SIGN_IDENTITY = "iPhone Developer: Hunter L Brown (M562U37R3G)";
				GCC_PRECOMPILE_PREFIX_HEADER = YES;
				GCC_PREFIX_HEADER = "The Internet Archive Companion/IA-Prefix.pch";
				INFOPLIST_FILE = "The Internet Archive Companion/IA-Info.plist";
				PRODUCT_NAME = IA;
				PROVISIONING_PROFILE = "B71838A7-FD66-4320-B12F-67BC44D498DB";
				TARGETED_DEVICE_FAMILY = "1,2";
				WRAPPER_EXTENSION = app;
			};
			name = Debug;
		};
		5A0A10E616A640A300CC70CD /* Release */ = {
			isa = XCBuildConfiguration;
			buildSettings = {
				CODE_SIGN_IDENTITY = "iPhone Developer: Hunter L Brown (M562U37R3G)";
				GCC_PRECOMPILE_PREFIX_HEADER = YES;
				GCC_PREFIX_HEADER = "The Internet Archive Companion/IA-Prefix.pch";
				INFOPLIST_FILE = "The Internet Archive Companion/IA-Info.plist";
				PRODUCT_NAME = IA;
				PROVISIONING_PROFILE = "B71838A7-FD66-4320-B12F-67BC44D498DB";
				TARGETED_DEVICE_FAMILY = "1,2";
				WRAPPER_EXTENSION = app;
			};
			name = Release;
		};
		5A0A10E816A640A300CC70CD /* Debug */ = {
			isa = XCBuildConfiguration;
			buildSettings = {
				BUNDLE_LOADER = "$(BUILT_PRODUCTS_DIR)/The Internet Archive Companion.app/The Internet Archive Companion";
				FRAMEWORK_SEARCH_PATHS = (
					"\"$(SDKROOT)/Developer/Library/Frameworks\"",
					"\"$(DEVELOPER_LIBRARY_DIR)/Frameworks\"",
				);
				GCC_PRECOMPILE_PREFIX_HEADER = YES;
				GCC_PREFIX_HEADER = "The Internet Archive Companion/The Internet Archive Companion-Prefix.pch";
				INFOPLIST_FILE = "The Internet Archive CompanionTests/IATests-Info.plist";
				PRODUCT_NAME = IATests;
				TEST_HOST = "$(BUNDLE_LOADER)";
				WRAPPER_EXTENSION = octest;
			};
			name = Debug;
		};
		5A0A10E916A640A300CC70CD /* Release */ = {
			isa = XCBuildConfiguration;
			buildSettings = {
				BUNDLE_LOADER = "$(BUILT_PRODUCTS_DIR)/The Internet Archive Companion.app/The Internet Archive Companion";
				FRAMEWORK_SEARCH_PATHS = (
					"\"$(SDKROOT)/Developer/Library/Frameworks\"",
					"\"$(DEVELOPER_LIBRARY_DIR)/Frameworks\"",
				);
				GCC_PRECOMPILE_PREFIX_HEADER = YES;
				GCC_PREFIX_HEADER = "The Internet Archive Companion/The Internet Archive Companion-Prefix.pch";
				INFOPLIST_FILE = "The Internet Archive CompanionTests/IATests-Info.plist";
				PRODUCT_NAME = IATests;
				TEST_HOST = "$(BUNDLE_LOADER)";
				WRAPPER_EXTENSION = octest;
			};
			name = Release;
		};
/* End XCBuildConfiguration section */

/* Begin XCConfigurationList section */
		5A0A10A516A640A300CC70CD /* Build configuration list for PBXProject "IA" */ = {
			isa = XCConfigurationList;
			buildConfigurations = (
				5A0A10E216A640A300CC70CD /* Debug */,
				5A0A10E316A640A300CC70CD /* Release */,
			);
			defaultConfigurationIsVisible = 0;
			defaultConfigurationName = Release;
		};
		5A0A10E416A640A300CC70CD /* Build configuration list for PBXNativeTarget "IA" */ = {
			isa = XCConfigurationList;
			buildConfigurations = (
				5A0A10E516A640A300CC70CD /* Debug */,
				5A0A10E616A640A300CC70CD /* Release */,
			);
			defaultConfigurationIsVisible = 0;
			defaultConfigurationName = Release;
		};
		5A0A10E716A640A300CC70CD /* Build configuration list for PBXNativeTarget "IATests" */ = {
			isa = XCConfigurationList;
			buildConfigurations = (
				5A0A10E816A640A300CC70CD /* Debug */,
				5A0A10E916A640A300CC70CD /* Release */,
			);
			defaultConfigurationIsVisible = 0;
			defaultConfigurationName = Release;
		};
/* End XCConfigurationList section */
	};
	rootObject = 5A0A10A216A640A300CC70CD /* Project object */;
}
