// !$*UTF8*$!
{
	archiveVersion = 1;
	classes = {
	};
	objectVersion = 46;
	objects = {

/* Begin PBXBuildFile section */
		5A0A10B016A640A300CC70CD /* UIKit.framework in Frameworks */ = {isa = PBXBuildFile; fileRef = 5A0A10AF16A640A300CC70CD /* UIKit.framework */; };
		5A0A10B216A640A300CC70CD /* Foundation.framework in Frameworks */ = {isa = PBXBuildFile; fileRef = 5A0A10B116A640A300CC70CD /* Foundation.framework */; };
		5A0A10B416A640A300CC70CD /* CoreGraphics.framework in Frameworks */ = {isa = PBXBuildFile; fileRef = 5A0A10B316A640A300CC70CD /* CoreGraphics.framework */; };
		5A0A10BA16A640A300CC70CD /* InfoPlist.strings in Resources */ = {isa = PBXBuildFile; fileRef = 5A0A10B816A640A300CC70CD /* InfoPlist.strings */; };
		5A0A10BC16A640A300CC70CD /* main.m in Sources */ = {isa = PBXBuildFile; fileRef = 5A0A10BB16A640A300CC70CD /* main.m */; };
		5A0A10C016A640A300CC70CD /* AppDelegate.m in Sources */ = {isa = PBXBuildFile; fileRef = 5A0A10BF16A640A300CC70CD /* AppDelegate.m */; };
		5A0A10C916A640A300CC70CD /* MainStoryboard.storyboard in Resources */ = {isa = PBXBuildFile; fileRef = 5A0A10C716A640A300CC70CD /* MainStoryboard.storyboard */; };
		5A0D9A3017802F1F006D539C /* MainNavTableViewHeaderViewCell.m in Sources */ = {isa = PBXBuildFile; fileRef = 5A0D9A2F17802F1F006D539C /* MainNavTableViewHeaderViewCell.m */; };
		5A22BFDE17A8C36600220753 /* PopUpViewController.m in Sources */ = {isa = PBXBuildFile; fileRef = 5A22BFDD17A8C36600220753 /* PopUpViewController.m */; };
		5A23501E1780C44D0050C9A2 /* ItemContentViewController.m in Sources */ = {isa = PBXBuildFile; fileRef = 5A23501D1780C44D0050C9A2 /* ItemContentViewController.m */; };
		5A2350211780C47A0050C9A2 /* CollectionContentViewController.m in Sources */ = {isa = PBXBuildFile; fileRef = 5A2350201780C47A0050C9A2 /* CollectionContentViewController.m */; };
		5A23930716C3855400C3E107 /* ArchiveFile.m in Sources */ = {isa = PBXBuildFile; fileRef = 5A23930616C3855400C3E107 /* ArchiveFile.m */; };
		5A23930916C3A07500C3E107 /* MediaPlayer.framework in Frameworks */ = {isa = PBXBuildFile; fileRef = 5A23930816C3A07500C3E107 /* MediaPlayer.framework */; };
		5A51FA4A16E3C464004E5C44 /* MessageUI.framework in Frameworks */ = {isa = PBXBuildFile; fileRef = 5A51FA4916E3C464004E5C44 /* MessageUI.framework */; };
		5A5A0AF51A422BD00009CBC2 /* Images.xcassets in Resources */ = {isa = PBXBuildFile; fileRef = 5A5A0AF41A422BD00009CBC2 /* Images.xcassets */; };
		5A727D771800C90A00EEF8C2 /* FavoritesTableViewController.m in Sources */ = {isa = PBXBuildFile; fileRef = 5A727D761800C90A00EEF8C2 /* FavoritesTableViewController.m */; };
		5A727D821800CC3800EEF8C2 /* Favorite.m in Sources */ = {isa = PBXBuildFile; fileRef = 5A727D811800CC3800EEF8C2 /* Favorite.m */; };
		5A756D84177FA35500E7F922 /* MainNavViewController.m in Sources */ = {isa = PBXBuildFile; fileRef = 5A756D83177FA35500E7F922 /* MainNavViewController.m */; };
		5A756D87177FA71600E7F922 /* MainNavTableViewCell.m in Sources */ = {isa = PBXBuildFile; fileRef = 5A756D86177FA71600E7F922 /* MainNavTableViewCell.m */; };
		5A756D8C177FAAC900E7F922 /* ArchiveCache.m in Sources */ = {isa = PBXBuildFile; fileRef = 5A756D8B177FAAC900E7F922 /* ArchiveCache.m */; };
		5A756D90177FAEDF00E7F922 /* ArchiveImage.m in Sources */ = {isa = PBXBuildFile; fileRef = 5A756D8F177FAEDF00E7F922 /* ArchiveImage.m */; };
		5A756D94177FAF9700E7F922 /* ArchiveFileDownload.m in Sources */ = {isa = PBXBuildFile; fileRef = 5A756D93177FAF9700E7F922 /* ArchiveFileDownload.m */; };
		5A756D97177FB14500E7F922 /* ArchiveFileDownloader.m in Sources */ = {isa = PBXBuildFile; fileRef = 5A756D96177FB14400E7F922 /* ArchiveFileDownloader.m */; };
		5A756D9B177FBF7B00E7F922 /* IADataService.m in Sources */ = {isa = PBXBuildFile; fileRef = 5A756D9A177FBF7B00E7F922 /* IADataService.m */; };
		5A756D9E177FC57F00E7F922 /* IAJsonDataService.m in Sources */ = {isa = PBXBuildFile; fileRef = 5A756D9D177FC57F00E7F922 /* IAJsonDataService.m */; };
		5A756DA1177FF0C600E7F922 /* ArchiveImageView.m in Sources */ = {isa = PBXBuildFile; fileRef = 5A756DA0177FF0C600E7F922 /* ArchiveImageView.m */; };
		5A756DA5177FFE2800E7F922 /* InitialViewController.m in Sources */ = {isa = PBXBuildFile; fileRef = 5A756DA4177FFE2800E7F922 /* InitialViewController.m */; };
		5A756DAD1780025C00E7F922 /* CentralViewController.m in Sources */ = {isa = PBXBuildFile; fileRef = 5A756DAC1780025C00E7F922 /* CentralViewController.m */; };
		5A756DB1178002A000E7F922 /* ContentViewController.m in Sources */ = {isa = PBXBuildFile; fileRef = 5A756DB0178002A000E7F922 /* ContentViewController.m */; };
		5A7C05A217890CEA0044EC5B /* CollectionDataHandlerAndHeaderView.m in Sources */ = {isa = PBXBuildFile; fileRef = 5A7C05A117890CEA0044EC5B /* CollectionDataHandlerAndHeaderView.m */; };
		5A7C05A6178917410044EC5B /* CollectionViewTableCell.m in Sources */ = {isa = PBXBuildFile; fileRef = 5A7C05A5178917410044EC5B /* CollectionViewTableCell.m */; };
		5A8A195C16B5DDDA00F6A2E4 /* ArchiveSearchDoc.m in Sources */ = {isa = PBXBuildFile; fileRef = 5A8A195B16B5DDD900F6A2E4 /* ArchiveSearchDoc.m */; };
		5A8CA7FC16D051EF00F97BF7 /* Social.framework in Frameworks */ = {isa = PBXBuildFile; fileRef = 5A8CA7FB16D051EF00F97BF7 /* Social.framework */; };
		5A9003161735B507000C6304 /* IA.xcdatamodeld in Sources */ = {isa = PBXBuildFile; fileRef = 5A9003141735B507000C6304 /* IA.xcdatamodeld */; };
		5A9003191735B6E3000C6304 /* PlayerFile.m in Sources */ = {isa = PBXBuildFile; fileRef = 5A9003181735B6E3000C6304 /* PlayerFile.m */; };
		5A90031B1735B9DF000C6304 /* CoreData.framework in Frameworks */ = {isa = PBXBuildFile; fileRef = 5A90031A1735B9DF000C6304 /* CoreData.framework */; };
		5A93EBBB17A456F100D6CB38 /* ArchivePageViewController.m in Sources */ = {isa = PBXBuildFile; fileRef = 5A93EBAE17A4505400D6CB38 /* ArchivePageViewController.m */; };
		5A93EBBC17A458F800D6CB38 /* ArchiveBookPageViewController.m in Sources */ = {isa = PBXBuildFile; fileRef = 5A93EBA617A4505400D6CB38 /* ArchiveBookPageViewController.m */; };
		5A93EBBD17A458F800D6CB38 /* ArchiveBookPageImageViewController.m in Sources */ = {isa = PBXBuildFile; fileRef = 5A93EBA817A4505400D6CB38 /* ArchiveBookPageImageViewController.m */; };
		5A93EBBE17A458F800D6CB38 /* ArchiveBookPageTextViewController.m in Sources */ = {isa = PBXBuildFile; fileRef = 5A93EBAB17A4505400D6CB38 /* ArchiveBookPageTextViewController.m */; };
		5A93EBBF17A458F800D6CB38 /* ArchivePageTextSizeViewController.m in Sources */ = {isa = PBXBuildFile; fileRef = 5A93EBB017A4505400D6CB38 /* ArchivePageTextSizeViewController.m */; };
		5A93EBC017A458F800D6CB38 /* AsyncTextView.m in Sources */ = {isa = PBXBuildFile; fileRef = 5A93EBB917A453F500D6CB38 /* AsyncTextView.m */; };
		5A93EBC117A4598600D6CB38 /* ArchiveBookPageImageViewController.xib in Resources */ = {isa = PBXBuildFile; fileRef = 5A93EBA917A4505400D6CB38 /* ArchiveBookPageImageViewController.xib */; };
		5A93EBC217A4598600D6CB38 /* ArchiveBookPageTextViewController.xib in Resources */ = {isa = PBXBuildFile; fileRef = 5A93EBAC17A4505400D6CB38 /* ArchiveBookPageTextViewController.xib */; };
		5A942D4616D5F545001CB01B /* MainStoryboard-iPhone.storyboard in Resources */ = {isa = PBXBuildFile; fileRef = 5A942D4516D5F545001CB01B /* MainStoryboard-iPhone.storyboard */; };
		5A990BA716B9F2E500B4C058 /* QuartzCore.framework in Frameworks */ = {isa = PBXBuildFile; fileRef = 5A990BA616B9F2E500B4C058 /* QuartzCore.framework */; };
		5AB736A017A5B91700967D4D /* LoadingViewController.m in Sources */ = {isa = PBXBuildFile; fileRef = 5AB7369F17A5B91700967D4D /* LoadingViewController.m */; };
		5AD456BE1A907E7F0035FBA1 /* Media.xcassets in Resources */ = {isa = PBXBuildFile; fileRef = 5AD456BD1A907E7F0035FBA1 /* Media.xcassets */; };
		5ADCCC2818012F9300DFAE14 /* FavoritesCell.m in Sources */ = {isa = PBXBuildFile; fileRef = 5ADCCC2718012F9300DFAE14 /* FavoritesCell.m */; };
		5AEE7662179F1FD200CF8C23 /* SearchViewController.m in Sources */ = {isa = PBXBuildFile; fileRef = 5AEE7661179F1FD200CF8C23 /* SearchViewController.m */; };
		CE3019CE16C5729E00733B99 /* StringUtils.m in Sources */ = {isa = PBXBuildFile; fileRef = CE3019CD16C5729E00733B99 /* StringUtils.m */; };
		CE3FFD0D17943D8300709F5F /* MediaFileCell.m in Sources */ = {isa = PBXBuildFile; fileRef = CE3FFD0C17943D8300709F5F /* MediaFileCell.m */; };
		CE3FFD10179440D200709F5F /* MediaFileHeaderCell.m in Sources */ = {isa = PBXBuildFile; fileRef = CE3FFD0F179440D200709F5F /* MediaFileHeaderCell.m */; };
		CE3FFD1417944FAB00709F5F /* MediaPlayerViewController.m in Sources */ = {isa = PBXBuildFile; fileRef = CE3FFD1317944FAB00709F5F /* MediaPlayerViewController.m */; };
		CE6FFE2F17933EE0002A292B /* MetaDataTable.m in Sources */ = {isa = PBXBuildFile; fileRef = CE6FFE2E17933EE0002A292B /* MetaDataTable.m */; };
		CE6FFE32179345D6002A292B /* MetaCell.m in Sources */ = {isa = PBXBuildFile; fileRef = CE6FFE31179345D6002A292B /* MetaCell.m */; };
		CE94FC331798233500660A44 /* BufferingView.m in Sources */ = {isa = PBXBuildFile; fileRef = CE94FC321798233500660A44 /* BufferingView.m */; };
		CEA7553E1795F21B008E9DF2 /* PlayerTableViewCell.m in Sources */ = {isa = PBXBuildFile; fileRef = CEE4AC6C1795EFDD00FAE34F /* PlayerTableViewCell.m */; };
		CEBA014316CEF6B30038625F /* AVFoundation.framework in Frameworks */ = {isa = PBXBuildFile; fileRef = CEBA014216CEF6B30038625F /* AVFoundation.framework */; };
		CEBA014716CEFFB60038625F /* AudioToolbox.framework in Frameworks */ = {isa = PBXBuildFile; fileRef = CEBA014616CEFFB60038625F /* AudioToolbox.framework */; };
		CEC57063179AEB9400A7B713 /* MediaImageViewController.m in Sources */ = {isa = PBXBuildFile; fileRef = CEC57062179AEB9400A7B713 /* MediaImageViewController.m */; };
		CEE4AC4F1795C7C800FAE34F /* ArchiveCollectionViewControllerHelper.m in Sources */ = {isa = PBXBuildFile; fileRef = CEE4AC4E1795C7C800FAE34F /* ArchiveCollectionViewControllerHelper.m */; };
		CEEF55D3178F6A2F0085E0CF /* PopUpView.m in Sources */ = {isa = PBXBuildFile; fileRef = CEEF55D2178F6A2F0085E0CF /* PopUpView.m */; };
/* End PBXBuildFile section */

/* Begin PBXFileReference section */
		5A0A10AB16A640A300CC70CD /* IA.app */ = {isa = PBXFileReference; explicitFileType = wrapper.application; includeInIndex = 0; path = IA.app; sourceTree = BUILT_PRODUCTS_DIR; };
		5A0A10AF16A640A300CC70CD /* UIKit.framework */ = {isa = PBXFileReference; lastKnownFileType = wrapper.framework; name = UIKit.framework; path = System/Library/Frameworks/UIKit.framework; sourceTree = SDKROOT; };
		5A0A10B116A640A300CC70CD /* Foundation.framework */ = {isa = PBXFileReference; lastKnownFileType = wrapper.framework; name = Foundation.framework; path = System/Library/Frameworks/Foundation.framework; sourceTree = SDKROOT; };
		5A0A10B316A640A300CC70CD /* CoreGraphics.framework */ = {isa = PBXFileReference; lastKnownFileType = wrapper.framework; name = CoreGraphics.framework; path = System/Library/Frameworks/CoreGraphics.framework; sourceTree = SDKROOT; };
		5A0A10B716A640A300CC70CD /* IA-Info.plist */ = {isa = PBXFileReference; lastKnownFileType = text.plist.xml; path = "IA-Info.plist"; sourceTree = "<group>"; };
		5A0A10B916A640A300CC70CD /* en */ = {isa = PBXFileReference; lastKnownFileType = text.plist.strings; name = en; path = en.lproj/InfoPlist.strings; sourceTree = "<group>"; };
		5A0A10BB16A640A300CC70CD /* main.m */ = {isa = PBXFileReference; lastKnownFileType = sourcecode.c.objc; path = main.m; sourceTree = "<group>"; };
		5A0A10BD16A640A300CC70CD /* IA-Prefix.pch */ = {isa = PBXFileReference; lastKnownFileType = sourcecode.c.h; path = "IA-Prefix.pch"; sourceTree = "<group>"; };
		5A0A10BE16A640A300CC70CD /* AppDelegate.h */ = {isa = PBXFileReference; lastKnownFileType = sourcecode.c.h; path = AppDelegate.h; sourceTree = "<group>"; };
		5A0A10BF16A640A300CC70CD /* AppDelegate.m */ = {isa = PBXFileReference; lastKnownFileType = sourcecode.c.objc; path = AppDelegate.m; sourceTree = "<group>"; };
		5A0A10C816A640A300CC70CD /* en */ = {isa = PBXFileReference; lastKnownFileType = file.storyboard; name = en; path = en.lproj/MainStoryboard.storyboard; sourceTree = "<group>"; };
		5A0A10D316A640A300CC70CD /* SenTestingKit.framework */ = {isa = PBXFileReference; lastKnownFileType = wrapper.framework; name = SenTestingKit.framework; path = Library/Frameworks/SenTestingKit.framework; sourceTree = DEVELOPER_DIR; };
		5A0A10DB16A640A300CC70CD /* IATests-Info.plist */ = {isa = PBXFileReference; lastKnownFileType = text.plist.xml; path = "IATests-Info.plist"; sourceTree = "<group>"; };
		5A0A10DD16A640A300CC70CD /* en */ = {isa = PBXFileReference; lastKnownFileType = text.plist.strings; name = en; path = en.lproj/InfoPlist.strings; sourceTree = "<group>"; };
		5A0A10DF16A640A300CC70CD /* The_Internet_Archive_CompanionTests.h */ = {isa = PBXFileReference; lastKnownFileType = sourcecode.c.h; path = The_Internet_Archive_CompanionTests.h; sourceTree = "<group>"; };
		5A0A10E016A640A300CC70CD /* The_Internet_Archive_CompanionTests.m */ = {isa = PBXFileReference; lastKnownFileType = sourcecode.c.objc; path = The_Internet_Archive_CompanionTests.m; sourceTree = "<group>"; };
		5A0D9A2E17802F1F006D539C /* MainNavTableViewHeaderViewCell.h */ = {isa = PBXFileReference; fileEncoding = 4; lastKnownFileType = sourcecode.c.h; path = MainNavTableViewHeaderViewCell.h; sourceTree = "<group>"; };
		5A0D9A2F17802F1F006D539C /* MainNavTableViewHeaderViewCell.m */ = {isa = PBXFileReference; fileEncoding = 4; lastKnownFileType = sourcecode.c.objc; path = MainNavTableViewHeaderViewCell.m; sourceTree = "<group>"; };
		5A22BFDC17A8C36600220753 /* PopUpViewController.h */ = {isa = PBXFileReference; fileEncoding = 4; lastKnownFileType = sourcecode.c.h; path = PopUpViewController.h; sourceTree = "<group>"; };
		5A22BFDD17A8C36600220753 /* PopUpViewController.m */ = {isa = PBXFileReference; fileEncoding = 4; lastKnownFileType = sourcecode.c.objc; path = PopUpViewController.m; sourceTree = "<group>"; };
		5A23501C1780C44D0050C9A2 /* ItemContentViewController.h */ = {isa = PBXFileReference; fileEncoding = 4; lastKnownFileType = sourcecode.c.h; path = ItemContentViewController.h; sourceTree = "<group>"; };
		5A23501D1780C44D0050C9A2 /* ItemContentViewController.m */ = {isa = PBXFileReference; fileEncoding = 4; lastKnownFileType = sourcecode.c.objc; path = ItemContentViewController.m; sourceTree = "<group>"; };
		5A23501F1780C47A0050C9A2 /* CollectionContentViewController.h */ = {isa = PBXFileReference; fileEncoding = 4; lastKnownFileType = sourcecode.c.h; path = CollectionContentViewController.h; sourceTree = "<group>"; };
		5A2350201780C47A0050C9A2 /* CollectionContentViewController.m */ = {isa = PBXFileReference; fileEncoding = 4; lastKnownFileType = sourcecode.c.objc; path = CollectionContentViewController.m; sourceTree = "<group>"; };
		5A23930516C3855400C3E107 /* ArchiveFile.h */ = {isa = PBXFileReference; fileEncoding = 4; lastKnownFileType = sourcecode.c.h; path = ArchiveFile.h; sourceTree = "<group>"; };
		5A23930616C3855400C3E107 /* ArchiveFile.m */ = {isa = PBXFileReference; fileEncoding = 4; lastKnownFileType = sourcecode.c.objc; path = ArchiveFile.m; sourceTree = "<group>"; };
		5A23930816C3A07500C3E107 /* MediaPlayer.framework */ = {isa = PBXFileReference; lastKnownFileType = wrapper.framework; name = MediaPlayer.framework; path = System/Library/Frameworks/MediaPlayer.framework; sourceTree = SDKROOT; };
		5A2393451801558000B5793E /* Default~iphone.png */ = {isa = PBXFileReference; lastKnownFileType = image.png; name = "Default~iphone.png"; path = "../Default~iphone.png"; sourceTree = "<group>"; };
		5A2393461801565E00B5793E /* Default~ipad.png */ = {isa = PBXFileReference; lastKnownFileType = image.png; name = "Default~ipad.png"; path = "../Default~ipad.png"; sourceTree = "<group>"; };
		5A32CBD4180600D8008C9543 /* Default-Portrait-1024~ipad.png */ = {isa = PBXFileReference; lastKnownFileType = image.png; name = "Default-Portrait-1024~ipad.png"; path = "../Default-Portrait-1024~ipad.png"; sourceTree = "<group>"; };
		5A32CBD518060125008C9543 /* Default-Portrait-1024@2x~ipad.png */ = {isa = PBXFileReference; lastKnownFileType = image.png; name = "Default-Portrait-1024@2x~ipad.png"; path = "../Default-Portrait-1024@2x~ipad.png"; sourceTree = "<group>"; };
		5A5169EB180159A1004ABA0B /* Default-Landscape-1024~ipad.png */ = {isa = PBXFileReference; lastKnownFileType = image.png; name = "Default-Landscape-1024~ipad.png"; path = "../Default-Landscape-1024~ipad.png"; sourceTree = "<group>"; };
		5A51FA4916E3C464004E5C44 /* MessageUI.framework */ = {isa = PBXFileReference; lastKnownFileType = wrapper.framework; name = MessageUI.framework; path = System/Library/Frameworks/MessageUI.framework; sourceTree = SDKROOT; };
		5A5A0AF41A422BD00009CBC2 /* Images.xcassets */ = {isa = PBXFileReference; lastKnownFileType = folder.assetcatalog; name = Images.xcassets; path = ../IA/Images.xcassets; sourceTree = "<group>"; };
		5A727D751800C90A00EEF8C2 /* FavoritesTableViewController.h */ = {isa = PBXFileReference; fileEncoding = 4; lastKnownFileType = sourcecode.c.h; path = FavoritesTableViewController.h; sourceTree = "<group>"; };
		5A727D761800C90A00EEF8C2 /* FavoritesTableViewController.m */ = {isa = PBXFileReference; fileEncoding = 4; lastKnownFileType = sourcecode.c.objc; path = FavoritesTableViewController.m; sourceTree = "<group>"; };
		5A727D801800CC2B00EEF8C2 /* Favorite.h */ = {isa = PBXFileReference; fileEncoding = 4; lastKnownFileType = sourcecode.c.h; path = Favorite.h; sourceTree = "<group>"; };
		5A727D811800CC3800EEF8C2 /* Favorite.m */ = {isa = PBXFileReference; fileEncoding = 4; lastKnownFileType = sourcecode.c.objc; path = Favorite.m; sourceTree = "<group>"; };
		5A756D82177FA35500E7F922 /* MainNavViewController.h */ = {isa = PBXFileReference; fileEncoding = 4; lastKnownFileType = sourcecode.c.h; path = MainNavViewController.h; sourceTree = "<group>"; };
		5A756D83177FA35500E7F922 /* MainNavViewController.m */ = {isa = PBXFileReference; fileEncoding = 4; lastKnownFileType = sourcecode.c.objc; path = MainNavViewController.m; sourceTree = "<group>"; };
		5A756D85177FA71600E7F922 /* MainNavTableViewCell.h */ = {isa = PBXFileReference; fileEncoding = 4; lastKnownFileType = sourcecode.c.h; path = MainNavTableViewCell.h; sourceTree = "<group>"; };
		5A756D86177FA71600E7F922 /* MainNavTableViewCell.m */ = {isa = PBXFileReference; fileEncoding = 4; lastKnownFileType = sourcecode.c.objc; path = MainNavTableViewCell.m; sourceTree = "<group>"; };
		5A756D8A177FAAC900E7F922 /* ArchiveCache.h */ = {isa = PBXFileReference; fileEncoding = 4; lastKnownFileType = sourcecode.c.h; path = ArchiveCache.h; sourceTree = "<group>"; };
		5A756D8B177FAAC900E7F922 /* ArchiveCache.m */ = {isa = PBXFileReference; fileEncoding = 4; lastKnownFileType = sourcecode.c.objc; path = ArchiveCache.m; sourceTree = "<group>"; };
		5A756D8E177FAEDF00E7F922 /* ArchiveImage.h */ = {isa = PBXFileReference; fileEncoding = 4; lastKnownFileType = sourcecode.c.h; path = ArchiveImage.h; sourceTree = "<group>"; };
		5A756D8F177FAEDF00E7F922 /* ArchiveImage.m */ = {isa = PBXFileReference; fileEncoding = 4; lastKnownFileType = sourcecode.c.objc; path = ArchiveImage.m; sourceTree = "<group>"; };
		5A756D92177FAF9700E7F922 /* ArchiveFileDownload.h */ = {isa = PBXFileReference; fileEncoding = 4; lastKnownFileType = sourcecode.c.h; path = ArchiveFileDownload.h; sourceTree = "<group>"; };
		5A756D93177FAF9700E7F922 /* ArchiveFileDownload.m */ = {isa = PBXFileReference; fileEncoding = 4; lastKnownFileType = sourcecode.c.objc; path = ArchiveFileDownload.m; sourceTree = "<group>"; };
		5A756D95177FB14400E7F922 /* ArchiveFileDownloader.h */ = {isa = PBXFileReference; fileEncoding = 4; lastKnownFileType = sourcecode.c.h; path = ArchiveFileDownloader.h; sourceTree = "<group>"; };
		5A756D96177FB14400E7F922 /* ArchiveFileDownloader.m */ = {isa = PBXFileReference; fileEncoding = 4; lastKnownFileType = sourcecode.c.objc; path = ArchiveFileDownloader.m; sourceTree = "<group>"; };
		5A756D99177FBF7B00E7F922 /* IADataService.h */ = {isa = PBXFileReference; fileEncoding = 4; lastKnownFileType = sourcecode.c.h; path = IADataService.h; sourceTree = "<group>"; };
		5A756D9A177FBF7B00E7F922 /* IADataService.m */ = {isa = PBXFileReference; fileEncoding = 4; lastKnownFileType = sourcecode.c.objc; path = IADataService.m; sourceTree = "<group>"; };
		5A756D9C177FC57E00E7F922 /* IAJsonDataService.h */ = {isa = PBXFileReference; fileEncoding = 4; lastKnownFileType = sourcecode.c.h; path = IAJsonDataService.h; sourceTree = "<group>"; };
		5A756D9D177FC57F00E7F922 /* IAJsonDataService.m */ = {isa = PBXFileReference; fileEncoding = 4; lastKnownFileType = sourcecode.c.objc; path = IAJsonDataService.m; sourceTree = "<group>"; };
		5A756D9F177FF0C600E7F922 /* ArchiveImageView.h */ = {isa = PBXFileReference; fileEncoding = 4; lastKnownFileType = sourcecode.c.h; path = ArchiveImageView.h; sourceTree = "<group>"; };
		5A756DA0177FF0C600E7F922 /* ArchiveImageView.m */ = {isa = PBXFileReference; fileEncoding = 4; lastKnownFileType = sourcecode.c.objc; path = ArchiveImageView.m; sourceTree = "<group>"; };
		5A756DA3177FFE2800E7F922 /* InitialViewController.h */ = {isa = PBXFileReference; fileEncoding = 4; lastKnownFileType = sourcecode.c.h; path = InitialViewController.h; sourceTree = "<group>"; };
		5A756DA4177FFE2800E7F922 /* InitialViewController.m */ = {isa = PBXFileReference; fileEncoding = 4; lastKnownFileType = sourcecode.c.objc; path = InitialViewController.m; sourceTree = "<group>"; };
		5A756DAB1780025C00E7F922 /* CentralViewController.h */ = {isa = PBXFileReference; fileEncoding = 4; lastKnownFileType = sourcecode.c.h; path = CentralViewController.h; sourceTree = "<group>"; };
		5A756DAC1780025C00E7F922 /* CentralViewController.m */ = {isa = PBXFileReference; fileEncoding = 4; lastKnownFileType = sourcecode.c.objc; path = CentralViewController.m; sourceTree = "<group>"; };
		5A756DAF178002A000E7F922 /* ContentViewController.h */ = {isa = PBXFileReference; fileEncoding = 4; lastKnownFileType = sourcecode.c.h; path = ContentViewController.h; sourceTree = "<group>"; };
		5A756DB0178002A000E7F922 /* ContentViewController.m */ = {isa = PBXFileReference; fileEncoding = 4; lastKnownFileType = sourcecode.c.objc; path = ContentViewController.m; sourceTree = "<group>"; };
		5A7C05A017890CEA0044EC5B /* CollectionDataHandlerAndHeaderView.h */ = {isa = PBXFileReference; fileEncoding = 4; lastKnownFileType = sourcecode.c.h; path = CollectionDataHandlerAndHeaderView.h; sourceTree = "<group>"; };
		5A7C05A117890CEA0044EC5B /* CollectionDataHandlerAndHeaderView.m */ = {isa = PBXFileReference; fileEncoding = 4; lastKnownFileType = sourcecode.c.objc; path = CollectionDataHandlerAndHeaderView.m; sourceTree = "<group>"; };
		5A7C05A4178917410044EC5B /* CollectionViewTableCell.h */ = {isa = PBXFileReference; fileEncoding = 4; lastKnownFileType = sourcecode.c.h; path = CollectionViewTableCell.h; sourceTree = "<group>"; };
		5A7C05A5178917410044EC5B /* CollectionViewTableCell.m */ = {isa = PBXFileReference; fileEncoding = 4; lastKnownFileType = sourcecode.c.objc; path = CollectionViewTableCell.m; sourceTree = "<group>"; };
		5A867BA618015A0900513BA9 /* Default-Landscape-1024@2x~ipad.png */ = {isa = PBXFileReference; lastKnownFileType = image.png; name = "Default-Landscape-1024@2x~ipad.png"; path = "../Default-Landscape-1024@2x~ipad.png"; sourceTree = "<group>"; };
		5A8A195A16B5DDD900F6A2E4 /* ArchiveSearchDoc.h */ = {isa = PBXFileReference; fileEncoding = 4; lastKnownFileType = sourcecode.c.h; path = ArchiveSearchDoc.h; sourceTree = "<group>"; };
		5A8A195B16B5DDD900F6A2E4 /* ArchiveSearchDoc.m */ = {isa = PBXFileReference; fileEncoding = 4; lastKnownFileType = sourcecode.c.objc; path = ArchiveSearchDoc.m; sourceTree = "<group>"; };
		5A8CA7FB16D051EF00F97BF7 /* Social.framework */ = {isa = PBXFileReference; lastKnownFileType = wrapper.framework; name = Social.framework; path = System/Library/Frameworks/Social.framework; sourceTree = SDKROOT; };
		5A9003151735B507000C6304 /* IA.xcdatamodel */ = {isa = PBXFileReference; lastKnownFileType = wrapper.xcdatamodel; path = IA.xcdatamodel; sourceTree = "<group>"; };
		5A9003171735B6E3000C6304 /* PlayerFile.h */ = {isa = PBXFileReference; fileEncoding = 4; lastKnownFileType = sourcecode.c.h; path = PlayerFile.h; sourceTree = "<group>"; };
		5A9003181735B6E3000C6304 /* PlayerFile.m */ = {isa = PBXFileReference; fileEncoding = 4; lastKnownFileType = sourcecode.c.objc; path = PlayerFile.m; sourceTree = "<group>"; };
		5A90031A1735B9DF000C6304 /* CoreData.framework */ = {isa = PBXFileReference; lastKnownFileType = wrapper.framework; name = CoreData.framework; path = System/Library/Frameworks/CoreData.framework; sourceTree = SDKROOT; };
		5A93EBA517A4505400D6CB38 /* ArchiveBookPageViewController.h */ = {isa = PBXFileReference; fileEncoding = 4; lastKnownFileType = sourcecode.c.h; path = ArchiveBookPageViewController.h; sourceTree = "<group>"; };
		5A93EBA617A4505400D6CB38 /* ArchiveBookPageViewController.m */ = {isa = PBXFileReference; fileEncoding = 4; lastKnownFileType = sourcecode.c.objc; path = ArchiveBookPageViewController.m; sourceTree = "<group>"; };
		5A93EBA717A4505400D6CB38 /* ArchiveBookPageImageViewController.h */ = {isa = PBXFileReference; fileEncoding = 4; lastKnownFileType = sourcecode.c.h; path = ArchiveBookPageImageViewController.h; sourceTree = "<group>"; };
		5A93EBA817A4505400D6CB38 /* ArchiveBookPageImageViewController.m */ = {isa = PBXFileReference; fileEncoding = 4; lastKnownFileType = sourcecode.c.objc; path = ArchiveBookPageImageViewController.m; sourceTree = "<group>"; };
		5A93EBA917A4505400D6CB38 /* ArchiveBookPageImageViewController.xib */ = {isa = PBXFileReference; fileEncoding = 4; lastKnownFileType = file.xib; path = ArchiveBookPageImageViewController.xib; sourceTree = "<group>"; };
		5A93EBAA17A4505400D6CB38 /* ArchiveBookPageTextViewController.h */ = {isa = PBXFileReference; fileEncoding = 4; lastKnownFileType = sourcecode.c.h; path = ArchiveBookPageTextViewController.h; sourceTree = "<group>"; };
		5A93EBAB17A4505400D6CB38 /* ArchiveBookPageTextViewController.m */ = {isa = PBXFileReference; fileEncoding = 4; lastKnownFileType = sourcecode.c.objc; path = ArchiveBookPageTextViewController.m; sourceTree = "<group>"; };
		5A93EBAC17A4505400D6CB38 /* ArchiveBookPageTextViewController.xib */ = {isa = PBXFileReference; fileEncoding = 4; lastKnownFileType = file.xib; path = ArchiveBookPageTextViewController.xib; sourceTree = "<group>"; };
		5A93EBAD17A4505400D6CB38 /* ArchivePageViewController.h */ = {isa = PBXFileReference; fileEncoding = 4; lastKnownFileType = sourcecode.c.h; path = ArchivePageViewController.h; sourceTree = "<group>"; };
		5A93EBAE17A4505400D6CB38 /* ArchivePageViewController.m */ = {isa = PBXFileReference; fileEncoding = 4; lastKnownFileType = sourcecode.c.objc; path = ArchivePageViewController.m; sourceTree = "<group>"; };
		5A93EBAF17A4505400D6CB38 /* ArchivePageTextSizeViewController.h */ = {isa = PBXFileReference; fileEncoding = 4; lastKnownFileType = sourcecode.c.h; path = ArchivePageTextSizeViewController.h; sourceTree = "<group>"; };
		5A93EBB017A4505400D6CB38 /* ArchivePageTextSizeViewController.m */ = {isa = PBXFileReference; fileEncoding = 4; lastKnownFileType = sourcecode.c.objc; path = ArchivePageTextSizeViewController.m; sourceTree = "<group>"; };
		5A93EBB817A453F500D6CB38 /* AsyncTextView.h */ = {isa = PBXFileReference; fileEncoding = 4; lastKnownFileType = sourcecode.c.h; path = AsyncTextView.h; sourceTree = "<group>"; };
		5A93EBB917A453F500D6CB38 /* AsyncTextView.m */ = {isa = PBXFileReference; fileEncoding = 4; lastKnownFileType = sourcecode.c.objc; path = AsyncTextView.m; sourceTree = "<group>"; };
		5A942D4516D5F545001CB01B /* MainStoryboard-iPhone.storyboard */ = {isa = PBXFileReference; fileEncoding = 4; lastKnownFileType = file.storyboard; name = "MainStoryboard-iPhone.storyboard"; path = "../MainStoryboard-iPhone.storyboard"; sourceTree = "<group>"; };
		5A990BA616B9F2E500B4C058 /* QuartzCore.framework */ = {isa = PBXFileReference; lastKnownFileType = wrapper.framework; name = QuartzCore.framework; path = System/Library/Frameworks/QuartzCore.framework; sourceTree = SDKROOT; };
		5AB7369E17A5B91700967D4D /* LoadingViewController.h */ = {isa = PBXFileReference; fileEncoding = 4; lastKnownFileType = sourcecode.c.h; path = LoadingViewController.h; sourceTree = "<group>"; };
		5AB7369F17A5B91700967D4D /* LoadingViewController.m */ = {isa = PBXFileReference; fileEncoding = 4; lastKnownFileType = sourcecode.c.objc; path = LoadingViewController.m; sourceTree = "<group>"; };
		5AD456BC1A904BE80035FBA1 /* IA length.xcdatamodel */ = {isa = PBXFileReference; lastKnownFileType = wrapper.xcdatamodel; path = "IA length.xcdatamodel"; sourceTree = "<group>"; };
		5AD456BD1A907E7F0035FBA1 /* Media.xcassets */ = {isa = PBXFileReference; lastKnownFileType = folder.assetcatalog; path = Media.xcassets; sourceTree = "<group>"; };
		5ADCCC2618012F9300DFAE14 /* FavoritesCell.h */ = {isa = PBXFileReference; fileEncoding = 4; lastKnownFileType = sourcecode.c.h; path = FavoritesCell.h; sourceTree = "<group>"; };
		5ADCCC2718012F9300DFAE14 /* FavoritesCell.m */ = {isa = PBXFileReference; fileEncoding = 4; lastKnownFileType = sourcecode.c.objc; path = FavoritesCell.m; sourceTree = "<group>"; };
		5AEE7660179F1FD200CF8C23 /* SearchViewController.h */ = {isa = PBXFileReference; fileEncoding = 4; lastKnownFileType = sourcecode.c.h; path = SearchViewController.h; sourceTree = "<group>"; };
		5AEE7661179F1FD200CF8C23 /* SearchViewController.m */ = {isa = PBXFileReference; fileEncoding = 4; lastKnownFileType = sourcecode.c.objc; path = SearchViewController.m; sourceTree = "<group>"; };
		5AF2310D16D7575D00262B09 /* Default-568h@2x.png */ = {isa = PBXFileReference; lastKnownFileType = image.png; name = "Default-568h@2x.png"; path = "../Default-568h@2x.png"; sourceTree = "<group>"; };
		CE3019CC16C5729E00733B99 /* StringUtils.h */ = {isa = PBXFileReference; fileEncoding = 4; lastKnownFileType = sourcecode.c.h; path = StringUtils.h; sourceTree = "<group>"; };
		CE3019CD16C5729E00733B99 /* StringUtils.m */ = {isa = PBXFileReference; fileEncoding = 4; lastKnownFileType = sourcecode.c.objc; path = StringUtils.m; sourceTree = "<group>"; };
		CE3FFD0B17943D8300709F5F /* MediaFileCell.h */ = {isa = PBXFileReference; fileEncoding = 4; lastKnownFileType = sourcecode.c.h; path = MediaFileCell.h; sourceTree = "<group>"; };
		CE3FFD0C17943D8300709F5F /* MediaFileCell.m */ = {isa = PBXFileReference; fileEncoding = 4; lastKnownFileType = sourcecode.c.objc; path = MediaFileCell.m; sourceTree = "<group>"; };
		CE3FFD0E179440D200709F5F /* MediaFileHeaderCell.h */ = {isa = PBXFileReference; fileEncoding = 4; lastKnownFileType = sourcecode.c.h; path = MediaFileHeaderCell.h; sourceTree = "<group>"; };
		CE3FFD0F179440D200709F5F /* MediaFileHeaderCell.m */ = {isa = PBXFileReference; fileEncoding = 4; lastKnownFileType = sourcecode.c.objc; path = MediaFileHeaderCell.m; sourceTree = "<group>"; };
		CE3FFD1217944FAB00709F5F /* MediaPlayerViewController.h */ = {isa = PBXFileReference; fileEncoding = 4; lastKnownFileType = sourcecode.c.h; path = MediaPlayerViewController.h; sourceTree = "<group>"; };
		CE3FFD1317944FAB00709F5F /* MediaPlayerViewController.m */ = {isa = PBXFileReference; fileEncoding = 4; lastKnownFileType = sourcecode.c.objc; path = MediaPlayerViewController.m; sourceTree = "<group>"; };
		CE6FFE2D17933EE0002A292B /* MetaDataTable.h */ = {isa = PBXFileReference; fileEncoding = 4; lastKnownFileType = sourcecode.c.h; path = MetaDataTable.h; sourceTree = "<group>"; };
		CE6FFE2E17933EE0002A292B /* MetaDataTable.m */ = {isa = PBXFileReference; fileEncoding = 4; lastKnownFileType = sourcecode.c.objc; path = MetaDataTable.m; sourceTree = "<group>"; };
		CE6FFE30179345D6002A292B /* MetaCell.h */ = {isa = PBXFileReference; fileEncoding = 4; lastKnownFileType = sourcecode.c.h; path = MetaCell.h; sourceTree = "<group>"; };
		CE6FFE31179345D6002A292B /* MetaCell.m */ = {isa = PBXFileReference; fileEncoding = 4; lastKnownFileType = sourcecode.c.objc; path = MetaCell.m; sourceTree = "<group>"; };
		CE94FC311798233500660A44 /* BufferingView.h */ = {isa = PBXFileReference; fileEncoding = 4; lastKnownFileType = sourcecode.c.h; path = BufferingView.h; sourceTree = "<group>"; };
		CE94FC321798233500660A44 /* BufferingView.m */ = {isa = PBXFileReference; fileEncoding = 4; lastKnownFileType = sourcecode.c.objc; path = BufferingView.m; sourceTree = "<group>"; };
		CEBA014216CEF6B30038625F /* AVFoundation.framework */ = {isa = PBXFileReference; lastKnownFileType = wrapper.framework; name = AVFoundation.framework; path = System/Library/Frameworks/AVFoundation.framework; sourceTree = SDKROOT; };
		CEBA014416CEFF580038625F /* CoreAudio.framework */ = {isa = PBXFileReference; lastKnownFileType = wrapper.framework; name = CoreAudio.framework; path = System/Library/Frameworks/CoreAudio.framework; sourceTree = SDKROOT; };
		CEBA014616CEFFB60038625F /* AudioToolbox.framework */ = {isa = PBXFileReference; lastKnownFileType = wrapper.framework; name = AudioToolbox.framework; path = System/Library/Frameworks/AudioToolbox.framework; sourceTree = SDKROOT; };
		CEC57061179AEB9400A7B713 /* MediaImageViewController.h */ = {isa = PBXFileReference; fileEncoding = 4; lastKnownFileType = sourcecode.c.h; path = MediaImageViewController.h; sourceTree = "<group>"; };
		CEC57062179AEB9400A7B713 /* MediaImageViewController.m */ = {isa = PBXFileReference; fileEncoding = 4; lastKnownFileType = sourcecode.c.objc; path = MediaImageViewController.m; sourceTree = "<group>"; };
		CEE4AC4D1795C7C800FAE34F /* ArchiveCollectionViewControllerHelper.h */ = {isa = PBXFileReference; fileEncoding = 4; lastKnownFileType = sourcecode.c.h; path = ArchiveCollectionViewControllerHelper.h; sourceTree = "<group>"; };
		CEE4AC4E1795C7C800FAE34F /* ArchiveCollectionViewControllerHelper.m */ = {isa = PBXFileReference; fileEncoding = 4; lastKnownFileType = sourcecode.c.objc; path = ArchiveCollectionViewControllerHelper.m; sourceTree = "<group>"; };
		CEE4AC6B1795EFDD00FAE34F /* PlayerTableViewCell.h */ = {isa = PBXFileReference; fileEncoding = 4; lastKnownFileType = sourcecode.c.h; path = PlayerTableViewCell.h; sourceTree = "<group>"; };
		CEE4AC6C1795EFDD00FAE34F /* PlayerTableViewCell.m */ = {isa = PBXFileReference; fileEncoding = 4; lastKnownFileType = sourcecode.c.objc; path = PlayerTableViewCell.m; sourceTree = "<group>"; };
		CEEF55D1178F6A2F0085E0CF /* PopUpView.h */ = {isa = PBXFileReference; fileEncoding = 4; lastKnownFileType = sourcecode.c.h; path = PopUpView.h; sourceTree = "<group>"; };
		CEEF55D2178F6A2F0085E0CF /* PopUpView.m */ = {isa = PBXFileReference; fileEncoding = 4; lastKnownFileType = sourcecode.c.objc; path = PopUpView.m; sourceTree = "<group>"; };
/* End PBXFileReference section */

/* Begin PBXFrameworksBuildPhase section */
		5A0A10A816A640A300CC70CD /* Frameworks */ = {
			isa = PBXFrameworksBuildPhase;
			buildActionMask = 2147483647;
			files = (
				5A90031B1735B9DF000C6304 /* CoreData.framework in Frameworks */,
				5A51FA4A16E3C464004E5C44 /* MessageUI.framework in Frameworks */,
				5A8CA7FC16D051EF00F97BF7 /* Social.framework in Frameworks */,
				CEBA014716CEFFB60038625F /* AudioToolbox.framework in Frameworks */,
				CEBA014316CEF6B30038625F /* AVFoundation.framework in Frameworks */,
				5A23930916C3A07500C3E107 /* MediaPlayer.framework in Frameworks */,
				5A990BA716B9F2E500B4C058 /* QuartzCore.framework in Frameworks */,
				5A0A10B016A640A300CC70CD /* UIKit.framework in Frameworks */,
				5A0A10B216A640A300CC70CD /* Foundation.framework in Frameworks */,
				5A0A10B416A640A300CC70CD /* CoreGraphics.framework in Frameworks */,
			);
			runOnlyForDeploymentPostprocessing = 0;
		};
/* End PBXFrameworksBuildPhase section */

/* Begin PBXGroup section */
		5A0A10A016A640A300CC70CD = {
			isa = PBXGroup;
			children = (
				5A0A10B516A640A300CC70CD /* The Internet Archive Companion */,
				5A0A10D916A640A300CC70CD /* The Internet Archive CompanionTests */,
				5A0A10AE16A640A300CC70CD /* Frameworks */,
				5A0A10AC16A640A300CC70CD /* Products */,
			);
			sourceTree = "<group>";
		};
		5A0A10AC16A640A300CC70CD /* Products */ = {
			isa = PBXGroup;
			children = (
				5A0A10AB16A640A300CC70CD /* IA.app */,
			);
			name = Products;
			sourceTree = "<group>";
		};
		5A0A10AE16A640A300CC70CD /* Frameworks */ = {
			isa = PBXGroup;
			children = (
				5A90031A1735B9DF000C6304 /* CoreData.framework */,
				5A51FA4916E3C464004E5C44 /* MessageUI.framework */,
				5A8CA7FB16D051EF00F97BF7 /* Social.framework */,
				CEBA014616CEFFB60038625F /* AudioToolbox.framework */,
				CEBA014416CEFF580038625F /* CoreAudio.framework */,
				CEBA014216CEF6B30038625F /* AVFoundation.framework */,
				5A23930816C3A07500C3E107 /* MediaPlayer.framework */,
				5A990BA616B9F2E500B4C058 /* QuartzCore.framework */,
				5A0A10AF16A640A300CC70CD /* UIKit.framework */,
				5A0A10B116A640A300CC70CD /* Foundation.framework */,
				5A0A10B316A640A300CC70CD /* CoreGraphics.framework */,
				5A0A10D316A640A300CC70CD /* SenTestingKit.framework */,
			);
			name = Frameworks;
			sourceTree = "<group>";
		};
		5A0A10B516A640A300CC70CD /* The Internet Archive Companion */ = {
			isa = PBXGroup;
			children = (
				5ADAB7ED16C76E8100DBC072 /* IA Resources */,
				5AD16C62178E305200B7E58C /* Common Views */,
				5A756D81177FA31500E7F922 /* View Controllers */,
				5AB7369D17A5B8E800967D4D /* Loading View Controller */,
				5A22BFDB17A8C34800220753 /* Pop Up View Controller */,
				CE3019CB16C5728700733B99 /* Utils */,
				5AD2070E16A8F9460027CCA5 /* Data */,
				5A0A10BE16A640A300CC70CD /* AppDelegate.h */,
				5A0A10BF16A640A300CC70CD /* AppDelegate.m */,
				5A0A10C716A640A300CC70CD /* MainStoryboard.storyboard */,
				5A942D4516D5F545001CB01B /* MainStoryboard-iPhone.storyboard */,
				5A0A10B616A640A300CC70CD /* Supporting Files */,
			);
			path = "The Internet Archive Companion";
			sourceTree = "<group>";
		};
		5A0A10B616A640A300CC70CD /* Supporting Files */ = {
			isa = PBXGroup;
			children = (
				5A5A0AF41A422BD00009CBC2 /* Images.xcassets */,
				5A32CBD518060125008C9543 /* Default-Portrait-1024@2x~ipad.png */,
				5A32CBD4180600D8008C9543 /* Default-Portrait-1024~ipad.png */,
				5A867BA618015A0900513BA9 /* Default-Landscape-1024@2x~ipad.png */,
				5A5169EB180159A1004ABA0B /* Default-Landscape-1024~ipad.png */,
				5A2393461801565E00B5793E /* Default~ipad.png */,
				5A2393451801558000B5793E /* Default~iphone.png */,
				5AF2310D16D7575D00262B09 /* Default-568h@2x.png */,
				5A0A10B716A640A300CC70CD /* IA-Info.plist */,
				5A0A10B816A640A300CC70CD /* InfoPlist.strings */,
				5A0A10BB16A640A300CC70CD /* main.m */,
				5A0A10BD16A640A300CC70CD /* IA-Prefix.pch */,
			);
			name = "Supporting Files";
			sourceTree = "<group>";
		};
		5A0A10D916A640A300CC70CD /* The Internet Archive CompanionTests */ = {
			isa = PBXGroup;
			children = (
				5A0A10DF16A640A300CC70CD /* The_Internet_Archive_CompanionTests.h */,
				5A0A10E016A640A300CC70CD /* The_Internet_Archive_CompanionTests.m */,
				5A0A10DA16A640A300CC70CD /* Supporting Files */,
			);
			path = "The Internet Archive CompanionTests";
			sourceTree = "<group>";
		};
		5A0A10DA16A640A300CC70CD /* Supporting Files */ = {
			isa = PBXGroup;
			children = (
				5A0A10DB16A640A300CC70CD /* IATests-Info.plist */,
				5A0A10DC16A640A300CC70CD /* InfoPlist.strings */,
			);
			name = "Supporting Files";
			sourceTree = "<group>";
		};
		5A22BFDB17A8C34800220753 /* Pop Up View Controller */ = {
			isa = PBXGroup;
			children = (
				5A22BFDC17A8C36600220753 /* PopUpViewController.h */,
				5A22BFDD17A8C36600220753 /* PopUpViewController.m */,
			);
			name = "Pop Up View Controller";
			sourceTree = "<group>";
		};
		5A5065261736DDCD00D295E2 /* Multimedia */ = {
			isa = PBXGroup;
			children = (
			);
			name = Multimedia;
			sourceTree = "<group>";
		};
		5A727D741800C8E900EEF8C2 /* Favorites */ = {
			isa = PBXGroup;
			children = (
				5A727D751800C90A00EEF8C2 /* FavoritesTableViewController.h */,
				5A727D761800C90A00EEF8C2 /* FavoritesTableViewController.m */,
				5ADCCC2618012F9300DFAE14 /* FavoritesCell.h */,
				5ADCCC2718012F9300DFAE14 /* FavoritesCell.m */,
			);
			name = Favorites;
			sourceTree = "<group>";
		};
		5A756D81177FA31500E7F922 /* View Controllers */ = {
			isa = PBXGroup;
			children = (
				5A727D741800C8E900EEF8C2 /* Favorites */,
				5A756DA2177FFE0600E7F922 /* Initial View Controller */,
				5A756DAA1780024200E7F922 /* Central View Controller */,
				5A756D88177FA71D00E7F922 /* MainNavView */,
				5A756DAE1780027500E7F922 /* ContentViewController */,
				5AEE765F179F1EEF00CF8C23 /* Search View Controller */,
				5A93EBA017A44E8600D6CB38 /* Book View Controller */,
				CE3FFD1117944F7A00709F5F /* MeidaPlayerController */,
				CEE4AC4D1795C7C800FAE34F /* ArchiveCollectionViewControllerHelper.h */,
				CEE4AC4E1795C7C800FAE34F /* ArchiveCollectionViewControllerHelper.m */,
				CEC57061179AEB9400A7B713 /* MediaImageViewController.h */,
				CEC57062179AEB9400A7B713 /* MediaImageViewController.m */,
			);
			name = "View Controllers";
			sourceTree = "<group>";
		};
		5A756D88177FA71D00E7F922 /* MainNavView */ = {
			isa = PBXGroup;
			children = (
				5A756D82177FA35500E7F922 /* MainNavViewController.h */,
				5A756D83177FA35500E7F922 /* MainNavViewController.m */,
				5A756D85177FA71600E7F922 /* MainNavTableViewCell.h */,
				5A756D86177FA71600E7F922 /* MainNavTableViewCell.m */,
				5A0D9A2E17802F1F006D539C /* MainNavTableViewHeaderViewCell.h */,
				5A0D9A2F17802F1F006D539C /* MainNavTableViewHeaderViewCell.m */,
			);
			name = MainNavView;
			sourceTree = "<group>";
		};
		5A756D89177FAAA800E7F922 /* Cache */ = {
			isa = PBXGroup;
			children = (
				5A756D8A177FAAC900E7F922 /* ArchiveCache.h */,
				5A756D8B177FAAC900E7F922 /* ArchiveCache.m */,
			);
			name = Cache;
			sourceTree = "<group>";
		};
		5A756D8D177FAEBC00E7F922 /* Images */ = {
			isa = PBXGroup;
			children = (
				5A756D8E177FAEDF00E7F922 /* ArchiveImage.h */,
				5A756D8F177FAEDF00E7F922 /* ArchiveImage.m */,
				5A756D9F177FF0C600E7F922 /* ArchiveImageView.h */,
				5A756DA0177FF0C600E7F922 /* ArchiveImageView.m */,
			);
			name = Images;
			sourceTree = "<group>";
		};
		5A756D91177FAF7500E7F922 /* File */ = {
			isa = PBXGroup;
			children = (
				5A756D92177FAF9700E7F922 /* ArchiveFileDownload.h */,
				5A756D93177FAF9700E7F922 /* ArchiveFileDownload.m */,
				5A756D95177FB14400E7F922 /* ArchiveFileDownloader.h */,
				5A756D96177FB14400E7F922 /* ArchiveFileDownloader.m */,
			);
			name = File;
			sourceTree = "<group>";
		};
		5A756D98177FBF3100E7F922 /* Services */ = {
			isa = PBXGroup;
			children = (
				5A756D99177FBF7B00E7F922 /* IADataService.h */,
				5A756D9A177FBF7B00E7F922 /* IADataService.m */,
				5A756D9C177FC57E00E7F922 /* IAJsonDataService.h */,
				5A756D9D177FC57F00E7F922 /* IAJsonDataService.m */,
			);
			name = Services;
			sourceTree = "<group>";
		};
		5A756DA2177FFE0600E7F922 /* Initial View Controller */ = {
			isa = PBXGroup;
			children = (
				5A756DA3177FFE2800E7F922 /* InitialViewController.h */,
				5A756DA4177FFE2800E7F922 /* InitialViewController.m */,
			);
			name = "Initial View Controller";
			sourceTree = "<group>";
		};
		5A756DAA1780024200E7F922 /* Central View Controller */ = {
			isa = PBXGroup;
			children = (
				5A756DAB1780025C00E7F922 /* CentralViewController.h */,
				5A756DAC1780025C00E7F922 /* CentralViewController.m */,
			);
			name = "Central View Controller";
			sourceTree = "<group>";
		};
		5A756DAE1780027500E7F922 /* ContentViewController */ = {
			isa = PBXGroup;
			children = (
				5A7C05A3178917250044EC5B /* CollectionView Table Cells */,
				5A756DAF178002A000E7F922 /* ContentViewController.h */,
				5A756DB0178002A000E7F922 /* ContentViewController.m */,
				5A23501C1780C44D0050C9A2 /* ItemContentViewController.h */,
				5A23501D1780C44D0050C9A2 /* ItemContentViewController.m */,
				5A23501F1780C47A0050C9A2 /* CollectionContentViewController.h */,
				5A2350201780C47A0050C9A2 /* CollectionContentViewController.m */,
				5A7C05A017890CEA0044EC5B /* CollectionDataHandlerAndHeaderView.h */,
				5A7C05A117890CEA0044EC5B /* CollectionDataHandlerAndHeaderView.m */,
			);
			name = ContentViewController;
			sourceTree = "<group>";
		};
		5A7C05A3178917250044EC5B /* CollectionView Table Cells */ = {
			isa = PBXGroup;
			children = (
				5A7C05A4178917410044EC5B /* CollectionViewTableCell.h */,
				5A7C05A5178917410044EC5B /* CollectionViewTableCell.m */,
			);
			name = "CollectionView Table Cells";
			sourceTree = "<group>";
		};
		5A93EBA017A44E8600D6CB38 /* Book View Controller */ = {
			isa = PBXGroup;
			children = (
				5A93EBAD17A4505400D6CB38 /* ArchivePageViewController.h */,
				5A93EBAE17A4505400D6CB38 /* ArchivePageViewController.m */,
				5A93EBA417A4504800D6CB38 /* Pages */,
			);
			name = "Book View Controller";
			sourceTree = "<group>";
		};
		5A93EBA417A4504800D6CB38 /* Pages */ = {
			isa = PBXGroup;
			children = (
				5A93EBA517A4505400D6CB38 /* ArchiveBookPageViewController.h */,
				5A93EBA617A4505400D6CB38 /* ArchiveBookPageViewController.m */,
				5A93EBA717A4505400D6CB38 /* ArchiveBookPageImageViewController.h */,
				5A93EBA817A4505400D6CB38 /* ArchiveBookPageImageViewController.m */,
				5A93EBA917A4505400D6CB38 /* ArchiveBookPageImageViewController.xib */,
				5A93EBAA17A4505400D6CB38 /* ArchiveBookPageTextViewController.h */,
				5A93EBAB17A4505400D6CB38 /* ArchiveBookPageTextViewController.m */,
				5A93EBAC17A4505400D6CB38 /* ArchiveBookPageTextViewController.xib */,
				5A93EBAF17A4505400D6CB38 /* ArchivePageTextSizeViewController.h */,
				5A93EBB017A4505400D6CB38 /* ArchivePageTextSizeViewController.m */,
				5A93EBB817A453F500D6CB38 /* AsyncTextView.h */,
				5A93EBB917A453F500D6CB38 /* AsyncTextView.m */,
			);
			name = Pages;
			sourceTree = "<group>";
		};
		5AB7369D17A5B8E800967D4D /* Loading View Controller */ = {
			isa = PBXGroup;
			children = (
				5AB7369E17A5B91700967D4D /* LoadingViewController.h */,
				5AB7369F17A5B91700967D4D /* LoadingViewController.m */,
			);
			name = "Loading View Controller";
			sourceTree = "<group>";
		};
		5AD16C62178E305200B7E58C /* Common Views */ = {
			isa = PBXGroup;
			children = (
				CEEF55D1178F6A2F0085E0CF /* PopUpView.h */,
				CEEF55D2178F6A2F0085E0CF /* PopUpView.m */,
				CE6FFE2D17933EE0002A292B /* MetaDataTable.h */,
				CE6FFE2E17933EE0002A292B /* MetaDataTable.m */,
				CE6FFE30179345D6002A292B /* MetaCell.h */,
				CE6FFE31179345D6002A292B /* MetaCell.m */,
				CE3FFD0B17943D8300709F5F /* MediaFileCell.h */,
				CE3FFD0C17943D8300709F5F /* MediaFileCell.m */,
				CE3FFD0E179440D200709F5F /* MediaFileHeaderCell.h */,
				CE3FFD0F179440D200709F5F /* MediaFileHeaderCell.m */,
			);
			name = "Common Views";
			sourceTree = "<group>";
		};
		5AD2070E16A8F9460027CCA5 /* Data */ = {
			isa = PBXGroup;
			children = (
				5A756D98177FBF3100E7F922 /* Services */,
				5A756D91177FAF7500E7F922 /* File */,
				5A756D8D177FAEBC00E7F922 /* Images */,
				5A756D89177FAAA800E7F922 /* Cache */,
				5A9003141735B507000C6304 /* IA.xcdatamodeld */,
				5A9003171735B6E3000C6304 /* PlayerFile.h */,
				5A9003181735B6E3000C6304 /* PlayerFile.m */,
				5A727D801800CC2B00EEF8C2 /* Favorite.h */,
				5A727D811800CC3800EEF8C2 /* Favorite.m */,
				5A8A195A16B5DDD900F6A2E4 /* ArchiveSearchDoc.h */,
				5A8A195B16B5DDD900F6A2E4 /* ArchiveSearchDoc.m */,
				5A23930516C3855400C3E107 /* ArchiveFile.h */,
				5A23930616C3855400C3E107 /* ArchiveFile.m */,
			);
			name = Data;
			sourceTree = "<group>";
		};
		5ADAB7ED16C76E8100DBC072 /* IA Resources */ = {
			isa = PBXGroup;
			children = (
				5A5065261736DDCD00D295E2 /* Multimedia */,
				5AD456BD1A907E7F0035FBA1 /* Media.xcassets */,
			);
			name = "IA Resources";
			sourceTree = "<group>";
		};
		5AEE765F179F1EEF00CF8C23 /* Search View Controller */ = {
			isa = PBXGroup;
			children = (
				5AEE7660179F1FD200CF8C23 /* SearchViewController.h */,
				5AEE7661179F1FD200CF8C23 /* SearchViewController.m */,
			);
			name = "Search View Controller";
			sourceTree = "<group>";
		};
		CE3019CB16C5728700733B99 /* Utils */ = {
			isa = PBXGroup;
			children = (
				CE3019CC16C5729E00733B99 /* StringUtils.h */,
				CE3019CD16C5729E00733B99 /* StringUtils.m */,
			);
			name = Utils;
			sourceTree = "<group>";
		};
		CE3FFD1117944F7A00709F5F /* MeidaPlayerController */ = {
			isa = PBXGroup;
			children = (
				CE3FFD1217944FAB00709F5F /* MediaPlayerViewController.h */,
				CE3FFD1317944FAB00709F5F /* MediaPlayerViewController.m */,
				CEE4AC6B1795EFDD00FAE34F /* PlayerTableViewCell.h */,
				CEE4AC6C1795EFDD00FAE34F /* PlayerTableViewCell.m */,
				CE94FC311798233500660A44 /* BufferingView.h */,
				CE94FC321798233500660A44 /* BufferingView.m */,
			);
			name = MeidaPlayerController;
			sourceTree = "<group>";
		};
/* End PBXGroup section */

/* Begin PBXNativeTarget section */
		5A0A10AA16A640A300CC70CD /* IA */ = {
			isa = PBXNativeTarget;
			buildConfigurationList = 5A0A10E416A640A300CC70CD /* Build configuration list for PBXNativeTarget "IA" */;
			buildPhases = (
				5A0A10A716A640A300CC70CD /* Sources */,
				5A0A10A816A640A300CC70CD /* Frameworks */,
				5A0A10A916A640A300CC70CD /* Resources */,
			);
			buildRules = (
			);
			dependencies = (
			);
			name = IA;
			productName = "The Internet Archive Companion";
			productReference = 5A0A10AB16A640A300CC70CD /* IA.app */;
			productType = "com.apple.product-type.application";
		};
/* End PBXNativeTarget section */

/* Begin PBXProject section */
		5A0A10A216A640A300CC70CD /* Project object */ = {
			isa = PBXProject;
			attributes = {
				LastTestingUpgradeCheck = 0620;
				LastUpgradeCheck = 0450;
				ORGANIZATIONNAME = "Hunter Lee Brown";
				TargetAttributes = {
					5A0A10AA16A640A300CC70CD = {
						DevelopmentTeam = YB9HQM8F84;
					};
				};
			};
			buildConfigurationList = 5A0A10A516A640A300CC70CD /* Build configuration list for PBXProject "IA" */;
			compatibilityVersion = "Xcode 3.2";
			developmentRegion = English;
			hasScannedForEncodings = 0;
			knownRegions = (
				en,
			);
			mainGroup = 5A0A10A016A640A300CC70CD;
			productRefGroup = 5A0A10AC16A640A300CC70CD /* Products */;
			projectDirPath = "";
			projectRoot = "";
			targets = (
				5A0A10AA16A640A300CC70CD /* IA */,
			);
		};
/* End PBXProject section */

/* Begin PBXResourcesBuildPhase section */
		5A0A10A916A640A300CC70CD /* Resources */ = {
			isa = PBXResourcesBuildPhase;
			buildActionMask = 2147483647;
			files = (
				5A93EBC117A4598600D6CB38 /* ArchiveBookPageImageViewController.xib in Resources */,
				5A93EBC217A4598600D6CB38 /* ArchiveBookPageTextViewController.xib in Resources */,
				5A0A10BA16A640A300CC70CD /* InfoPlist.strings in Resources */,
				5A0A10C916A640A300CC70CD /* MainStoryboard.storyboard in Resources */,
				5A5A0AF51A422BD00009CBC2 /* Images.xcassets in Resources */,
				5A942D4616D5F545001CB01B /* MainStoryboard-iPhone.storyboard in Resources */,
				5AD456BE1A907E7F0035FBA1 /* Media.xcassets in Resources */,
			);
			runOnlyForDeploymentPostprocessing = 0;
		};
/* End PBXResourcesBuildPhase section */

/* Begin PBXSourcesBuildPhase section */
		5A0A10A716A640A300CC70CD /* Sources */ = {
			isa = PBXSourcesBuildPhase;
			buildActionMask = 2147483647;
			files = (
				5A93EBBC17A458F800D6CB38 /* ArchiveBookPageViewController.m in Sources */,
				5A93EBBD17A458F800D6CB38 /* ArchiveBookPageImageViewController.m in Sources */,
				5A93EBBE17A458F800D6CB38 /* ArchiveBookPageTextViewController.m in Sources */,
				5A93EBBF17A458F800D6CB38 /* ArchivePageTextSizeViewController.m in Sources */,
				5A93EBC017A458F800D6CB38 /* AsyncTextView.m in Sources */,
				5A93EBBB17A456F100D6CB38 /* ArchivePageViewController.m in Sources */,
				5A727D821800CC3800EEF8C2 /* Favorite.m in Sources */,
				CEA7553E1795F21B008E9DF2 /* PlayerTableViewCell.m in Sources */,
				5A0A10BC16A640A300CC70CD /* main.m in Sources */,
				5A0A10C016A640A300CC70CD /* AppDelegate.m in Sources */,
				5A8A195C16B5DDDA00F6A2E4 /* ArchiveSearchDoc.m in Sources */,
				5A23930716C3855400C3E107 /* ArchiveFile.m in Sources */,
				CE3019CE16C5729E00733B99 /* StringUtils.m in Sources */,
				5A9003161735B507000C6304 /* IA.xcdatamodeld in Sources */,
				5A9003191735B6E3000C6304 /* PlayerFile.m in Sources */,
				5A756D84177FA35500E7F922 /* MainNavViewController.m in Sources */,
				5A756D87177FA71600E7F922 /* MainNavTableViewCell.m in Sources */,
				5A756D8C177FAAC900E7F922 /* ArchiveCache.m in Sources */,
				5A756D90177FAEDF00E7F922 /* ArchiveImage.m in Sources */,
				5A756D94177FAF9700E7F922 /* ArchiveFileDownload.m in Sources */,
				5A756D97177FB14500E7F922 /* ArchiveFileDownloader.m in Sources */,
				5A756D9B177FBF7B00E7F922 /* IADataService.m in Sources */,
				5A756D9E177FC57F00E7F922 /* IAJsonDataService.m in Sources */,
				5ADCCC2818012F9300DFAE14 /* FavoritesCell.m in Sources */,
				5A756DA1177FF0C600E7F922 /* ArchiveImageView.m in Sources */,
				5A756DA5177FFE2800E7F922 /* InitialViewController.m in Sources */,
				5A756DAD1780025C00E7F922 /* CentralViewController.m in Sources */,
				5A756DB1178002A000E7F922 /* ContentViewController.m in Sources */,
				5A0D9A3017802F1F006D539C /* MainNavTableViewHeaderViewCell.m in Sources */,
				5A23501E1780C44D0050C9A2 /* ItemContentViewController.m in Sources */,
				5A2350211780C47A0050C9A2 /* CollectionContentViewController.m in Sources */,
				5A7C05A217890CEA0044EC5B /* CollectionDataHandlerAndHeaderView.m in Sources */,
				5A7C05A6178917410044EC5B /* CollectionViewTableCell.m in Sources */,
				CEEF55D3178F6A2F0085E0CF /* PopUpView.m in Sources */,
				CE6FFE2F17933EE0002A292B /* MetaDataTable.m in Sources */,
				CE6FFE32179345D6002A292B /* MetaCell.m in Sources */,
				CE3FFD0D17943D8300709F5F /* MediaFileCell.m in Sources */,
				CE3FFD10179440D200709F5F /* MediaFileHeaderCell.m in Sources */,
				CE3FFD1417944FAB00709F5F /* MediaPlayerViewController.m in Sources */,
				CEE4AC4F1795C7C800FAE34F /* ArchiveCollectionViewControllerHelper.m in Sources */,
				CE94FC331798233500660A44 /* BufferingView.m in Sources */,
				CEC57063179AEB9400A7B713 /* MediaImageViewController.m in Sources */,
				5AEE7662179F1FD200CF8C23 /* SearchViewController.m in Sources */,
				5AB736A017A5B91700967D4D /* LoadingViewController.m in Sources */,
				5A22BFDE17A8C36600220753 /* PopUpViewController.m in Sources */,
				5A727D771800C90A00EEF8C2 /* FavoritesTableViewController.m in Sources */,
			);
			runOnlyForDeploymentPostprocessing = 0;
		};
/* End PBXSourcesBuildPhase section */

/* Begin PBXVariantGroup section */
		5A0A10B816A640A300CC70CD /* InfoPlist.strings */ = {
			isa = PBXVariantGroup;
			children = (
				5A0A10B916A640A300CC70CD /* en */,
			);
			name = InfoPlist.strings;
			sourceTree = "<group>";
		};
		5A0A10C716A640A300CC70CD /* MainStoryboard.storyboard */ = {
			isa = PBXVariantGroup;
			children = (
				5A0A10C816A640A300CC70CD /* en */,
			);
			name = MainStoryboard.storyboard;
			sourceTree = "<group>";
		};
		5A0A10DC16A640A300CC70CD /* InfoPlist.strings */ = {
			isa = PBXVariantGroup;
			children = (
				5A0A10DD16A640A300CC70CD /* en */,
			);
			name = InfoPlist.strings;
			sourceTree = "<group>";
		};
/* End PBXVariantGroup section */

/* Begin XCBuildConfiguration section */
		5A0A10E216A640A300CC70CD /* Debug */ = {
			isa = XCBuildConfiguration;
			buildSettings = {
				ALWAYS_SEARCH_USER_PATHS = NO;
				CLANG_CXX_LANGUAGE_STANDARD = "gnu++0x";
				CLANG_CXX_LIBRARY = "libc++";
				CLANG_ENABLE_OBJC_ARC = YES;
				CLANG_WARN_EMPTY_BODY = YES;
				CLANG_WARN__DUPLICATE_METHOD_MATCH = YES;
				CODE_SIGN_IDENTITY = "iPhone Developer";
				"CODE_SIGN_IDENTITY[sdk=iphoneos*]" = "iPhone Developer";
				COPY_PHASE_STRIP = NO;
				GCC_C_LANGUAGE_STANDARD = gnu99;
				GCC_DYNAMIC_NO_PIC = NO;
				GCC_OPTIMIZATION_LEVEL = 0;
				GCC_PREPROCESSOR_DEFINITIONS = (
					"DEBUG=1",
					"$(inherited)",
				);
				GCC_SYMBOLS_PRIVATE_EXTERN = NO;
				GCC_WARN_ABOUT_RETURN_TYPE = YES;
				GCC_WARN_UNINITIALIZED_AUTOS = YES;
				GCC_WARN_UNUSED_VARIABLE = YES;
				IPHONEOS_DEPLOYMENT_TARGET = 7.0;
				ONLY_ACTIVE_ARCH = YES;
				PROVISIONING_PROFILE = "";
				SDKROOT = iphoneos;
				TARGETED_DEVICE_FAMILY = "1,2";
			};
			name = Debug;
		};
		5A0A10E316A640A300CC70CD /* Release */ = {
			isa = XCBuildConfiguration;
			buildSettings = {
				ALWAYS_SEARCH_USER_PATHS = NO;
				CLANG_CXX_LANGUAGE_STANDARD = "gnu++0x";
				CLANG_CXX_LIBRARY = "libc++";
				CLANG_ENABLE_OBJC_ARC = YES;
				CLANG_WARN_EMPTY_BODY = YES;
				CLANG_WARN__DUPLICATE_METHOD_MATCH = YES;
				CODE_SIGN_IDENTITY = "iPhone Developer";
				"CODE_SIGN_IDENTITY[sdk=iphoneos*]" = "iPhone Developer";
				COPY_PHASE_STRIP = YES;
				GCC_C_LANGUAGE_STANDARD = gnu99;
				GCC_WARN_ABOUT_RETURN_TYPE = YES;
				GCC_WARN_UNINITIALIZED_AUTOS = YES;
				GCC_WARN_UNUSED_VARIABLE = YES;
				IPHONEOS_DEPLOYMENT_TARGET = 7.0;
				OTHER_CFLAGS = "-DNS_BLOCK_ASSERTIONS=1";
				PROVISIONING_PROFILE = "";
				SDKROOT = iphoneos;
				TARGETED_DEVICE_FAMILY = "1,2";
				VALIDATE_PRODUCT = YES;
			};
			name = Release;
		};
		5A0A10E516A640A300CC70CD /* Debug */ = {
			isa = XCBuildConfiguration;
			buildSettings = {
				ASSETCATALOG_COMPILER_APPICON_NAME = AppIcon;
				ASSETCATALOG_COMPILER_LAUNCHIMAGE_NAME = LaunchImage;
				CODE_SIGN_IDENTITY = "iPhone Developer";
				"CODE_SIGN_IDENTITY[sdk=iphoneos*]" = "iPhone Developer";
				GCC_PRECOMPILE_PREFIX_HEADER = YES;
				GCC_PREFIX_HEADER = "The Internet Archive Companion/IA-Prefix.pch";
				INFOPLIST_FILE = "The Internet Archive Companion/IA-Info.plist";
				IPHONEOS_DEPLOYMENT_TARGET = 7.0;
				PRODUCT_NAME = IA;
				PROVISIONING_PROFILE = "";
				TARGETED_DEVICE_FAMILY = "1,2";
				WRAPPER_EXTENSION = app;
			};
			name = Debug;
		};
		5A0A10E616A640A300CC70CD /* Release */ = {
			isa = XCBuildConfiguration;
			buildSettings = {
				ASSETCATALOG_COMPILER_APPICON_NAME = AppIcon;
				ASSETCATALOG_COMPILER_LAUNCHIMAGE_NAME = LaunchImage;
				CODE_SIGN_IDENTITY = "iPhone Developer";
				"CODE_SIGN_IDENTITY[sdk=iphoneos*]" = "iPhone Developer";
				GCC_PRECOMPILE_PREFIX_HEADER = YES;
				GCC_PREFIX_HEADER = "The Internet Archive Companion/IA-Prefix.pch";
				INFOPLIST_FILE = "The Internet Archive Companion/IA-Info.plist";
				IPHONEOS_DEPLOYMENT_TARGET = 7.0;
				PRODUCT_NAME = IA;
				PROVISIONING_PROFILE = "";
				TARGETED_DEVICE_FAMILY = "1,2";
				WRAPPER_EXTENSION = app;
			};
			name = Release;
		};
/* End XCBuildConfiguration section */

/* Begin XCConfigurationList section */
		5A0A10A516A640A300CC70CD /* Build configuration list for PBXProject "IA" */ = {
			isa = XCConfigurationList;
			buildConfigurations = (
				5A0A10E216A640A300CC70CD /* Debug */,
				5A0A10E316A640A300CC70CD /* Release */,
			);
			defaultConfigurationIsVisible = 0;
			defaultConfigurationName = Release;
		};
		5A0A10E416A640A300CC70CD /* Build configuration list for PBXNativeTarget "IA" */ = {
			isa = XCConfigurationList;
			buildConfigurations = (
				5A0A10E516A640A300CC70CD /* Debug */,
				5A0A10E616A640A300CC70CD /* Release */,
			);
			defaultConfigurationIsVisible = 0;
			defaultConfigurationName = Release;
		};
/* End XCConfigurationList section */

/* Begin XCVersionGroup section */
		5A9003141735B507000C6304 /* IA.xcdatamodeld */ = {
			isa = XCVersionGroup;
			children = (
				5A9003151735B507000C6304 /* IA.xcdatamodel */,
				5AD456BC1A904BE80035FBA1 /* IA length.xcdatamodel */,
			);
			currentVersion = 5A9003151735B507000C6304 /* IA.xcdatamodel */;
			path = IA.xcdatamodeld;
			sourceTree = "<group>";
			versionGroupType = wrapper.xcdatamodel;
		};
/* End XCVersionGroup section */
	};
	rootObject = 5A0A10A216A640A300CC70CD /* Project object */;
}
